// !$*UTF8*$!
{
	archiveVersion = 1;
	classes = {
	};
	objectVersion = 46;
	objects = {

/* Begin PBXBuildFile section */
		78045D6D1AF1D52400B5A169 /* LevelDialogView.m in Sources */ = {isa = PBXBuildFile; fileRef = 78045D6C1AF1D52400B5A169 /* LevelDialogView.m */; };
		78045D711AF20F4000B5A169 /* CollectionViewCellLevel.m in Sources */ = {isa = PBXBuildFile; fileRef = 78045D6F1AF20F4000B5A169 /* CollectionViewCellLevel.m */; };
		78045D721AF20F4000B5A169 /* CollectionViewCellLevel.xib in Resources */ = {isa = PBXBuildFile; fileRef = 78045D701AF20F4000B5A169 /* CollectionViewCellLevel.xib */; };
		780E17541AEE4CEF007A4A88 /* 1.png in Resources */ = {isa = PBXBuildFile; fileRef = 780E17481AEE4CEF007A4A88 /* 1.png */; };
		780E17551AEE4CEF007A4A88 /* 2.png in Resources */ = {isa = PBXBuildFile; fileRef = 780E17491AEE4CEF007A4A88 /* 2.png */; };
		780E17561AEE4CEF007A4A88 /* 3.png in Resources */ = {isa = PBXBuildFile; fileRef = 780E174A1AEE4CEF007A4A88 /* 3.png */; };
		780E17571AEE4CEF007A4A88 /* 4.png in Resources */ = {isa = PBXBuildFile; fileRef = 780E174B1AEE4CEF007A4A88 /* 4.png */; };
		780E17581AEE4CEF007A4A88 /* 5.png in Resources */ = {isa = PBXBuildFile; fileRef = 780E174C1AEE4CEF007A4A88 /* 5.png */; };
		780E17591AEE4CEF007A4A88 /* 6.png in Resources */ = {isa = PBXBuildFile; fileRef = 780E174D1AEE4CEF007A4A88 /* 6.png */; };
		780E175A1AEE4CEF007A4A88 /* 7.png in Resources */ = {isa = PBXBuildFile; fileRef = 780E174E1AEE4CEF007A4A88 /* 7.png */; };
		780E175B1AEE4CEF007A4A88 /* 8.png in Resources */ = {isa = PBXBuildFile; fileRef = 780E174F1AEE4CEF007A4A88 /* 8.png */; };
		780E175C1AEE4CEF007A4A88 /* 9.png in Resources */ = {isa = PBXBuildFile; fileRef = 780E17501AEE4CEF007A4A88 /* 9.png */; };
		780E175D1AEE4CEF007A4A88 /* 10.png in Resources */ = {isa = PBXBuildFile; fileRef = 780E17511AEE4CEF007A4A88 /* 10.png */; };
		780E175E1AEE4CEF007A4A88 /* 11.png in Resources */ = {isa = PBXBuildFile; fileRef = 780E17521AEE4CEF007A4A88 /* 11.png */; };
		780E175F1AEE4CEF007A4A88 /* 12.png in Resources */ = {isa = PBXBuildFile; fileRef = 780E17531AEE4CEF007A4A88 /* 12.png */; };
		780E17621AEE7D52007A4A88 /* SystemInfo.m in Sources */ = {isa = PBXBuildFile; fileRef = 780E17611AEE7D52007A4A88 /* SystemInfo.m */; };
		780E17651AEE7DDB007A4A88 /* UIKit.framework in Frameworks */ = {isa = PBXBuildFile; fileRef = 780E17641AEE7DDB007A4A88 /* UIKit.framework */; };
		780E17681AEE95CA007A4A88 /* BallView.m in Sources */ = {isa = PBXBuildFile; fileRef = 780E17671AEE95CA007A4A88 /* BallView.m */; };
		780E176C1AEF07E0007A4A88 /* Default-568h@2x.png in Resources */ = {isa = PBXBuildFile; fileRef = 780E17691AEF07E0007A4A88 /* Default-568h@2x.png */; };
		780E176D1AEF07E0007A4A88 /* Default.png in Resources */ = {isa = PBXBuildFile; fileRef = 780E176A1AEF07E0007A4A88 /* Default.png */; };
		780E176E1AEF07E0007A4A88 /* Default@2x.png in Resources */ = {isa = PBXBuildFile; fileRef = 780E176B1AEF07E0007A4A88 /* Default@2x.png */; };
		781FA81B1AED17C50048B337 /* SpriteUIView.m in Sources */ = {isa = PBXBuildFile; fileRef = 781FA81A1AED17C50048B337 /* SpriteUIView.m */; };
		781FA81F1AED2FB60048B337 /* ProGressView.m in Sources */ = {isa = PBXBuildFile; fileRef = 781FA81E1AED2FB60048B337 /* ProGressView.m */; };
		782B1F7F1AE35B450051D053 /* main.m in Sources */ = {isa = PBXBuildFile; fileRef = 782B1F7E1AE35B450051D053 /* main.m */; };
		782B1F821AE35B450051D053 /* AppDelegate.m in Sources */ = {isa = PBXBuildFile; fileRef = 782B1F811AE35B450051D053 /* AppDelegate.m */; };
		782B1F851AE35B450051D053 /* ViewController.m in Sources */ = {isa = PBXBuildFile; fileRef = 782B1F841AE35B450051D053 /* ViewController.m */; };
		782B1F881AE35B450051D053 /* Main.storyboard in Resources */ = {isa = PBXBuildFile; fileRef = 782B1F861AE35B450051D053 /* Main.storyboard */; };
		782B1F8A1AE35B450051D053 /* Images.xcassets in Resources */ = {isa = PBXBuildFile; fileRef = 782B1F891AE35B450051D053 /* Images.xcassets */; };
		782B1F8D1AE35B450051D053 /* LaunchScreen.xib in Resources */ = {isa = PBXBuildFile; fileRef = 782B1F8B1AE35B450051D053 /* LaunchScreen.xib */; };
		782B1F991AE35B450051D053 /* CoreAnimationLearningTests.m in Sources */ = {isa = PBXBuildFile; fileRef = 782B1F981AE35B450051D053 /* CoreAnimationLearningTests.m */; };
		7836C7D71AF3BDA700E4AFAB /* 81.png in Resources */ = {isa = PBXBuildFile; fileRef = 7836C7D61AF3BDA700E4AFAB /* 81.png */; };
		7836C7DB1AF3CC7C00E4AFAB /* 91.png in Resources */ = {isa = PBXBuildFile; fileRef = 7836C7DA1AF3CC7C00E4AFAB /* 91.png */; };
		7836C7DD1AF3CE8D00E4AFAB /* Accelerate.framework in Frameworks */ = {isa = PBXBuildFile; fileRef = 7836C7DC1AF3CE8D00E4AFAB /* Accelerate.framework */; };
		7844B7091AEA9A05006DE282 /* CollectionViewControllerPlay.m in Sources */ = {isa = PBXBuildFile; fileRef = 7844B7081AEA9A05006DE282 /* CollectionViewControllerPlay.m */; };
		7844B7111AEB243D006DE282 /* background.png in Resources */ = {isa = PBXBuildFile; fileRef = 7844B70F1AEB243D006DE282 /* background.png */; };
		7844B7121AEB243D006DE282 /* backgroundwhite.png in Resources */ = {isa = PBXBuildFile; fileRef = 7844B7101AEB243D006DE282 /* backgroundwhite.png */; };
		7844B7161AEB288F006DE282 /* correct.mp3 in Resources */ = {isa = PBXBuildFile; fileRef = 7844B7141AEB288F006DE282 /* correct.mp3 */; };
		7844B71A1AEB29B0006DE282 /* AVFoundation.framework in Frameworks */ = {isa = PBXBuildFile; fileRef = 7844B7191AEB29B0006DE282 /* AVFoundation.framework */; };
		7844B71C1AEB2BDB006DE282 /* error.mp3 in Resources */ = {isa = PBXBuildFile; fileRef = 7844B71B1AEB2BDB006DE282 /* error.mp3 */; };
		7844B71F1AEB3119006DE282 /* GameAlgorithm.m in Sources */ = {isa = PBXBuildFile; fileRef = 7844B71E1AEB3119006DE282 /* GameAlgorithm.m */; };
		78CC36201AF4720B00033213 /* circlebutton_1.png in Resources */ = {isa = PBXBuildFile; fileRef = 78CC361A1AF4720B00033213 /* circlebutton_1.png */; };
		78CC36211AF4720B00033213 /* circlebutton_2.png in Resources */ = {isa = PBXBuildFile; fileRef = 78CC361B1AF4720B00033213 /* circlebutton_2.png */; };
		78CC36221AF4720B00033213 /* circlebutton_3.png in Resources */ = {isa = PBXBuildFile; fileRef = 78CC361C1AF4720B00033213 /* circlebutton_3.png */; };
		78CC36231AF4720B00033213 /* circlebutton_4.png in Resources */ = {isa = PBXBuildFile; fileRef = 78CC361D1AF4720B00033213 /* circlebutton_4.png */; };
		78CC36241AF4720B00033213 /* circlebutton_5.png in Resources */ = {isa = PBXBuildFile; fileRef = 78CC361E1AF4720B00033213 /* circlebutton_5.png */; };
		78CC36251AF4720B00033213 /* circlebutton_6.png in Resources */ = {isa = PBXBuildFile; fileRef = 78CC361F1AF4720B00033213 /* circlebutton_6.png */; };
		78CC36271AF4732E00033213 /* circlebutton_7.png in Resources */ = {isa = PBXBuildFile; fileRef = 78CC36261AF4732E00033213 /* circlebutton_7.png */; };
		78CC36291AF4811F00033213 /* play.png in Resources */ = {isa = PBXBuildFile; fileRef = 78CC36281AF4811F00033213 /* play.png */; };
/* End PBXBuildFile section */

/* Begin PBXContainerItemProxy section */
		782B1F931AE35B450051D053 /* PBXContainerItemProxy */ = {
			isa = PBXContainerItemProxy;
			containerPortal = 782B1F711AE35B450051D053 /* Project object */;
			proxyType = 1;
			remoteGlobalIDString = 782B1F781AE35B450051D053;
			remoteInfo = CoreAnimationLearning;
		};
/* End PBXContainerItemProxy section */

/* Begin PBXFileReference section */
		78045D6B1AF1D52400B5A169 /* LevelDialogView.h */ = {isa = PBXFileReference; fileEncoding = 4; lastKnownFileType = sourcecode.c.h; path = LevelDialogView.h; sourceTree = "<group>"; };
		78045D6C1AF1D52400B5A169 /* LevelDialogView.m */ = {isa = PBXFileReference; fileEncoding = 4; lastKnownFileType = sourcecode.c.objc; path = LevelDialogView.m; sourceTree = "<group>"; };
		78045D6E1AF20F4000B5A169 /* CollectionViewCellLevel.h */ = {isa = PBXFileReference; fileEncoding = 4; lastKnownFileType = sourcecode.c.h; path = CollectionViewCellLevel.h; sourceTree = "<group>"; };
		78045D6F1AF20F4000B5A169 /* CollectionViewCellLevel.m */ = {isa = PBXFileReference; fileEncoding = 4; lastKnownFileType = sourcecode.c.objc; path = CollectionViewCellLevel.m; sourceTree = "<group>"; };
		78045D701AF20F4000B5A169 /* CollectionViewCellLevel.xib */ = {isa = PBXFileReference; fileEncoding = 4; lastKnownFileType = file.xib; path = CollectionViewCellLevel.xib; sourceTree = "<group>"; };
		780E17481AEE4CEF007A4A88 /* 1.png */ = {isa = PBXFileReference; lastKnownFileType = image.png; path = 1.png; sourceTree = "<group>"; };
		780E17491AEE4CEF007A4A88 /* 2.png */ = {isa = PBXFileReference; lastKnownFileType = image.png; path = 2.png; sourceTree = "<group>"; };
		780E174A1AEE4CEF007A4A88 /* 3.png */ = {isa = PBXFileReference; lastKnownFileType = image.png; path = 3.png; sourceTree = "<group>"; };
		780E174B1AEE4CEF007A4A88 /* 4.png */ = {isa = PBXFileReference; lastKnownFileType = image.png; path = 4.png; sourceTree = "<group>"; };
		780E174C1AEE4CEF007A4A88 /* 5.png */ = {isa = PBXFileReference; lastKnownFileType = image.png; path = 5.png; sourceTree = "<group>"; };
		780E174D1AEE4CEF007A4A88 /* 6.png */ = {isa = PBXFileReference; lastKnownFileType = image.png; path = 6.png; sourceTree = "<group>"; };
		780E174E1AEE4CEF007A4A88 /* 7.png */ = {isa = PBXFileReference; lastKnownFileType = image.png; path = 7.png; sourceTree = "<group>"; };
		780E174F1AEE4CEF007A4A88 /* 8.png */ = {isa = PBXFileReference; lastKnownFileType = image.png; path = 8.png; sourceTree = "<group>"; };
		780E17501AEE4CEF007A4A88 /* 9.png */ = {isa = PBXFileReference; lastKnownFileType = image.png; path = 9.png; sourceTree = "<group>"; };
		780E17511AEE4CEF007A4A88 /* 10.png */ = {isa = PBXFileReference; lastKnownFileType = image.png; path = 10.png; sourceTree = "<group>"; };
		780E17521AEE4CEF007A4A88 /* 11.png */ = {isa = PBXFileReference; lastKnownFileType = image.png; path = 11.png; sourceTree = "<group>"; };
		780E17531AEE4CEF007A4A88 /* 12.png */ = {isa = PBXFileReference; lastKnownFileType = image.png; path = 12.png; sourceTree = "<group>"; };
		780E17601AEE7D52007A4A88 /* SystemInfo.h */ = {isa = PBXFileReference; fileEncoding = 4; lastKnownFileType = sourcecode.c.h; path = SystemInfo.h; sourceTree = "<group>"; };
		780E17611AEE7D52007A4A88 /* SystemInfo.m */ = {isa = PBXFileReference; fileEncoding = 4; lastKnownFileType = sourcecode.c.objc; path = SystemInfo.m; sourceTree = "<group>"; };
		780E17641AEE7DDB007A4A88 /* UIKit.framework */ = {isa = PBXFileReference; lastKnownFileType = wrapper.framework; name = UIKit.framework; path = System/Library/Frameworks/UIKit.framework; sourceTree = SDKROOT; };
		780E17661AEE95CA007A4A88 /* BallView.h */ = {isa = PBXFileReference; fileEncoding = 4; lastKnownFileType = sourcecode.c.h; path = BallView.h; sourceTree = "<group>"; };
		780E17671AEE95CA007A4A88 /* BallView.m */ = {isa = PBXFileReference; fileEncoding = 4; lastKnownFileType = sourcecode.c.objc; path = BallView.m; sourceTree = "<group>"; };
		780E17691AEF07E0007A4A88 /* Default-568h@2x.png */ = {isa = PBXFileReference; lastKnownFileType = image.png; path = "Default-568h@2x.png"; sourceTree = "<group>"; };
		780E176A1AEF07E0007A4A88 /* Default.png */ = {isa = PBXFileReference; lastKnownFileType = image.png; path = Default.png; sourceTree = "<group>"; };
		780E176B1AEF07E0007A4A88 /* Default@2x.png */ = {isa = PBXFileReference; lastKnownFileType = image.png; path = "Default@2x.png"; sourceTree = "<group>"; };
		781FA8191AED17C50048B337 /* SpriteUIView.h */ = {isa = PBXFileReference; fileEncoding = 4; lastKnownFileType = sourcecode.c.h; path = SpriteUIView.h; sourceTree = "<group>"; };
		781FA81A1AED17C50048B337 /* SpriteUIView.m */ = {isa = PBXFileReference; fileEncoding = 4; lastKnownFileType = sourcecode.c.objc; path = SpriteUIView.m; sourceTree = "<group>"; };
		781FA81D1AED2FB60048B337 /* ProGressView.h */ = {isa = PBXFileReference; fileEncoding = 4; lastKnownFileType = sourcecode.c.h; path = ProGressView.h; sourceTree = "<group>"; };
		781FA81E1AED2FB60048B337 /* ProGressView.m */ = {isa = PBXFileReference; fileEncoding = 4; lastKnownFileType = sourcecode.c.objc; path = ProGressView.m; sourceTree = "<group>"; };
		782B1F791AE35B450051D053 /* CoreAnimationLearning.app */ = {isa = PBXFileReference; explicitFileType = wrapper.application; includeInIndex = 0; path = CoreAnimationLearning.app; sourceTree = BUILT_PRODUCTS_DIR; };
		782B1F7D1AE35B450051D053 /* Info.plist */ = {isa = PBXFileReference; lastKnownFileType = text.plist.xml; path = Info.plist; sourceTree = "<group>"; };
		782B1F7E1AE35B450051D053 /* main.m */ = {isa = PBXFileReference; lastKnownFileType = sourcecode.c.objc; path = main.m; sourceTree = "<group>"; };
		782B1F801AE35B450051D053 /* AppDelegate.h */ = {isa = PBXFileReference; lastKnownFileType = sourcecode.c.h; path = AppDelegate.h; sourceTree = "<group>"; };
		782B1F811AE35B450051D053 /* AppDelegate.m */ = {isa = PBXFileReference; lastKnownFileType = sourcecode.c.objc; path = AppDelegate.m; sourceTree = "<group>"; };
		782B1F831AE35B450051D053 /* ViewController.h */ = {isa = PBXFileReference; lastKnownFileType = sourcecode.c.h; path = ViewController.h; sourceTree = "<group>"; };
		782B1F841AE35B450051D053 /* ViewController.m */ = {isa = PBXFileReference; lastKnownFileType = sourcecode.c.objc; path = ViewController.m; sourceTree = "<group>"; };
		782B1F871AE35B450051D053 /* Base */ = {isa = PBXFileReference; lastKnownFileType = file.storyboard; name = Base; path = Base.lproj/Main.storyboard; sourceTree = "<group>"; };
		782B1F891AE35B450051D053 /* Images.xcassets */ = {isa = PBXFileReference; lastKnownFileType = folder.assetcatalog; path = Images.xcassets; sourceTree = "<group>"; };
		782B1F8C1AE35B450051D053 /* Base */ = {isa = PBXFileReference; lastKnownFileType = file.xib; name = Base; path = Base.lproj/LaunchScreen.xib; sourceTree = "<group>"; };
		782B1F921AE35B450051D053 /* CoreAnimationLearningTests.xctest */ = {isa = PBXFileReference; explicitFileType = wrapper.cfbundle; includeInIndex = 0; path = CoreAnimationLearningTests.xctest; sourceTree = BUILT_PRODUCTS_DIR; };
		782B1F971AE35B450051D053 /* Info.plist */ = {isa = PBXFileReference; lastKnownFileType = text.plist.xml; path = Info.plist; sourceTree = "<group>"; };
		782B1F981AE35B450051D053 /* CoreAnimationLearningTests.m */ = {isa = PBXFileReference; lastKnownFileType = sourcecode.c.objc; path = CoreAnimationLearningTests.m; sourceTree = "<group>"; };
		7836C7D61AF3BDA700E4AFAB /* 81.png */ = {isa = PBXFileReference; lastKnownFileType = image.png; path = 81.png; sourceTree = "<group>"; };
		7836C7DA1AF3CC7C00E4AFAB /* 91.png */ = {isa = PBXFileReference; lastKnownFileType = image.png; path = 91.png; sourceTree = "<group>"; };
		7836C7DC1AF3CE8D00E4AFAB /* Accelerate.framework */ = {isa = PBXFileReference; lastKnownFileType = wrapper.framework; name = Accelerate.framework; path = System/Library/Frameworks/Accelerate.framework; sourceTree = SDKROOT; };
		7844B7071AEA9A05006DE282 /* CollectionViewControllerPlay.h */ = {isa = PBXFileReference; fileEncoding = 4; lastKnownFileType = sourcecode.c.h; path = CollectionViewControllerPlay.h; sourceTree = "<group>"; };
		7844B7081AEA9A05006DE282 /* CollectionViewControllerPlay.m */ = {isa = PBXFileReference; fileEncoding = 4; lastKnownFileType = sourcecode.c.objc; path = CollectionViewControllerPlay.m; sourceTree = "<group>"; };
		7844B70F1AEB243D006DE282 /* background.png */ = {isa = PBXFileReference; lastKnownFileType = image.png; path = background.png; sourceTree = "<group>"; };
		7844B7101AEB243D006DE282 /* backgroundwhite.png */ = {isa = PBXFileReference; lastKnownFileType = image.png; path = backgroundwhite.png; sourceTree = "<group>"; };
		7844B7141AEB288F006DE282 /* correct.mp3 */ = {isa = PBXFileReference; lastKnownFileType = audio.mp3; path = correct.mp3; sourceTree = "<group>"; };
		7844B7171AEB28F5006DE282 /* CoreMedia.framework */ = {isa = PBXFileReference; lastKnownFileType = wrapper.framework; name = CoreMedia.framework; path = System/Library/Frameworks/CoreMedia.framework; sourceTree = SDKROOT; };
		7844B7191AEB29B0006DE282 /* AVFoundation.framework */ = {isa = PBXFileReference; lastKnownFileType = wrapper.framework; name = AVFoundation.framework; path = System/Library/Frameworks/AVFoundation.framework; sourceTree = SDKROOT; };
		7844B71B1AEB2BDB006DE282 /* error.mp3 */ = {isa = PBXFileReference; lastKnownFileType = audio.mp3; path = error.mp3; sourceTree = "<group>"; };
		7844B71D1AEB3119006DE282 /* GameAlgorithm.h */ = {isa = PBXFileReference; fileEncoding = 4; lastKnownFileType = sourcecode.c.h; path = GameAlgorithm.h; sourceTree = "<group>"; };
		7844B71E1AEB3119006DE282 /* GameAlgorithm.m */ = {isa = PBXFileReference; fileEncoding = 4; lastKnownFileType = sourcecode.c.objc; path = GameAlgorithm.m; sourceTree = "<group>"; };
		78CC361A1AF4720B00033213 /* circlebutton_1.png */ = {isa = PBXFileReference; lastKnownFileType = image.png; path = circlebutton_1.png; sourceTree = "<group>"; };
		78CC361B1AF4720B00033213 /* circlebutton_2.png */ = {isa = PBXFileReference; lastKnownFileType = image.png; path = circlebutton_2.png; sourceTree = "<group>"; };
		78CC361C1AF4720B00033213 /* circlebutton_3.png */ = {isa = PBXFileReference; lastKnownFileType = image.png; path = circlebutton_3.png; sourceTree = "<group>"; };
		78CC361D1AF4720B00033213 /* circlebutton_4.png */ = {isa = PBXFileReference; lastKnownFileType = image.png; path = circlebutton_4.png; sourceTree = "<group>"; };
		78CC361E1AF4720B00033213 /* circlebutton_5.png */ = {isa = PBXFileReference; lastKnownFileType = image.png; path = circlebutton_5.png; sourceTree = "<group>"; };
		78CC361F1AF4720B00033213 /* circlebutton_6.png */ = {isa = PBXFileReference; lastKnownFileType = image.png; path = circlebutton_6.png; sourceTree = "<group>"; };
		78CC36261AF4732E00033213 /* circlebutton_7.png */ = {isa = PBXFileReference; lastKnownFileType = image.png; path = circlebutton_7.png; sourceTree = "<group>"; };
		78CC36281AF4811F00033213 /* play.png */ = {isa = PBXFileReference; lastKnownFileType = image.png; path = play.png; sourceTree = "<group>"; };
/* End PBXFileReference section */

/* Begin PBXFrameworksBuildPhase section */
		782B1F761AE35B450051D053 /* Frameworks */ = {
			isa = PBXFrameworksBuildPhase;
			buildActionMask = 2147483647;
			files = (
				7836C7DD1AF3CE8D00E4AFAB /* Accelerate.framework in Frameworks */,
				780E17651AEE7DDB007A4A88 /* UIKit.framework in Frameworks */,
				7844B71A1AEB29B0006DE282 /* AVFoundation.framework in Frameworks */,
			);
			runOnlyForDeploymentPostprocessing = 0;
		};
		782B1F8F1AE35B450051D053 /* Frameworks */ = {
			isa = PBXFrameworksBuildPhase;
			buildActionMask = 2147483647;
			files = (
			);
			runOnlyForDeploymentPostprocessing = 0;
		};
/* End PBXFrameworksBuildPhase section */

/* Begin PBXGroup section */
		78045D731AF212B700B5A169 /* View */ = {
			isa = PBXGroup;
			children = (
				78045D6B1AF1D52400B5A169 /* LevelDialogView.h */,
				78045D6C1AF1D52400B5A169 /* LevelDialogView.m */,
				780E17661AEE95CA007A4A88 /* BallView.h */,
				780E17671AEE95CA007A4A88 /* BallView.m */,
				78045D6E1AF20F4000B5A169 /* CollectionViewCellLevel.h */,
				78045D6F1AF20F4000B5A169 /* CollectionViewCellLevel.m */,
				78045D701AF20F4000B5A169 /* CollectionViewCellLevel.xib */,
			);
			name = View;
			sourceTree = "<group>";
		};
		780E17631AEE7D64007A4A88 /* systemInfoAndStorage */ = {
			isa = PBXGroup;
			children = (
				780E17601AEE7D52007A4A88 /* SystemInfo.h */,
				780E17611AEE7D52007A4A88 /* SystemInfo.m */,
			);
			name = systemInfoAndStorage;
			sourceTree = "<group>";
		};
		781FA81C1AED21510048B337 /* playing */ = {
			isa = PBXGroup;
			children = (
				7844B7201AEB313C006DE282 /* model */,
				7844B7071AEA9A05006DE282 /* CollectionViewControllerPlay.h */,
				7844B7081AEA9A05006DE282 /* CollectionViewControllerPlay.m */,
				781FA8191AED17C50048B337 /* SpriteUIView.h */,
				781FA81A1AED17C50048B337 /* SpriteUIView.m */,
				781FA81D1AED2FB60048B337 /* ProGressView.h */,
				781FA81E1AED2FB60048B337 /* ProGressView.m */,
			);
			name = playing;
			sourceTree = "<group>";
		};
		782B1F701AE35B450051D053 = {
			isa = PBXGroup;
			children = (
				7836C7DC1AF3CE8D00E4AFAB /* Accelerate.framework */,
				780E17641AEE7DDB007A4A88 /* UIKit.framework */,
				7844B7191AEB29B0006DE282 /* AVFoundation.framework */,
				7844B7171AEB28F5006DE282 /* CoreMedia.framework */,
				782B1F7B1AE35B450051D053 /* CoreAnimationLearning */,
				782B1F951AE35B450051D053 /* CoreAnimationLearningTests */,
				782B1F7A1AE35B450051D053 /* Products */,
			);
			sourceTree = "<group>";
		};
		782B1F7A1AE35B450051D053 /* Products */ = {
			isa = PBXGroup;
			children = (
				782B1F791AE35B450051D053 /* CoreAnimationLearning.app */,
				782B1F921AE35B450051D053 /* CoreAnimationLearningTests.xctest */,
			);
			name = Products;
			sourceTree = "<group>";
		};
		782B1F7B1AE35B450051D053 /* CoreAnimationLearning */ = {
			isa = PBXGroup;
			children = (
				7844B7211AEB3154006DE282 /* firstView */,
				780E17631AEE7D64007A4A88 /* systemInfoAndStorage */,
				781FA81C1AED21510048B337 /* playing */,
				782B1F801AE35B450051D053 /* AppDelegate.h */,
				782B1F811AE35B450051D053 /* AppDelegate.m */,
				782B1F861AE35B450051D053 /* Main.storyboard */,
				782B1F891AE35B450051D053 /* Images.xcassets */,
				782B1F8B1AE35B450051D053 /* LaunchScreen.xib */,
				7844B70E1AEB233F006DE282 /* image */,
				782B1F7C1AE35B450051D053 /* Supporting Files */,
			);
			path = CoreAnimationLearning;
			sourceTree = "<group>";
		};
		782B1F7C1AE35B450051D053 /* Supporting Files */ = {
			isa = PBXGroup;
			children = (
				782B1F7D1AE35B450051D053 /* Info.plist */,
				782B1F7E1AE35B450051D053 /* main.m */,
			);
			name = "Supporting Files";
			sourceTree = "<group>";
		};
		782B1F951AE35B450051D053 /* CoreAnimationLearningTests */ = {
			isa = PBXGroup;
			children = (
				782B1F981AE35B450051D053 /* CoreAnimationLearningTests.m */,
				782B1F961AE35B450051D053 /* Supporting Files */,
			);
			path = CoreAnimationLearningTests;
			sourceTree = "<group>";
		};
		782B1F961AE35B450051D053 /* Supporting Files */ = {
			isa = PBXGroup;
			children = (
				782B1F971AE35B450051D053 /* Info.plist */,
			);
			name = "Supporting Files";
			sourceTree = "<group>";
		};
		7844B70E1AEB233F006DE282 /* image */ = {
			isa = PBXGroup;
			children = (
				78CC36281AF4811F00033213 /* play.png */,
				78CC36261AF4732E00033213 /* circlebutton_7.png */,
				78CC361A1AF4720B00033213 /* circlebutton_1.png */,
				78CC361B1AF4720B00033213 /* circlebutton_2.png */,
				78CC361C1AF4720B00033213 /* circlebutton_3.png */,
				78CC361D1AF4720B00033213 /* circlebutton_4.png */,
				78CC361E1AF4720B00033213 /* circlebutton_5.png */,
				78CC361F1AF4720B00033213 /* circlebutton_6.png */,
				7836C7DA1AF3CC7C00E4AFAB /* 91.png */,
				7836C7D61AF3BDA700E4AFAB /* 81.png */,
				780E17691AEF07E0007A4A88 /* Default-568h@2x.png */,
				780E176A1AEF07E0007A4A88 /* Default.png */,
				780E176B1AEF07E0007A4A88 /* Default@2x.png */,
				780E17481AEE4CEF007A4A88 /* 1.png */,
				780E17491AEE4CEF007A4A88 /* 2.png */,
				780E174A1AEE4CEF007A4A88 /* 3.png */,
				780E174B1AEE4CEF007A4A88 /* 4.png */,
				780E174C1AEE4CEF007A4A88 /* 5.png */,
				780E174D1AEE4CEF007A4A88 /* 6.png */,
				780E174E1AEE4CEF007A4A88 /* 7.png */,
				780E174F1AEE4CEF007A4A88 /* 8.png */,
				780E17501AEE4CEF007A4A88 /* 9.png */,
				780E17511AEE4CEF007A4A88 /* 10.png */,
				780E17521AEE4CEF007A4A88 /* 11.png */,
				780E17531AEE4CEF007A4A88 /* 12.png */,
				7844B71B1AEB2BDB006DE282 /* error.mp3 */,
				7844B7141AEB288F006DE282 /* correct.mp3 */,
				7844B70F1AEB243D006DE282 /* background.png */,
				7844B7101AEB243D006DE282 /* backgroundwhite.png */,
			);
			name = image;
			sourceTree = "<group>";
		};
		7844B7201AEB313C006DE282 /* model */ = {
			isa = PBXGroup;
			children = (
				7844B71D1AEB3119006DE282 /* GameAlgorithm.h */,
				7844B71E1AEB3119006DE282 /* GameAlgorithm.m */,
			);
			name = model;
			sourceTree = "<group>";
		};
		7844B7211AEB3154006DE282 /* firstView */ = {
			isa = PBXGroup;
			children = (
				78045D731AF212B700B5A169 /* View */,
				782B1F831AE35B450051D053 /* ViewController.h */,
				782B1F841AE35B450051D053 /* ViewController.m */,
			);
			name = firstView;
			sourceTree = "<group>";
		};
/* End PBXGroup section */

/* Begin PBXNativeTarget section */
		782B1F781AE35B450051D053 /* CoreAnimationLearning */ = {
			isa = PBXNativeTarget;
			buildConfigurationList = 782B1F9C1AE35B450051D053 /* Build configuration list for PBXNativeTarget "CoreAnimationLearning" */;
			buildPhases = (
				782B1F751AE35B450051D053 /* Sources */,
				782B1F761AE35B450051D053 /* Frameworks */,
				782B1F771AE35B450051D053 /* Resources */,
			);
			buildRules = (
			);
			dependencies = (
			);
			name = CoreAnimationLearning;
			productName = CoreAnimationLearning;
			productReference = 782B1F791AE35B450051D053 /* CoreAnimationLearning.app */;
			productType = "com.apple.product-type.application";
		};
		782B1F911AE35B450051D053 /* CoreAnimationLearningTests */ = {
			isa = PBXNativeTarget;
			buildConfigurationList = 782B1F9F1AE35B450051D053 /* Build configuration list for PBXNativeTarget "CoreAnimationLearningTests" */;
			buildPhases = (
				782B1F8E1AE35B450051D053 /* Sources */,
				782B1F8F1AE35B450051D053 /* Frameworks */,
				782B1F901AE35B450051D053 /* Resources */,
			);
			buildRules = (
			);
			dependencies = (
				782B1F941AE35B450051D053 /* PBXTargetDependency */,
			);
			name = CoreAnimationLearningTests;
			productName = CoreAnimationLearningTests;
			productReference = 782B1F921AE35B450051D053 /* CoreAnimationLearningTests.xctest */;
			productType = "com.apple.product-type.bundle.unit-test";
		};
/* End PBXNativeTarget section */

/* Begin PBXProject section */
		782B1F711AE35B450051D053 /* Project object */ = {
			isa = PBXProject;
			attributes = {
				LastUpgradeCheck = 0630;
				ORGANIZATIONNAME = JFChen;
				TargetAttributes = {
					782B1F781AE35B450051D053 = {
						CreatedOnToolsVersion = 6.3;
					};
					782B1F911AE35B450051D053 = {
						CreatedOnToolsVersion = 6.3;
						TestTargetID = 782B1F781AE35B450051D053;
					};
				};
			};
			buildConfigurationList = 782B1F741AE35B450051D053 /* Build configuration list for PBXProject "CoreAnimationLearning" */;
			compatibilityVersion = "Xcode 3.2";
			developmentRegion = English;
			hasScannedForEncodings = 0;
			knownRegions = (
				en,
				Base,
			);
			mainGroup = 782B1F701AE35B450051D053;
			productRefGroup = 782B1F7A1AE35B450051D053 /* Products */;
			projectDirPath = "";
			projectRoot = "";
			targets = (
				782B1F781AE35B450051D053 /* CoreAnimationLearning */,
				782B1F911AE35B450051D053 /* CoreAnimationLearningTests */,
			);
		};
/* End PBXProject section */

/* Begin PBXResourcesBuildPhase section */
		782B1F771AE35B450051D053 /* Resources */ = {
			isa = PBXResourcesBuildPhase;
			buildActionMask = 2147483647;
			files = (
				78CC36201AF4720B00033213 /* circlebutton_1.png in Resources */,
				78CC36291AF4811F00033213 /* play.png in Resources */,
				780E175B1AEE4CEF007A4A88 /* 8.png in Resources */,
				780E175C1AEE4CEF007A4A88 /* 9.png in Resources */,
				7836C7D71AF3BDA700E4AFAB /* 81.png in Resources */,
				780E17571AEE4CEF007A4A88 /* 4.png in Resources */,
				78045D721AF20F4000B5A169 /* CollectionViewCellLevel.xib in Resources */,
				7836C7DB1AF3CC7C00E4AFAB /* 91.png in Resources */,
				78CC36251AF4720B00033213 /* circlebutton_6.png in Resources */,
				78CC36271AF4732E00033213 /* circlebutton_7.png in Resources */,
				782B1F881AE35B450051D053 /* Main.storyboard in Resources */,
				780E176D1AEF07E0007A4A88 /* Default.png in Resources */,
				780E175D1AEE4CEF007A4A88 /* 10.png in Resources */,
				780E17541AEE4CEF007A4A88 /* 1.png in Resources */,
				78CC36231AF4720B00033213 /* circlebutton_4.png in Resources */,
				780E175A1AEE4CEF007A4A88 /* 7.png in Resources */,
				7844B7111AEB243D006DE282 /* background.png in Resources */,
				782B1F8D1AE35B450051D053 /* LaunchScreen.xib in Resources */,
				7844B7121AEB243D006DE282 /* backgroundwhite.png in Resources */,
				780E17591AEE4CEF007A4A88 /* 6.png in Resources */,
				780E17561AEE4CEF007A4A88 /* 3.png in Resources */,
				7844B7161AEB288F006DE282 /* correct.mp3 in Resources */,
				780E176C1AEF07E0007A4A88 /* Default-568h@2x.png in Resources */,
				780E175E1AEE4CEF007A4A88 /* 11.png in Resources */,
				780E176E1AEF07E0007A4A88 /* Default@2x.png in Resources */,
				780E17551AEE4CEF007A4A88 /* 2.png in Resources */,
				780E17581AEE4CEF007A4A88 /* 5.png in Resources */,
				78CC36211AF4720B00033213 /* circlebutton_2.png in Resources */,
				78CC36241AF4720B00033213 /* circlebutton_5.png in Resources */,
				78CC36221AF4720B00033213 /* circlebutton_3.png in Resources */,
				7844B71C1AEB2BDB006DE282 /* error.mp3 in Resources */,
				782B1F8A1AE35B450051D053 /* Images.xcassets in Resources */,
				780E175F1AEE4CEF007A4A88 /* 12.png in Resources */,
			);
			runOnlyForDeploymentPostprocessing = 0;
		};
		782B1F901AE35B450051D053 /* Resources */ = {
			isa = PBXResourcesBuildPhase;
			buildActionMask = 2147483647;
			files = (
			);
			runOnlyForDeploymentPostprocessing = 0;
		};
/* End PBXResourcesBuildPhase section */

/* Begin PBXSourcesBuildPhase section */
		782B1F751AE35B450051D053 /* Sources */ = {
			isa = PBXSourcesBuildPhase;
			buildActionMask = 2147483647;
			files = (
				780E17621AEE7D52007A4A88 /* SystemInfo.m in Sources */,
				782B1F851AE35B450051D053 /* ViewController.m in Sources */,
				78045D6D1AF1D52400B5A169 /* LevelDialogView.m in Sources */,
				780E17681AEE95CA007A4A88 /* BallView.m in Sources */,
				781FA81F1AED2FB60048B337 /* ProGressView.m in Sources */,
				782B1F821AE35B450051D053 /* AppDelegate.m in Sources */,
				7844B7091AEA9A05006DE282 /* CollectionViewControllerPlay.m in Sources */,
				782B1F7F1AE35B450051D053 /* main.m in Sources */,
				7844B71F1AEB3119006DE282 /* GameAlgorithm.m in Sources */,
				781FA81B1AED17C50048B337 /* SpriteUIView.m in Sources */,
				78045D711AF20F4000B5A169 /* CollectionViewCellLevel.m in Sources */,
			);
			runOnlyForDeploymentPostprocessing = 0;
		};
		782B1F8E1AE35B450051D053 /* Sources */ = {
			isa = PBXSourcesBuildPhase;
			buildActionMask = 2147483647;
			files = (
				782B1F991AE35B450051D053 /* CoreAnimationLearningTests.m in Sources */,
			);
			runOnlyForDeploymentPostprocessing = 0;
		};
/* End PBXSourcesBuildPhase section */

/* Begin PBXTargetDependency section */
		782B1F941AE35B450051D053 /* PBXTargetDependency */ = {
			isa = PBXTargetDependency;
			target = 782B1F781AE35B450051D053 /* CoreAnimationLearning */;
			targetProxy = 782B1F931AE35B450051D053 /* PBXContainerItemProxy */;
		};
/* End PBXTargetDependency section */

/* Begin PBXVariantGroup section */
		782B1F861AE35B450051D053 /* Main.storyboard */ = {
			isa = PBXVariantGroup;
			children = (
				782B1F871AE35B450051D053 /* Base */,
			);
			name = Main.storyboard;
			sourceTree = "<group>";
		};
		782B1F8B1AE35B450051D053 /* LaunchScreen.xib */ = {
			isa = PBXVariantGroup;
			children = (
				782B1F8C1AE35B450051D053 /* Base */,
			);
			name = LaunchScreen.xib;
			sourceTree = "<group>";
		};
/* End PBXVariantGroup section */

/* Begin XCBuildConfiguration section */
		782B1F9A1AE35B450051D053 /* Debug */ = {
			isa = XCBuildConfiguration;
			buildSettings = {
				ALWAYS_SEARCH_USER_PATHS = NO;
				CLANG_CXX_LANGUAGE_STANDARD = "gnu++0x";
				CLANG_CXX_LIBRARY = "libc++";
				CLANG_ENABLE_MODULES = YES;
				CLANG_ENABLE_OBJC_ARC = YES;
				CLANG_WARN_BOOL_CONVERSION = YES;
				CLANG_WARN_CONSTANT_CONVERSION = YES;
				CLANG_WARN_DIRECT_OBJC_ISA_USAGE = YES_ERROR;
				CLANG_WARN_EMPTY_BODY = YES;
				CLANG_WARN_ENUM_CONVERSION = YES;
				CLANG_WARN_INT_CONVERSION = YES;
				CLANG_WARN_OBJC_ROOT_CLASS = YES_ERROR;
				CLANG_WARN_UNREACHABLE_CODE = YES;
				CLANG_WARN__DUPLICATE_METHOD_MATCH = YES;
				"CODE_SIGN_IDENTITY[sdk=iphoneos*]" = "iPhone Developer";
				COPY_PHASE_STRIP = NO;
				DEBUG_INFORMATION_FORMAT = "dwarf-with-dsym";
				ENABLE_STRICT_OBJC_MSGSEND = YES;
				GCC_C_LANGUAGE_STANDARD = gnu99;
				GCC_DYNAMIC_NO_PIC = NO;
				GCC_NO_COMMON_BLOCKS = YES;
				GCC_OPTIMIZATION_LEVEL = 0;
				GCC_PREPROCESSOR_DEFINITIONS = (
					"DEBUG=1",
					"$(inherited)",
				);
				GCC_SYMBOLS_PRIVATE_EXTERN = NO;
				GCC_WARN_64_TO_32_BIT_CONVERSION = YES;
				GCC_WARN_ABOUT_RETURN_TYPE = YES_ERROR;
				GCC_WARN_UNDECLARED_SELECTOR = YES;
				GCC_WARN_UNINITIALIZED_AUTOS = YES_AGGRESSIVE;
				GCC_WARN_UNUSED_FUNCTION = YES;
				GCC_WARN_UNUSED_VARIABLE = YES;
				IPHONEOS_DEPLOYMENT_TARGET = 7.0;
				MTL_ENABLE_DEBUG_INFO = YES;
				ONLY_ACTIVE_ARCH = YES;
				SDKROOT = iphoneos;
				TARGETED_DEVICE_FAMILY = "1,2";
			};
			name = Debug;
		};
		782B1F9B1AE35B450051D053 /* Release */ = {
			isa = XCBuildConfiguration;
			buildSettings = {
				ALWAYS_SEARCH_USER_PATHS = NO;
				CLANG_CXX_LANGUAGE_STANDARD = "gnu++0x";
				CLANG_CXX_LIBRARY = "libc++";
				CLANG_ENABLE_MODULES = YES;
				CLANG_ENABLE_OBJC_ARC = YES;
				CLANG_WARN_BOOL_CONVERSION = YES;
				CLANG_WARN_CONSTANT_CONVERSION = YES;
				CLANG_WARN_DIRECT_OBJC_ISA_USAGE = YES_ERROR;
				CLANG_WARN_EMPTY_BODY = YES;
				CLANG_WARN_ENUM_CONVERSION = YES;
				CLANG_WARN_INT_CONVERSION = YES;
				CLANG_WARN_OBJC_ROOT_CLASS = YES_ERROR;
				CLANG_WARN_UNREACHABLE_CODE = YES;
				CLANG_WARN__DUPLICATE_METHOD_MATCH = YES;
				"CODE_SIGN_IDENTITY[sdk=iphoneos*]" = "iPhone Developer";
				COPY_PHASE_STRIP = NO;
				DEBUG_INFORMATION_FORMAT = "dwarf-with-dsym";
				ENABLE_NS_ASSERTIONS = NO;
				ENABLE_STRICT_OBJC_MSGSEND = YES;
				GCC_C_LANGUAGE_STANDARD = gnu99;
				GCC_NO_COMMON_BLOCKS = YES;
				GCC_WARN_64_TO_32_BIT_CONVERSION = YES;
				GCC_WARN_ABOUT_RETURN_TYPE = YES_ERROR;
				GCC_WARN_UNDECLARED_SELECTOR = YES;
				GCC_WARN_UNINITIALIZED_AUTOS = YES_AGGRESSIVE;
				GCC_WARN_UNUSED_FUNCTION = YES;
				GCC_WARN_UNUSED_VARIABLE = YES;
				IPHONEOS_DEPLOYMENT_TARGET = 7.0;
				MTL_ENABLE_DEBUG_INFO = NO;
				SDKROOT = iphoneos;
				TARGETED_DEVICE_FAMILY = "1,2";
				VALIDATE_PRODUCT = YES;
			};
			name = Release;
		};
		782B1F9D1AE35B450051D053 /* Debug */ = {
			isa = XCBuildConfiguration;
			buildSettings = {
				ASSETCATALOG_COMPILER_APPICON_NAME = AppIcon;
				CODE_SIGN_IDENTITY = "iPhone Developer";
				INFOPLIST_FILE = CoreAnimationLearning/Info.plist;
				IPHONEOS_DEPLOYMENT_TARGET = 7.0;
				LD_RUNPATH_SEARCH_PATHS = "$(inherited) @executable_path/Frameworks";
				PRODUCT_NAME = "$(TARGET_NAME)";
				TARGETED_DEVICE_FAMILY = "1,2";
			};
			name = Debug;
		};
		782B1F9E1AE35B450051D053 /* Release */ = {
			isa = XCBuildConfiguration;
			buildSettings = {
				ASSETCATALOG_COMPILER_APPICON_NAME = AppIcon;
				CODE_SIGN_IDENTITY = "iPhone Developer";
				INFOPLIST_FILE = CoreAnimationLearning/Info.plist;
				IPHONEOS_DEPLOYMENT_TARGET = 7.0;
				LD_RUNPATH_SEARCH_PATHS = "$(inherited) @executable_path/Frameworks";
				PRODUCT_NAME = "$(TARGET_NAME)";
				TARGETED_DEVICE_FAMILY = "1,2";
			};
			name = Release;
		};
		782B1FA01AE35B450051D053 /* Debug */ = {
			isa = XCBuildConfiguration;
			buildSettings = {
				BUNDLE_LOADER = "$(TEST_HOST)";
				FRAMEWORK_SEARCH_PATHS = (
					"$(SDKROOT)/Developer/Library/Frameworks",
					"$(inherited)",
				);
				GCC_PREPROCESSOR_DEFINITIONS = (
					"DEBUG=1",
					"$(inherited)",
				);
				INFOPLIST_FILE = CoreAnimationLearningTests/Info.plist;
				LD_RUNPATH_SEARCH_PATHS = "$(inherited) @executable_path/Frameworks @loader_path/Frameworks";
				PRODUCT_NAME = "$(TARGET_NAME)";
				TEST_HOST = "$(BUILT_PRODUCTS_DIR)/CoreAnimationLearning.app/CoreAnimationLearning";
			};
			name = Debug;
		};
		782B1FA11AE35B450051D053 /* Release */ = {
			isa = XCBuildConfiguration;
			buildSettings = {
				BUNDLE_LOADER = "$(TEST_HOST)";
				FRAMEWORK_SEARCH_PATHS = (
					"$(SDKROOT)/Developer/Library/Frameworks",
					"$(inherited)",
				);
				INFOPLIST_FILE = CoreAnimationLearningTests/Info.plist;
				LD_RUNPATH_SEARCH_PATHS = "$(inherited) @executable_path/Frameworks @loader_path/Frameworks";
				PRODUCT_NAME = "$(TARGET_NAME)";
				TEST_HOST = "$(BUILT_PRODUCTS_DIR)/CoreAnimationLearning.app/CoreAnimationLearning";
			};
			name = Release;
		};
/* End XCBuildConfiguration section */

/* Begin XCConfigurationList section */
		782B1F741AE35B450051D053 /* Build configuration list for PBXProject "CoreAnimationLearning" */ = {
			isa = XCConfigurationList;
			buildConfigurations = (
				782B1F9A1AE35B450051D053 /* Debug */,
				782B1F9B1AE35B450051D053 /* Release */,
			);
			defaultConfigurationIsVisible = 0;
			defaultConfigurationName = Release;
		};
		782B1F9C1AE35B450051D053 /* Build configuration list for PBXNativeTarget "CoreAnimationLearning" */ = {
			isa = XCConfigurationList;
			buildConfigurations = (
				782B1F9D1AE35B450051D053 /* Debug */,
				782B1F9E1AE35B450051D053 /* Release */,
			);
			defaultConfigurationIsVisible = 0;
			defaultConfigurationName = Release;
		};
		782B1F9F1AE35B450051D053 /* Build configuration list for PBXNativeTarget "CoreAnimationLearningTests" */ = {
			isa = XCConfigurationList;
			buildConfigurations = (
				782B1FA01AE35B450051D053 /* Debug */,
				782B1FA11AE35B450051D053 /* Release */,
			);
			defaultConfigurationIsVisible = 0;
			defaultConfigurationName = Release;
		};
/* End XCConfigurationList section */
	};
	rootObject = 782B1F711AE35B450051D053 /* Project object */;
}
