// !$*UTF8*$!
{
	archiveVersion = 1;
	classes = {
	};
	objectVersion = 46;
	objects = {

/* Begin PBXBuildFile section */
		2EDE60D41B7377C5006610F3 /* UIViewProgress.m in Sources */ = {isa = PBXBuildFile; fileRef = 2EDE60D31B7377C5006610F3 /* UIViewProgress.m */; };
		78045D6D1AF1D52400B5A169 /* LevelDialogView.m in Sources */ = {isa = PBXBuildFile; fileRef = 78045D6C1AF1D52400B5A169 /* LevelDialogView.m */; };
		78045D711AF20F4000B5A169 /* CollectionViewCellLevel.m in Sources */ = {isa = PBXBuildFile; fileRef = 78045D6F1AF20F4000B5A169 /* CollectionViewCellLevel.m */; };
		78045D721AF20F4000B5A169 /* CollectionViewCellLevel.xib in Resources */ = {isa = PBXBuildFile; fileRef = 78045D701AF20F4000B5A169 /* CollectionViewCellLevel.xib */; };
		780C46361C76C68B00756CE4 /* CoreMotion.framework in Frameworks */ = {isa = PBXBuildFile; fileRef = 780C46351C76C68B00756CE4 /* CoreMotion.framework */; };
		780C46381C76C69600756CE4 /* libicucore.tbd in Frameworks */ = {isa = PBXBuildFile; fileRef = 780C46371C76C69600756CE4 /* libicucore.tbd */; };
		780C463A1C76C69D00756CE4 /* libz.tbd in Frameworks */ = {isa = PBXBuildFile; fileRef = 780C46391C76C69D00756CE4 /* libz.tbd */; };
		780D30931B22F83F0038FF26 /* image_leaf.png in Resources */ = {isa = PBXBuildFile; fileRef = 780D30921B22F83F0038FF26 /* image_leaf.png */; };
		780E17621AEE7D52007A4A88 /* SystemInfo.m in Sources */ = {isa = PBXBuildFile; fileRef = 780E17611AEE7D52007A4A88 /* SystemInfo.m */; };
		780E17651AEE7DDB007A4A88 /* UIKit.framework in Frameworks */ = {isa = PBXBuildFile; fileRef = 780E17641AEE7DDB007A4A88 /* UIKit.framework */; };
		780E176C1AEF07E0007A4A88 /* Default-568h@2x.png in Resources */ = {isa = PBXBuildFile; fileRef = 780E17691AEF07E0007A4A88 /* Default-568h@2x.png */; };
		780E176D1AEF07E0007A4A88 /* Default.png in Resources */ = {isa = PBXBuildFile; fileRef = 780E176A1AEF07E0007A4A88 /* Default.png */; };
		780E176E1AEF07E0007A4A88 /* Default@2x.png in Resources */ = {isa = PBXBuildFile; fileRef = 780E176B1AEF07E0007A4A88 /* Default@2x.png */; };
		781D202C1B9B3D96007CB433 /* GameReachability.m in Sources */ = {isa = PBXBuildFile; fileRef = 781D202B1B9B3D96007CB433 /* GameReachability.m */; settings = {COMPILER_FLAGS = "-fno-objc-arc"; }; };
		781FA81B1AED17C50048B337 /* SpriteUIView.m in Sources */ = {isa = PBXBuildFile; fileRef = 781FA81A1AED17C50048B337 /* SpriteUIView.m */; };
		781FF6731B4BF44800C03D4E /* image_shezhi.png in Resources */ = {isa = PBXBuildFile; fileRef = 781FF6721B4BF44800C03D4E /* image_shezhi.png */; };
		781FF6761B4C1C7800C03D4E /* image_setting_2_close.png in Resources */ = {isa = PBXBuildFile; fileRef = 781FF6741B4C1C7800C03D4E /* image_setting_2_close.png */; };
		781FF6771B4C1C7800C03D4E /* image_setting_2.png in Resources */ = {isa = PBXBuildFile; fileRef = 781FF6751B4C1C7800C03D4E /* image_setting_2.png */; };
		782066851B710195009F9B6E /* DialogViewEnergy.m in Sources */ = {isa = PBXBuildFile; fileRef = 782066841B710195009F9B6E /* DialogViewEnergy.m */; };
		78257D221B4175DE00635D4F /* image_+-2.png in Resources */ = {isa = PBXBuildFile; fileRef = 78257D211B4175DE00635D4F /* image_+-2.png */; };
		78298F7C1F58148700080111 /* AppDataStorage.m in Sources */ = {isa = PBXBuildFile; fileRef = 78298F7B1F58148700080111 /* AppDataStorage.m */; };
		78298F7F1F58155A00080111 /* AboutController.m in Sources */ = {isa = PBXBuildFile; fileRef = 78298F7E1F58155A00080111 /* AboutController.m */; };
		782B1F7F1AE35B450051D053 /* main.m in Sources */ = {isa = PBXBuildFile; fileRef = 782B1F7E1AE35B450051D053 /* main.m */; };
		782B1F821AE35B450051D053 /* AppDelegate.m in Sources */ = {isa = PBXBuildFile; fileRef = 782B1F811AE35B450051D053 /* AppDelegate.m */; };
		782B1F851AE35B450051D053 /* ViewController.m in Sources */ = {isa = PBXBuildFile; fileRef = 782B1F841AE35B450051D053 /* ViewController.m */; };
		782B1F8A1AE35B450051D053 /* Images.xcassets in Resources */ = {isa = PBXBuildFile; fileRef = 782B1F891AE35B450051D053 /* Images.xcassets */; };
		782B1F8D1AE35B450051D053 /* LaunchScreen.xib in Resources */ = {isa = PBXBuildFile; fileRef = 782B1F8B1AE35B450051D053 /* LaunchScreen.xib */; };
		782C6A0E1B3666B600A56A9C /* image_result_star_2.png in Resources */ = {isa = PBXBuildFile; fileRef = 782C6A0C1B3666B600A56A9C /* image_result_star_2.png */; };
		782C6A0F1B3666B600A56A9C /* image_result_star.png in Resources */ = {isa = PBXBuildFile; fileRef = 782C6A0D1B3666B600A56A9C /* image_result_star.png */; };
		782EFAA61B495CCE00DBA5A9 /* image_baseViewDialog.png in Resources */ = {isa = PBXBuildFile; fileRef = 782EFAA51B495CCE00DBA5A9 /* image_baseViewDialog.png */; };
		7832568D1B2F22F3007178D4 /* image_play.png in Resources */ = {isa = PBXBuildFile; fileRef = 7832568C1B2F22F3007178D4 /* image_play.png */; };
		7832568F1B2F277A007178D4 /* image_noads.png in Resources */ = {isa = PBXBuildFile; fileRef = 7832568E1B2F277A007178D4 /* image_noads.png */; };
		783256921B2F2AB9007178D4 /* image_setting_1.png in Resources */ = {isa = PBXBuildFile; fileRef = 783256901B2F2AB9007178D4 /* image_setting_1.png */; };
		783256931B2F2AB9007178D4 /* image_setting_1_open.png in Resources */ = {isa = PBXBuildFile; fileRef = 783256911B2F2AB9007178D4 /* image_setting_1_open.png */; };
		7835010F1B15C2CE00830DAE /* UIViewFinishPlayAlert.m in Sources */ = {isa = PBXBuildFile; fileRef = 7835010E1B15C2CE00830DAE /* UIViewFinishPlayAlert.m */; };
		7836C7DD1AF3CE8D00E4AFAB /* Accelerate.framework in Frameworks */ = {isa = PBXBuildFile; fileRef = 7836C7DC1AF3CE8D00E4AFAB /* Accelerate.framework */; };
		7837633C1B2E4CCD00F70207 /* image_back.png in Resources */ = {isa = PBXBuildFile; fileRef = 7837633B1B2E4CCD00F70207 /* image_back.png */; };
		783763401B2E503A00F70207 /* image_pause.png in Resources */ = {isa = PBXBuildFile; fileRef = 7837633F1B2E503A00F70207 /* image_pause.png */; };
		783E47241B50C50300CE6963 /* image_main_background.png in Resources */ = {isa = PBXBuildFile; fileRef = 783E47231B50C50300CE6963 /* image_main_background.png */; };
		783E473C1B51FBB500CE6963 /* image_setting_3.png in Resources */ = {isa = PBXBuildFile; fileRef = 783E473B1B51FBB500CE6963 /* image_setting_3.png */; };
		783E473E1B51FEF500CE6963 /* image_setting_4.png in Resources */ = {isa = PBXBuildFile; fileRef = 783E473D1B51FEF500CE6963 /* image_setting_4.png */; };
		783E474D1B5211DE00CE6963 /* Icon-72.png in Resources */ = {isa = PBXBuildFile; fileRef = 783E47421B5211DE00CE6963 /* Icon-72.png */; };
		783E474E1B5211DE00CE6963 /* Icon-72@2x.png in Resources */ = {isa = PBXBuildFile; fileRef = 783E47431B5211DE00CE6963 /* Icon-72@2x.png */; };
		783E474F1B5211DE00CE6963 /* Icon-Small-50.png in Resources */ = {isa = PBXBuildFile; fileRef = 783E47441B5211DE00CE6963 /* Icon-Small-50.png */; };
		783E47501B5211DE00CE6963 /* Icon-Small-50@2x.png in Resources */ = {isa = PBXBuildFile; fileRef = 783E47451B5211DE00CE6963 /* Icon-Small-50@2x.png */; };
		783E47511B5211DE00CE6963 /* Icon-Small.png in Resources */ = {isa = PBXBuildFile; fileRef = 783E47461B5211DE00CE6963 /* Icon-Small.png */; };
		783E47521B5211DE00CE6963 /* Icon-Small@2x.png in Resources */ = {isa = PBXBuildFile; fileRef = 783E47471B5211DE00CE6963 /* Icon-Small@2x.png */; };
		783E47531B5211DE00CE6963 /* Icon.png in Resources */ = {isa = PBXBuildFile; fileRef = 783E47481B5211DE00CE6963 /* Icon.png */; };
		783E47541B5211DE00CE6963 /* Icon@2x.png in Resources */ = {isa = PBXBuildFile; fileRef = 783E47491B5211DE00CE6963 /* Icon@2x.png */; };
		783E47551B5211DE00CE6963 /* iTunesArtwork.png in Resources */ = {isa = PBXBuildFile; fileRef = 783E474A1B5211DE00CE6963 /* iTunesArtwork.png */; };
		783E47561B5211DE00CE6963 /* iTunesArtwork@2x.png in Resources */ = {isa = PBXBuildFile; fileRef = 783E474B1B5211DE00CE6963 /* iTunesArtwork@2x.png */; };
		783E47571B5211DE00CE6963 /* Original.png in Resources */ = {isa = PBXBuildFile; fileRef = 783E474C1B5211DE00CE6963 /* Original.png */; };
		783E475A1B5A351C00CE6963 /* GameIntroductionView.m in Sources */ = {isa = PBXBuildFile; fileRef = 783E47591B5A351C00CE6963 /* GameIntroductionView.m */; };
		7844B7091AEA9A05006DE282 /* CollectionViewControllerPlay.m in Sources */ = {isa = PBXBuildFile; fileRef = 7844B7081AEA9A05006DE282 /* CollectionViewControllerPlay.m */; };
		7844B71A1AEB29B0006DE282 /* AVFoundation.framework in Frameworks */ = {isa = PBXBuildFile; fileRef = 7844B7191AEB29B0006DE282 /* AVFoundation.framework */; };
		7844B71F1AEB3119006DE282 /* GameAlgorithm.m in Sources */ = {isa = PBXBuildFile; fileRef = 7844B71E1AEB3119006DE282 /* GameAlgorithm.m */; };
		784E5DC71B3CCC69006FB684 /* GooeyCircle.m in Sources */ = {isa = PBXBuildFile; fileRef = 784E5DBC1B3CCC69006FB684 /* GooeyCircle.m */; };
		784E5DC81B3CCC69006FB684 /* Indicator.m in Sources */ = {isa = PBXBuildFile; fileRef = 784E5DBE1B3CCC69006FB684 /* Indicator.m */; };
		784E5DC91B3CCC69006FB684 /* KYAnimatedPageControl.m in Sources */ = {isa = PBXBuildFile; fileRef = 784E5DC01B3CCC69006FB684 /* KYAnimatedPageControl.m */; };
		784E5DCA1B3CCC69006FB684 /* KYSpringLayerAnimation.m in Sources */ = {isa = PBXBuildFile; fileRef = 784E5DC21B3CCC69006FB684 /* KYSpringLayerAnimation.m */; };
		784E5DCB1B3CCC69006FB684 /* Line.m in Sources */ = {isa = PBXBuildFile; fileRef = 784E5DC41B3CCC69006FB684 /* Line.m */; };
		784E5DCC1B3CCC69006FB684 /* RotateRect.m in Sources */ = {isa = PBXBuildFile; fileRef = 784E5DC61B3CCC69006FB684 /* RotateRect.m */; };
		785A5A6F1B89A1A000BBBB0E /* GameKeychain.m in Sources */ = {isa = PBXBuildFile; fileRef = 785A5A6E1B89A1A000BBBB0E /* GameKeychain.m */; };
		785D87C61B3FF62200F9E680 /* image_+2.png in Resources */ = {isa = PBXBuildFile; fileRef = 785D87C31B3FF62200F9E680 /* image_+2.png */; };
		785D87C71B3FF62200F9E680 /* image_+4.png in Resources */ = {isa = PBXBuildFile; fileRef = 785D87C41B3FF62200F9E680 /* image_+4.png */; };
		785D87C81B3FF62200F9E680 /* image_+6.png in Resources */ = {isa = PBXBuildFile; fileRef = 785D87C51B3FF62200F9E680 /* image_+6.png */; };
		7860DFBB1B37FCF90024D2B5 /* image_DazRing.png in Resources */ = {isa = PBXBuildFile; fileRef = 7860DFB91B37FCF90024D2B5 /* image_DazRing.png */; };
		7860DFBC1B37FCF90024D2B5 /* image_DazStarOutline.png in Resources */ = {isa = PBXBuildFile; fileRef = 7860DFBA1B37FCF90024D2B5 /* image_DazStarOutline.png */; };
		7860DFC01B383BCF0024D2B5 /* image_snow1.png in Resources */ = {isa = PBXBuildFile; fileRef = 7860DFBF1B383BCF0024D2B5 /* image_snow1.png */; };
		7860DFC51B383BDE0024D2B5 /* CustomButton.m in Sources */ = {isa = PBXBuildFile; fileRef = 7860DFC21B383BDE0024D2B5 /* CustomButton.m */; };
		7860DFC61B383BDE0024D2B5 /* EmitterView.m in Sources */ = {isa = PBXBuildFile; fileRef = 7860DFC41B383BDE0024D2B5 /* EmitterView.m */; };
		786FDEEE1B66485A001EC411 /* CoreTelephony.framework in Frameworks */ = {isa = PBXBuildFile; fileRef = 786FDEED1B66485A001EC411 /* CoreTelephony.framework */; };
		786FDEF01B664861001EC411 /* MessageUI.framework in Frameworks */ = {isa = PBXBuildFile; fileRef = 786FDEEF1B664861001EC411 /* MessageUI.framework */; };
		786FDEF21B66486C001EC411 /* CoreLocation.framework in Frameworks */ = {isa = PBXBuildFile; fileRef = 786FDEF11B66486C001EC411 /* CoreLocation.framework */; };
		786FDEF41B66487F001EC411 /* CFNetwork.framework in Frameworks */ = {isa = PBXBuildFile; fileRef = 786FDEF31B66487F001EC411 /* CFNetwork.framework */; };
		78735F3B1B5E72BD0041846E /* image_intro_1.png in Resources */ = {isa = PBXBuildFile; fileRef = 78735F371B5E72BD0041846E /* image_intro_1.png */; };
		78735F3C1B5E72BD0041846E /* image_intro_2.png in Resources */ = {isa = PBXBuildFile; fileRef = 78735F381B5E72BD0041846E /* image_intro_2.png */; };
		78735F3D1B5E72BD0041846E /* image_intro_3.png in Resources */ = {isa = PBXBuildFile; fileRef = 78735F391B5E72BD0041846E /* image_intro_3.png */; };
		78735F3E1B5E72BD0041846E /* image_intro_4.png in Resources */ = {isa = PBXBuildFile; fileRef = 78735F3A1B5E72BD0041846E /* image_intro_4.png */; };
		78735F401B5E78DD0041846E /* image_intro_header.png in Resources */ = {isa = PBXBuildFile; fileRef = 78735F3F1B5E78DD0041846E /* image_intro_header.png */; };
		78735F461B5E7F4D0041846E /* image_intro_detail_1.png in Resources */ = {isa = PBXBuildFile; fileRef = 78735F411B5E7F4D0041846E /* image_intro_detail_1.png */; };
		78735F471B5E7F4D0041846E /* image_intro_detail_2.png in Resources */ = {isa = PBXBuildFile; fileRef = 78735F421B5E7F4D0041846E /* image_intro_detail_2.png */; };
		78735F481B5E7F4D0041846E /* image_intro_detail_3.png in Resources */ = {isa = PBXBuildFile; fileRef = 78735F431B5E7F4D0041846E /* image_intro_detail_3.png */; };
		78735F491B5E7F4D0041846E /* image_intro_detail_4.png in Resources */ = {isa = PBXBuildFile; fileRef = 78735F441B5E7F4D0041846E /* image_intro_detail_4.png */; };
		78735F4A1B5E7F4D0041846E /* image_intro_detail_5.png in Resources */ = {isa = PBXBuildFile; fileRef = 78735F451B5E7F4D0041846E /* image_intro_detail_5.png */; };
		78735F4C1B5E88A10041846E /* image_intro_5.png in Resources */ = {isa = PBXBuildFile; fileRef = 78735F4B1B5E88A10041846E /* image_intro_5.png */; };
		78767B061CBCF579004590EF /* libsqlite3.tbd in Frameworks */ = {isa = PBXBuildFile; fileRef = 78767B051CBCF579004590EF /* libsqlite3.tbd */; };
		78767B081CBCF583004590EF /* libc++.tbd in Frameworks */ = {isa = PBXBuildFile; fileRef = 78767B071CBCF583004590EF /* libc++.tbd */; };
		78767B0A1CBCF599004590EF /* libsqlite3.0.tbd in Frameworks */ = {isa = PBXBuildFile; fileRef = 78767B091CBCF599004590EF /* libsqlite3.0.tbd */; };
		7882DD671B2D1BD40049A296 /* WeiXinShare.m in Sources */ = {isa = PBXBuildFile; fileRef = 7882DD661B2D1BD40049A296 /* WeiXinShare.m */; };
		7882DD6B1B2D20520049A296 /* SystemConfiguration.framework in Frameworks */ = {isa = PBXBuildFile; fileRef = 7882DD6A1B2D20520049A296 /* SystemConfiguration.framework */; };
		7882DD711B2D20770049A296 /* Foundation.framework in Frameworks */ = {isa = PBXBuildFile; fileRef = 7882DD701B2D20770049A296 /* Foundation.framework */; };
		7882DD7E1B2D22FF0049A296 /* libWeChatSDK.a in Frameworks */ = {isa = PBXBuildFile; fileRef = 7882DD7B1B2D22FF0049A296 /* libWeChatSDK.a */; };
		7882DD831B2D7F880049A296 /* IAPManager.m in Sources */ = {isa = PBXBuildFile; fileRef = 7882DD821B2D7F880049A296 /* IAPManager.m */; };
		7882DD851B2D7FA50049A296 /* StoreKit.framework in Frameworks */ = {isa = PBXBuildFile; fileRef = 7882DD841B2D7FA50049A296 /* StoreKit.framework */; };
		7882DD8A1B2D7FFB0049A296 /* ActivityIndicator.m in Sources */ = {isa = PBXBuildFile; fileRef = 7882DD871B2D7FFB0049A296 /* ActivityIndicator.m */; };
		7882DD8B1B2D7FFB0049A296 /* DialogView.m in Sources */ = {isa = PBXBuildFile; fileRef = 7882DD891B2D7FFB0049A296 /* DialogView.m */; };
		7882DD8F1B2DAF5C0049A296 /* image_lockClose.png in Resources */ = {isa = PBXBuildFile; fileRef = 7882DD8D1B2DAF5C0049A296 /* image_lockClose.png */; };
		7882DD901B2DAF5C0049A296 /* image_lockOpen.png in Resources */ = {isa = PBXBuildFile; fileRef = 7882DD8E1B2DAF5C0049A296 /* image_lockOpen.png */; };
		7882DD941B2DC3E50049A296 /* image_paiming.png in Resources */ = {isa = PBXBuildFile; fileRef = 7882DD931B2DC3E50049A296 /* image_paiming.png */; };
		7882DD961B2DD32F0049A296 /* image_share.png in Resources */ = {isa = PBXBuildFile; fileRef = 7882DD951B2DD32F0049A296 /* image_share.png */; };
		788437221B6DA92300967239 /* music_timeup.mp3 in Resources */ = {isa = PBXBuildFile; fileRef = 788437211B6DA92300967239 /* music_timeup.mp3 */; };
		788437241B6DB6DD00967239 /* music_level.mp3 in Resources */ = {isa = PBXBuildFile; fileRef = 788437231B6DB6DD00967239 /* music_level.mp3 */; };
		7885FF7E1B6E66A800BF3AE7 /* image_main_video.png in Resources */ = {isa = PBXBuildFile; fileRef = 7885FF7D1B6E66A800BF3AE7 /* image_main_video.png */; };
		789CBDF31B8A8BAA00F40A84 /* Icon-60.png in Resources */ = {isa = PBXBuildFile; fileRef = 789CBDEF1B8A8BAA00F40A84 /* Icon-60.png */; };
		789CBDF41B8A8BAA00F40A84 /* Icon-60@2x.png in Resources */ = {isa = PBXBuildFile; fileRef = 789CBDF01B8A8BAA00F40A84 /* Icon-60@2x.png */; };
		789CBDF51B8A8BAA00F40A84 /* Icon-76.png in Resources */ = {isa = PBXBuildFile; fileRef = 789CBDF11B8A8BAA00F40A84 /* Icon-76.png */; };
		789CBDF61B8A8BAA00F40A84 /* Icon-76@2x.png in Resources */ = {isa = PBXBuildFile; fileRef = 789CBDF21B8A8BAA00F40A84 /* Icon-76@2x.png */; };
		789CBDF91B8A8D8D00F40A84 /* Icon-120.png in Resources */ = {isa = PBXBuildFile; fileRef = 789CBDF71B8A8D8D00F40A84 /* Icon-120.png */; };
		789CBDFA1B8A8D8D00F40A84 /* Icon-152.png in Resources */ = {isa = PBXBuildFile; fileRef = 789CBDF81B8A8D8D00F40A84 /* Icon-152.png */; };
		789CBE001B8A91BB00F40A84 /* Icon-40.png in Resources */ = {isa = PBXBuildFile; fileRef = 789CBDFB1B8A91BB00F40A84 /* Icon-40.png */; };
		789CBE011B8A91BB00F40A84 /* Icon-40@2x.png in Resources */ = {isa = PBXBuildFile; fileRef = 789CBDFC1B8A91BB00F40A84 /* Icon-40@2x.png */; };
		789CBE021B8A91BB00F40A84 /* Icon-40@3x.png in Resources */ = {isa = PBXBuildFile; fileRef = 789CBDFD1B8A91BB00F40A84 /* Icon-40@3x.png */; };
		789CBE031B8A91BB00F40A84 /* Icon-60@3x.png in Resources */ = {isa = PBXBuildFile; fileRef = 789CBDFE1B8A91BB00F40A84 /* Icon-60@3x.png */; };
		789CBE041B8A91BB00F40A84 /* Icon-Small@3x.png in Resources */ = {isa = PBXBuildFile; fileRef = 789CBDFF1B8A91BB00F40A84 /* Icon-Small@3x.png */; };
		78A02A911B6CC84400852F29 /* music_firework_explot.mp3 in Resources */ = {isa = PBXBuildFile; fileRef = 78A02A891B6CC84400852F29 /* music_firework_explot.mp3 */; };
		78A02A921B6CC84400852F29 /* music_firework_shot.mp3 in Resources */ = {isa = PBXBuildFile; fileRef = 78A02A8A1B6CC84400852F29 /* music_firework_shot.mp3 */; };
		78A02A931B6CC84400852F29 /* music_num_add.mp3 in Resources */ = {isa = PBXBuildFile; fileRef = 78A02A8B1B6CC84400852F29 /* music_num_add.mp3 */; };
		78A02A941B6CC84400852F29 /* music_screen_switch.mp3 in Resources */ = {isa = PBXBuildFile; fileRef = 78A02A8C1B6CC84400852F29 /* music_screen_switch.mp3 */; };
		78A02A951B6CC84400852F29 /* music_star_1.mp3 in Resources */ = {isa = PBXBuildFile; fileRef = 78A02A8D1B6CC84400852F29 /* music_star_1.mp3 */; };
		78A02A961B6CC84400852F29 /* music_star_2.mp3 in Resources */ = {isa = PBXBuildFile; fileRef = 78A02A8E1B6CC84400852F29 /* music_star_2.mp3 */; };
		78A02A971B6CC84400852F29 /* music_star_3.mp3 in Resources */ = {isa = PBXBuildFile; fileRef = 78A02A8F1B6CC84400852F29 /* music_star_3.mp3 */; };
		78A02A981B6CC84400852F29 /* music_time_up.mp3 in Resources */ = {isa = PBXBuildFile; fileRef = 78A02A901B6CC84400852F29 /* music_time_up.mp3 */; };
		78A6CC531B6D1C7A004478FA /* music_finish_cheer.mp3 in Resources */ = {isa = PBXBuildFile; fileRef = 78A6CC521B6D1C7A004478FA /* music_finish_cheer.mp3 */; };
		78AE01511B0C710300FE1558 /* image_back_point.png in Resources */ = {isa = PBXBuildFile; fileRef = 78AE01501B0C710300FE1558 /* image_back_point.png */; };
		78B1C3671B64A418009CB13F /* music_2.mp3 in Resources */ = {isa = PBXBuildFile; fileRef = 78B1C3631B64A418009CB13F /* music_2.mp3 */; };
		78B1C3681B64A418009CB13F /* music_3.mp3 in Resources */ = {isa = PBXBuildFile; fileRef = 78B1C3641B64A418009CB13F /* music_3.mp3 */; };
		78B1C36A1B64A418009CB13F /* music_main.mp3 in Resources */ = {isa = PBXBuildFile; fileRef = 78B1C3661B64A418009CB13F /* music_main.mp3 */; };
		78B1C36E1B64C6FA009CB13F /* music_1.mp3 in Resources */ = {isa = PBXBuildFile; fileRef = 78B1C36B1B64C6FA009CB13F /* music_1.mp3 */; };
		78B1C36F1B64C6FA009CB13F /* music_click.mp3 in Resources */ = {isa = PBXBuildFile; fileRef = 78B1C36C1B64C6FA009CB13F /* music_click.mp3 */; };
		78B1C3701B64C6FA009CB13F /* music_error.mp3 in Resources */ = {isa = PBXBuildFile; fileRef = 78B1C36D1B64C6FA009CB13F /* music_error.mp3 */; };
		78B1C37E1B650F0B009CB13F /* CoreMedia.framework in Frameworks */ = {isa = PBXBuildFile; fileRef = 7844B7171AEB28F5006DE282 /* CoreMedia.framework */; };
		78B1C3801B650F16009CB13F /* MediaPlayer.framework in Frameworks */ = {isa = PBXBuildFile; fileRef = 78B1C37F1B650F16009CB13F /* MediaPlayer.framework */; };
		78B1C3821B650F23009CB13F /* QuartzCore.framework in Frameworks */ = {isa = PBXBuildFile; fileRef = 78B1C3811B650F23009CB13F /* QuartzCore.framework */; };
		78B1C3841B650F2E009CB13F /* CoreText.framework in Frameworks */ = {isa = PBXBuildFile; fileRef = 78B1C3831B650F2E009CB13F /* CoreText.framework */; };
		78B1C3861B650F3A009CB13F /* CoreGraphics.framework in Frameworks */ = {isa = PBXBuildFile; fileRef = 78B1C3851B650F3A009CB13F /* CoreGraphics.framework */; };
		78B1C3881B650F4C009CB13F /* PassKit.framework in Frameworks */ = {isa = PBXBuildFile; fileRef = 78B1C3871B650F4C009CB13F /* PassKit.framework */; };
		78B1C38A1B650F54009CB13F /* Social.framework in Frameworks */ = {isa = PBXBuildFile; fileRef = 78B1C3891B650F54009CB13F /* Social.framework */; };
		78B1C38C1B650F5F009CB13F /* EventKit.framework in Frameworks */ = {isa = PBXBuildFile; fileRef = 78B1C38B1B650F5F009CB13F /* EventKit.framework */; };
		78B1C38E1B650F71009CB13F /* AudioToolbox.framework in Frameworks */ = {isa = PBXBuildFile; fileRef = 78B1C38D1B650F71009CB13F /* AudioToolbox.framework */; };
		78B7903F1B6F9A3000CE1CF7 /* image_main_energy.png in Resources */ = {isa = PBXBuildFile; fileRef = 78B7903E1B6F9A3000CE1CF7 /* image_main_energy.png */; };
		78C4E0271B2575D00047B834 /* SpriteView2.m in Sources */ = {isa = PBXBuildFile; fileRef = 78C4E0261B2575D00047B834 /* SpriteView2.m */; };
		78C4E02C1B26EFE50047B834 /* GameCenter.m in Sources */ = {isa = PBXBuildFile; fileRef = 78C4E02B1B26EFE50047B834 /* GameCenter.m */; };
		78C4E02E1B26EFFB0047B834 /* GameKit.framework in Frameworks */ = {isa = PBXBuildFile; fileRef = 78C4E02D1B26EFFB0047B834 /* GameKit.framework */; };
		78CC36301AF673AA00033213 /* GameKeyValue.m in Sources */ = {isa = PBXBuildFile; fileRef = 78CC362F1AF673AA00033213 /* GameKeyValue.m */; };
		78CC36691AF7C16100033213 /* LevelAndUserInfo.m in Sources */ = {isa = PBXBuildFile; fileRef = 78CC36681AF7C16100033213 /* LevelAndUserInfo.m */; };
		78E260931B1AEBA600EB9F3E /* GameDataGlobal.m in Sources */ = {isa = PBXBuildFile; fileRef = 78E260921B1AEBA600EB9F3E /* GameDataGlobal.m */; };
		78E50D661B14AE1600ECBACE /* image_playing_cellbackground.png in Resources */ = {isa = PBXBuildFile; fileRef = 78E50D651B14AE1600ECBACE /* image_playing_cellbackground.png */; };
		78EB81DE1C77428400C33040 /* libGDTMobSDK.a in Frameworks */ = {isa = PBXBuildFile; fileRef = 78EB81DD1C77428400C33040 /* libGDTMobSDK.a */; };
		78EB81DF1C7742B400C33040 /* AdSupport.framework in Frameworks */ = {isa = PBXBuildFile; fileRef = 786FDEF51B664889001EC411 /* AdSupport.framework */; settings = {ATTRIBUTES = (Weak, ); }; };
		78EB81E11C7742DC00C33040 /* Security.framework in Frameworks */ = {isa = PBXBuildFile; fileRef = 78EB81E01C7742DC00C33040 /* Security.framework */; };
/* End PBXBuildFile section */

/* Begin PBXFileReference section */
		2EDE60D21B7377C5006610F3 /* UIViewProgress.h */ = {isa = PBXFileReference; fileEncoding = 4; lastKnownFileType = sourcecode.c.h; path = UIViewProgress.h; sourceTree = "<group>"; };
		2EDE60D31B7377C5006610F3 /* UIViewProgress.m */ = {isa = PBXFileReference; fileEncoding = 4; lastKnownFileType = sourcecode.c.objc; path = UIViewProgress.m; sourceTree = "<group>"; };
		78045D6B1AF1D52400B5A169 /* LevelDialogView.h */ = {isa = PBXFileReference; fileEncoding = 4; lastKnownFileType = sourcecode.c.h; path = LevelDialogView.h; sourceTree = "<group>"; };
		78045D6C1AF1D52400B5A169 /* LevelDialogView.m */ = {isa = PBXFileReference; fileEncoding = 4; lastKnownFileType = sourcecode.c.objc; path = LevelDialogView.m; sourceTree = "<group>"; };
		78045D6E1AF20F4000B5A169 /* CollectionViewCellLevel.h */ = {isa = PBXFileReference; fileEncoding = 4; lastKnownFileType = sourcecode.c.h; path = CollectionViewCellLevel.h; sourceTree = "<group>"; };
		78045D6F1AF20F4000B5A169 /* CollectionViewCellLevel.m */ = {isa = PBXFileReference; fileEncoding = 4; lastKnownFileType = sourcecode.c.objc; path = CollectionViewCellLevel.m; sourceTree = "<group>"; };
		78045D701AF20F4000B5A169 /* CollectionViewCellLevel.xib */ = {isa = PBXFileReference; fileEncoding = 4; lastKnownFileType = file.xib; path = CollectionViewCellLevel.xib; sourceTree = "<group>"; };
		780C46351C76C68B00756CE4 /* CoreMotion.framework */ = {isa = PBXFileReference; lastKnownFileType = wrapper.framework; name = CoreMotion.framework; path = System/Library/Frameworks/CoreMotion.framework; sourceTree = SDKROOT; };
		780C46371C76C69600756CE4 /* libicucore.tbd */ = {isa = PBXFileReference; lastKnownFileType = "sourcecode.text-based-dylib-definition"; name = libicucore.tbd; path = usr/lib/libicucore.tbd; sourceTree = SDKROOT; };
		780C46391C76C69D00756CE4 /* libz.tbd */ = {isa = PBXFileReference; lastKnownFileType = "sourcecode.text-based-dylib-definition"; name = libz.tbd; path = usr/lib/libz.tbd; sourceTree = SDKROOT; };
		780D30921B22F83F0038FF26 /* image_leaf.png */ = {isa = PBXFileReference; lastKnownFileType = image.png; path = image_leaf.png; sourceTree = "<group>"; };
		780E17601AEE7D52007A4A88 /* SystemInfo.h */ = {isa = PBXFileReference; fileEncoding = 4; lastKnownFileType = sourcecode.c.h; path = SystemInfo.h; sourceTree = "<group>"; };
		780E17611AEE7D52007A4A88 /* SystemInfo.m */ = {isa = PBXFileReference; fileEncoding = 4; lastKnownFileType = sourcecode.c.objc; path = SystemInfo.m; sourceTree = "<group>"; };
		780E17641AEE7DDB007A4A88 /* UIKit.framework */ = {isa = PBXFileReference; lastKnownFileType = wrapper.framework; name = UIKit.framework; path = System/Library/Frameworks/UIKit.framework; sourceTree = SDKROOT; };
		780E17691AEF07E0007A4A88 /* Default-568h@2x.png */ = {isa = PBXFileReference; lastKnownFileType = image.png; path = "Default-568h@2x.png"; sourceTree = "<group>"; };
		780E176A1AEF07E0007A4A88 /* Default.png */ = {isa = PBXFileReference; lastKnownFileType = image.png; path = Default.png; sourceTree = "<group>"; };
		780E176B1AEF07E0007A4A88 /* Default@2x.png */ = {isa = PBXFileReference; lastKnownFileType = image.png; path = "Default@2x.png"; sourceTree = "<group>"; };
		781D202A1B9B3D96007CB433 /* GameReachability.h */ = {isa = PBXFileReference; fileEncoding = 4; lastKnownFileType = sourcecode.c.h; path = GameReachability.h; sourceTree = "<group>"; };
		781D202B1B9B3D96007CB433 /* GameReachability.m */ = {isa = PBXFileReference; fileEncoding = 4; lastKnownFileType = sourcecode.c.objc; path = GameReachability.m; sourceTree = "<group>"; };
		781FA8191AED17C50048B337 /* SpriteUIView.h */ = {isa = PBXFileReference; fileEncoding = 4; lastKnownFileType = sourcecode.c.h; path = SpriteUIView.h; sourceTree = "<group>"; };
		781FA81A1AED17C50048B337 /* SpriteUIView.m */ = {isa = PBXFileReference; fileEncoding = 4; lastKnownFileType = sourcecode.c.objc; path = SpriteUIView.m; sourceTree = "<group>"; };
		781FF6721B4BF44800C03D4E /* image_shezhi.png */ = {isa = PBXFileReference; lastKnownFileType = image.png; path = image_shezhi.png; sourceTree = "<group>"; };
		781FF6741B4C1C7800C03D4E /* image_setting_2_close.png */ = {isa = PBXFileReference; lastKnownFileType = image.png; path = image_setting_2_close.png; sourceTree = "<group>"; };
		781FF6751B4C1C7800C03D4E /* image_setting_2.png */ = {isa = PBXFileReference; lastKnownFileType = image.png; path = image_setting_2.png; sourceTree = "<group>"; };
		782066831B710195009F9B6E /* DialogViewEnergy.h */ = {isa = PBXFileReference; fileEncoding = 4; lastKnownFileType = sourcecode.c.h; path = DialogViewEnergy.h; sourceTree = "<group>"; };
		782066841B710195009F9B6E /* DialogViewEnergy.m */ = {isa = PBXFileReference; fileEncoding = 4; lastKnownFileType = sourcecode.c.objc; path = DialogViewEnergy.m; sourceTree = "<group>"; };
		78257D211B4175DE00635D4F /* image_+-2.png */ = {isa = PBXFileReference; lastKnownFileType = image.png; path = "image_+-2.png"; sourceTree = "<group>"; };
		78298F7A1F58148700080111 /* AppDataStorage.h */ = {isa = PBXFileReference; fileEncoding = 4; lastKnownFileType = sourcecode.c.h; path = AppDataStorage.h; sourceTree = "<group>"; };
		78298F7B1F58148700080111 /* AppDataStorage.m */ = {isa = PBXFileReference; fileEncoding = 4; lastKnownFileType = sourcecode.c.objc; path = AppDataStorage.m; sourceTree = "<group>"; };
		78298F7D1F58155A00080111 /* AboutController.h */ = {isa = PBXFileReference; fileEncoding = 4; lastKnownFileType = sourcecode.c.h; path = AboutController.h; sourceTree = "<group>"; };
		78298F7E1F58155A00080111 /* AboutController.m */ = {isa = PBXFileReference; fileEncoding = 4; lastKnownFileType = sourcecode.c.objc; path = AboutController.m; sourceTree = "<group>"; };
		782B1F791AE35B450051D053 /* chaigangkuai.app */ = {isa = PBXFileReference; explicitFileType = wrapper.application; includeInIndex = 0; path = chaigangkuai.app; sourceTree = BUILT_PRODUCTS_DIR; };
		782B1F7D1AE35B450051D053 /* Info.plist */ = {isa = PBXFileReference; lastKnownFileType = text.plist.xml; path = Info.plist; sourceTree = "<group>"; };
		782B1F7E1AE35B450051D053 /* main.m */ = {isa = PBXFileReference; lastKnownFileType = sourcecode.c.objc; path = main.m; sourceTree = "<group>"; };
		782B1F801AE35B450051D053 /* AppDelegate.h */ = {isa = PBXFileReference; lastKnownFileType = sourcecode.c.h; path = AppDelegate.h; sourceTree = "<group>"; };
		782B1F811AE35B450051D053 /* AppDelegate.m */ = {isa = PBXFileReference; lastKnownFileType = sourcecode.c.objc; path = AppDelegate.m; sourceTree = "<group>"; };
		782B1F831AE35B450051D053 /* ViewController.h */ = {isa = PBXFileReference; lastKnownFileType = sourcecode.c.h; path = ViewController.h; sourceTree = "<group>"; };
		782B1F841AE35B450051D053 /* ViewController.m */ = {isa = PBXFileReference; lastKnownFileType = sourcecode.c.objc; path = ViewController.m; sourceTree = "<group>"; };
		782B1F891AE35B450051D053 /* Images.xcassets */ = {isa = PBXFileReference; lastKnownFileType = folder.assetcatalog; path = Images.xcassets; sourceTree = "<group>"; };
		782B1F8C1AE35B450051D053 /* Base */ = {isa = PBXFileReference; lastKnownFileType = file.xib; name = Base; path = Base.lproj/LaunchScreen.xib; sourceTree = "<group>"; };
		782B1F971AE35B450051D053 /* Info.plist */ = {isa = PBXFileReference; lastKnownFileType = text.plist.xml; path = Info.plist; sourceTree = "<group>"; };
		782B1F981AE35B450051D053 /* CoreAnimationLearningTests.m */ = {isa = PBXFileReference; lastKnownFileType = sourcecode.c.objc; path = CoreAnimationLearningTests.m; sourceTree = "<group>"; };
		782C6A0C1B3666B600A56A9C /* image_result_star_2.png */ = {isa = PBXFileReference; lastKnownFileType = image.png; path = image_result_star_2.png; sourceTree = "<group>"; };
		782C6A0D1B3666B600A56A9C /* image_result_star.png */ = {isa = PBXFileReference; lastKnownFileType = image.png; path = image_result_star.png; sourceTree = "<group>"; };
		782EFAA51B495CCE00DBA5A9 /* image_baseViewDialog.png */ = {isa = PBXFileReference; lastKnownFileType = image.png; path = image_baseViewDialog.png; sourceTree = "<group>"; };
		7832568C1B2F22F3007178D4 /* image_play.png */ = {isa = PBXFileReference; lastKnownFileType = image.png; path = image_play.png; sourceTree = "<group>"; };
		7832568E1B2F277A007178D4 /* image_noads.png */ = {isa = PBXFileReference; lastKnownFileType = image.png; path = image_noads.png; sourceTree = "<group>"; };
		783256901B2F2AB9007178D4 /* image_setting_1.png */ = {isa = PBXFileReference; lastKnownFileType = image.png; path = image_setting_1.png; sourceTree = "<group>"; };
		783256911B2F2AB9007178D4 /* image_setting_1_open.png */ = {isa = PBXFileReference; lastKnownFileType = image.png; path = image_setting_1_open.png; sourceTree = "<group>"; };
		7835010D1B15C2CE00830DAE /* UIViewFinishPlayAlert.h */ = {isa = PBXFileReference; fileEncoding = 4; lastKnownFileType = sourcecode.c.h; path = UIViewFinishPlayAlert.h; sourceTree = "<group>"; };
		7835010E1B15C2CE00830DAE /* UIViewFinishPlayAlert.m */ = {isa = PBXFileReference; fileEncoding = 4; lastKnownFileType = sourcecode.c.objc; path = UIViewFinishPlayAlert.m; sourceTree = "<group>"; };
		7836C7DC1AF3CE8D00E4AFAB /* Accelerate.framework */ = {isa = PBXFileReference; lastKnownFileType = wrapper.framework; name = Accelerate.framework; path = System/Library/Frameworks/Accelerate.framework; sourceTree = SDKROOT; };
		7837633B1B2E4CCD00F70207 /* image_back.png */ = {isa = PBXFileReference; lastKnownFileType = image.png; path = image_back.png; sourceTree = "<group>"; };
		7837633F1B2E503A00F70207 /* image_pause.png */ = {isa = PBXFileReference; lastKnownFileType = image.png; path = image_pause.png; sourceTree = "<group>"; };
		783E47231B50C50300CE6963 /* image_main_background.png */ = {isa = PBXFileReference; lastKnownFileType = image.png; path = image_main_background.png; sourceTree = "<group>"; };
		783E473B1B51FBB500CE6963 /* image_setting_3.png */ = {isa = PBXFileReference; lastKnownFileType = image.png; path = image_setting_3.png; sourceTree = "<group>"; };
		783E473D1B51FEF500CE6963 /* image_setting_4.png */ = {isa = PBXFileReference; lastKnownFileType = image.png; path = image_setting_4.png; sourceTree = "<group>"; };
		783E47421B5211DE00CE6963 /* Icon-72.png */ = {isa = PBXFileReference; lastKnownFileType = image.png; name = "Icon-72.png"; path = "icon/Icon-72.png"; sourceTree = SOURCE_ROOT; };
		783E47431B5211DE00CE6963 /* Icon-72@2x.png */ = {isa = PBXFileReference; lastKnownFileType = image.png; name = "Icon-72@2x.png"; path = "icon/Icon-72@2x.png"; sourceTree = SOURCE_ROOT; };
		783E47441B5211DE00CE6963 /* Icon-Small-50.png */ = {isa = PBXFileReference; lastKnownFileType = image.png; name = "Icon-Small-50.png"; path = "icon/Icon-Small-50.png"; sourceTree = SOURCE_ROOT; };
		783E47451B5211DE00CE6963 /* Icon-Small-50@2x.png */ = {isa = PBXFileReference; lastKnownFileType = image.png; name = "Icon-Small-50@2x.png"; path = "icon/Icon-Small-50@2x.png"; sourceTree = SOURCE_ROOT; };
		783E47461B5211DE00CE6963 /* Icon-Small.png */ = {isa = PBXFileReference; lastKnownFileType = image.png; name = "Icon-Small.png"; path = "icon/Icon-Small.png"; sourceTree = SOURCE_ROOT; };
		783E47471B5211DE00CE6963 /* Icon-Small@2x.png */ = {isa = PBXFileReference; lastKnownFileType = image.png; name = "Icon-Small@2x.png"; path = "icon/Icon-Small@2x.png"; sourceTree = SOURCE_ROOT; };
		783E47481B5211DE00CE6963 /* Icon.png */ = {isa = PBXFileReference; lastKnownFileType = image.png; name = Icon.png; path = icon/Icon.png; sourceTree = SOURCE_ROOT; };
		783E47491B5211DE00CE6963 /* Icon@2x.png */ = {isa = PBXFileReference; lastKnownFileType = image.png; name = "Icon@2x.png"; path = "icon/Icon@2x.png"; sourceTree = SOURCE_ROOT; };
		783E474A1B5211DE00CE6963 /* iTunesArtwork.png */ = {isa = PBXFileReference; lastKnownFileType = image.png; name = iTunesArtwork.png; path = icon/iTunesArtwork.png; sourceTree = SOURCE_ROOT; };
		783E474B1B5211DE00CE6963 /* iTunesArtwork@2x.png */ = {isa = PBXFileReference; lastKnownFileType = image.png; name = "iTunesArtwork@2x.png"; path = "icon/iTunesArtwork@2x.png"; sourceTree = SOURCE_ROOT; };
		783E474C1B5211DE00CE6963 /* Original.png */ = {isa = PBXFileReference; lastKnownFileType = image.png; name = Original.png; path = icon/Original.png; sourceTree = SOURCE_ROOT; };
		783E47581B5A351C00CE6963 /* GameIntroductionView.h */ = {isa = PBXFileReference; fileEncoding = 4; lastKnownFileType = sourcecode.c.h; path = GameIntroductionView.h; sourceTree = "<group>"; };
		783E47591B5A351C00CE6963 /* GameIntroductionView.m */ = {isa = PBXFileReference; fileEncoding = 4; lastKnownFileType = sourcecode.c.objc; path = GameIntroductionView.m; sourceTree = "<group>"; };
		7844B7071AEA9A05006DE282 /* CollectionViewControllerPlay.h */ = {isa = PBXFileReference; fileEncoding = 4; lastKnownFileType = sourcecode.c.h; path = CollectionViewControllerPlay.h; sourceTree = "<group>"; };
		7844B7081AEA9A05006DE282 /* CollectionViewControllerPlay.m */ = {isa = PBXFileReference; fileEncoding = 4; lastKnownFileType = sourcecode.c.objc; path = CollectionViewControllerPlay.m; sourceTree = "<group>"; };
		7844B7171AEB28F5006DE282 /* CoreMedia.framework */ = {isa = PBXFileReference; lastKnownFileType = wrapper.framework; name = CoreMedia.framework; path = System/Library/Frameworks/CoreMedia.framework; sourceTree = SDKROOT; };
		7844B7191AEB29B0006DE282 /* AVFoundation.framework */ = {isa = PBXFileReference; lastKnownFileType = wrapper.framework; name = AVFoundation.framework; path = System/Library/Frameworks/AVFoundation.framework; sourceTree = SDKROOT; };
		7844B71D1AEB3119006DE282 /* GameAlgorithm.h */ = {isa = PBXFileReference; fileEncoding = 4; lastKnownFileType = sourcecode.c.h; path = GameAlgorithm.h; sourceTree = "<group>"; };
		7844B71E1AEB3119006DE282 /* GameAlgorithm.m */ = {isa = PBXFileReference; fileEncoding = 4; lastKnownFileType = sourcecode.c.objc; path = GameAlgorithm.m; sourceTree = "<group>"; };
		784E5DBB1B3CCC69006FB684 /* GooeyCircle.h */ = {isa = PBXFileReference; fileEncoding = 4; lastKnownFileType = sourcecode.c.h; name = GooeyCircle.h; path = animatePageControl/GooeyCircle.h; sourceTree = "<group>"; };
		784E5DBC1B3CCC69006FB684 /* GooeyCircle.m */ = {isa = PBXFileReference; fileEncoding = 4; lastKnownFileType = sourcecode.c.objc; name = GooeyCircle.m; path = animatePageControl/GooeyCircle.m; sourceTree = "<group>"; };
		784E5DBD1B3CCC69006FB684 /* Indicator.h */ = {isa = PBXFileReference; fileEncoding = 4; lastKnownFileType = sourcecode.c.h; name = Indicator.h; path = animatePageControl/Indicator.h; sourceTree = "<group>"; };
		784E5DBE1B3CCC69006FB684 /* Indicator.m */ = {isa = PBXFileReference; fileEncoding = 4; lastKnownFileType = sourcecode.c.objc; name = Indicator.m; path = animatePageControl/Indicator.m; sourceTree = "<group>"; };
		784E5DBF1B3CCC69006FB684 /* KYAnimatedPageControl.h */ = {isa = PBXFileReference; fileEncoding = 4; lastKnownFileType = sourcecode.c.h; name = KYAnimatedPageControl.h; path = animatePageControl/KYAnimatedPageControl.h; sourceTree = "<group>"; };
		784E5DC01B3CCC69006FB684 /* KYAnimatedPageControl.m */ = {isa = PBXFileReference; fileEncoding = 4; lastKnownFileType = sourcecode.c.objc; name = KYAnimatedPageControl.m; path = animatePageControl/KYAnimatedPageControl.m; sourceTree = "<group>"; };
		784E5DC11B3CCC69006FB684 /* KYSpringLayerAnimation.h */ = {isa = PBXFileReference; fileEncoding = 4; lastKnownFileType = sourcecode.c.h; name = KYSpringLayerAnimation.h; path = animatePageControl/KYSpringLayerAnimation.h; sourceTree = "<group>"; };
		784E5DC21B3CCC69006FB684 /* KYSpringLayerAnimation.m */ = {isa = PBXFileReference; fileEncoding = 4; lastKnownFileType = sourcecode.c.objc; name = KYSpringLayerAnimation.m; path = animatePageControl/KYSpringLayerAnimation.m; sourceTree = "<group>"; };
		784E5DC31B3CCC69006FB684 /* Line.h */ = {isa = PBXFileReference; fileEncoding = 4; lastKnownFileType = sourcecode.c.h; name = Line.h; path = animatePageControl/Line.h; sourceTree = "<group>"; };
		784E5DC41B3CCC69006FB684 /* Line.m */ = {isa = PBXFileReference; fileEncoding = 4; lastKnownFileType = sourcecode.c.objc; name = Line.m; path = animatePageControl/Line.m; sourceTree = "<group>"; };
		784E5DC51B3CCC69006FB684 /* RotateRect.h */ = {isa = PBXFileReference; fileEncoding = 4; lastKnownFileType = sourcecode.c.h; name = RotateRect.h; path = animatePageControl/RotateRect.h; sourceTree = "<group>"; };
		784E5DC61B3CCC69006FB684 /* RotateRect.m */ = {isa = PBXFileReference; fileEncoding = 4; lastKnownFileType = sourcecode.c.objc; name = RotateRect.m; path = animatePageControl/RotateRect.m; sourceTree = "<group>"; };
		785A5A6D1B89A1A000BBBB0E /* GameKeychain.h */ = {isa = PBXFileReference; fileEncoding = 4; lastKnownFileType = sourcecode.c.h; path = GameKeychain.h; sourceTree = "<group>"; };
		785A5A6E1B89A1A000BBBB0E /* GameKeychain.m */ = {isa = PBXFileReference; fileEncoding = 4; lastKnownFileType = sourcecode.c.objc; path = GameKeychain.m; sourceTree = "<group>"; };
		785D87C31B3FF62200F9E680 /* image_+2.png */ = {isa = PBXFileReference; lastKnownFileType = image.png; path = "image_+2.png"; sourceTree = "<group>"; };
		785D87C41B3FF62200F9E680 /* image_+4.png */ = {isa = PBXFileReference; lastKnownFileType = image.png; path = "image_+4.png"; sourceTree = "<group>"; };
		785D87C51B3FF62200F9E680 /* image_+6.png */ = {isa = PBXFileReference; lastKnownFileType = image.png; path = "image_+6.png"; sourceTree = "<group>"; };
		7860DFB91B37FCF90024D2B5 /* image_DazRing.png */ = {isa = PBXFileReference; lastKnownFileType = image.png; path = image_DazRing.png; sourceTree = "<group>"; };
		7860DFBA1B37FCF90024D2B5 /* image_DazStarOutline.png */ = {isa = PBXFileReference; lastKnownFileType = image.png; path = image_DazStarOutline.png; sourceTree = "<group>"; };
		7860DFBF1B383BCF0024D2B5 /* image_snow1.png */ = {isa = PBXFileReference; lastKnownFileType = image.png; path = image_snow1.png; sourceTree = "<group>"; };
		7860DFC11B383BDE0024D2B5 /* CustomButton.h */ = {isa = PBXFileReference; fileEncoding = 4; lastKnownFileType = sourcecode.c.h; path = CustomButton.h; sourceTree = "<group>"; };
		7860DFC21B383BDE0024D2B5 /* CustomButton.m */ = {isa = PBXFileReference; fileEncoding = 4; lastKnownFileType = sourcecode.c.objc; path = CustomButton.m; sourceTree = "<group>"; };
		7860DFC31B383BDE0024D2B5 /* EmitterView.h */ = {isa = PBXFileReference; fileEncoding = 4; lastKnownFileType = sourcecode.c.h; path = EmitterView.h; sourceTree = "<group>"; };
		7860DFC41B383BDE0024D2B5 /* EmitterView.m */ = {isa = PBXFileReference; fileEncoding = 4; lastKnownFileType = sourcecode.c.objc; path = EmitterView.m; sourceTree = "<group>"; };
		786FDEED1B66485A001EC411 /* CoreTelephony.framework */ = {isa = PBXFileReference; lastKnownFileType = wrapper.framework; name = CoreTelephony.framework; path = System/Library/Frameworks/CoreTelephony.framework; sourceTree = SDKROOT; };
		786FDEEF1B664861001EC411 /* MessageUI.framework */ = {isa = PBXFileReference; lastKnownFileType = wrapper.framework; name = MessageUI.framework; path = System/Library/Frameworks/MessageUI.framework; sourceTree = SDKROOT; };
		786FDEF11B66486C001EC411 /* CoreLocation.framework */ = {isa = PBXFileReference; lastKnownFileType = wrapper.framework; name = CoreLocation.framework; path = System/Library/Frameworks/CoreLocation.framework; sourceTree = SDKROOT; };
		786FDEF31B66487F001EC411 /* CFNetwork.framework */ = {isa = PBXFileReference; lastKnownFileType = wrapper.framework; name = CFNetwork.framework; path = System/Library/Frameworks/CFNetwork.framework; sourceTree = SDKROOT; };
		786FDEF51B664889001EC411 /* AdSupport.framework */ = {isa = PBXFileReference; lastKnownFileType = wrapper.framework; name = AdSupport.framework; path = System/Library/Frameworks/AdSupport.framework; sourceTree = SDKROOT; };
		78735F371B5E72BD0041846E /* image_intro_1.png */ = {isa = PBXFileReference; lastKnownFileType = image.png; path = image_intro_1.png; sourceTree = "<group>"; };
		78735F381B5E72BD0041846E /* image_intro_2.png */ = {isa = PBXFileReference; lastKnownFileType = image.png; path = image_intro_2.png; sourceTree = "<group>"; };
		78735F391B5E72BD0041846E /* image_intro_3.png */ = {isa = PBXFileReference; lastKnownFileType = image.png; path = image_intro_3.png; sourceTree = "<group>"; };
		78735F3A1B5E72BD0041846E /* image_intro_4.png */ = {isa = PBXFileReference; lastKnownFileType = image.png; path = image_intro_4.png; sourceTree = "<group>"; };
		78735F3F1B5E78DD0041846E /* image_intro_header.png */ = {isa = PBXFileReference; lastKnownFileType = image.png; path = image_intro_header.png; sourceTree = "<group>"; };
		78735F411B5E7F4D0041846E /* image_intro_detail_1.png */ = {isa = PBXFileReference; lastKnownFileType = image.png; path = image_intro_detail_1.png; sourceTree = "<group>"; };
		78735F421B5E7F4D0041846E /* image_intro_detail_2.png */ = {isa = PBXFileReference; lastKnownFileType = image.png; path = image_intro_detail_2.png; sourceTree = "<group>"; };
		78735F431B5E7F4D0041846E /* image_intro_detail_3.png */ = {isa = PBXFileReference; lastKnownFileType = image.png; path = image_intro_detail_3.png; sourceTree = "<group>"; };
		78735F441B5E7F4D0041846E /* image_intro_detail_4.png */ = {isa = PBXFileReference; lastKnownFileType = image.png; path = image_intro_detail_4.png; sourceTree = "<group>"; };
		78735F451B5E7F4D0041846E /* image_intro_detail_5.png */ = {isa = PBXFileReference; lastKnownFileType = image.png; path = image_intro_detail_5.png; sourceTree = "<group>"; };
		78735F4B1B5E88A10041846E /* image_intro_5.png */ = {isa = PBXFileReference; lastKnownFileType = image.png; path = image_intro_5.png; sourceTree = "<group>"; };
		78767B051CBCF579004590EF /* libsqlite3.tbd */ = {isa = PBXFileReference; lastKnownFileType = "sourcecode.text-based-dylib-definition"; name = libsqlite3.tbd; path = usr/lib/libsqlite3.tbd; sourceTree = SDKROOT; };
		78767B071CBCF583004590EF /* libc++.tbd */ = {isa = PBXFileReference; lastKnownFileType = "sourcecode.text-based-dylib-definition"; name = "libc++.tbd"; path = "usr/lib/libc++.tbd"; sourceTree = SDKROOT; };
		78767B091CBCF599004590EF /* libsqlite3.0.tbd */ = {isa = PBXFileReference; lastKnownFileType = "sourcecode.text-based-dylib-definition"; name = libsqlite3.0.tbd; path = usr/lib/libsqlite3.0.tbd; sourceTree = SDKROOT; };
		7882DD651B2D1BD40049A296 /* WeiXinShare.h */ = {isa = PBXFileReference; fileEncoding = 4; lastKnownFileType = sourcecode.c.h; path = WeiXinShare.h; sourceTree = "<group>"; };
		7882DD661B2D1BD40049A296 /* WeiXinShare.m */ = {isa = PBXFileReference; fileEncoding = 4; lastKnownFileType = sourcecode.c.objc; path = WeiXinShare.m; sourceTree = "<group>"; };
		7882DD6A1B2D20520049A296 /* SystemConfiguration.framework */ = {isa = PBXFileReference; lastKnownFileType = wrapper.framework; name = SystemConfiguration.framework; path = System/Library/Frameworks/SystemConfiguration.framework; sourceTree = SDKROOT; };
		7882DD701B2D20770049A296 /* Foundation.framework */ = {isa = PBXFileReference; lastKnownFileType = wrapper.framework; name = Foundation.framework; path = System/Library/Frameworks/Foundation.framework; sourceTree = SDKROOT; };
		7882DD7B1B2D22FF0049A296 /* libWeChatSDK.a */ = {isa = PBXFileReference; lastKnownFileType = archive.ar; name = libWeChatSDK.a; path = thirdPart/WeChatSDK_1.5/libWeChatSDK.a; sourceTree = "<group>"; };
		7882DD7C1B2D22FF0049A296 /* WXApi.h */ = {isa = PBXFileReference; fileEncoding = 4; lastKnownFileType = sourcecode.c.h; name = WXApi.h; path = thirdPart/WeChatSDK_1.5/WXApi.h; sourceTree = "<group>"; };
		7882DD7D1B2D22FF0049A296 /* WXApiObject.h */ = {isa = PBXFileReference; fileEncoding = 4; lastKnownFileType = sourcecode.c.h; name = WXApiObject.h; path = thirdPart/WeChatSDK_1.5/WXApiObject.h; sourceTree = "<group>"; };
		7882DD811B2D7F880049A296 /* IAPManager.h */ = {isa = PBXFileReference; fileEncoding = 4; lastKnownFileType = sourcecode.c.h; path = IAPManager.h; sourceTree = "<group>"; };
		7882DD821B2D7F880049A296 /* IAPManager.m */ = {isa = PBXFileReference; fileEncoding = 4; lastKnownFileType = sourcecode.c.objc; path = IAPManager.m; sourceTree = "<group>"; };
		7882DD841B2D7FA50049A296 /* StoreKit.framework */ = {isa = PBXFileReference; lastKnownFileType = wrapper.framework; name = StoreKit.framework; path = System/Library/Frameworks/StoreKit.framework; sourceTree = SDKROOT; };
		7882DD861B2D7FFB0049A296 /* ActivityIndicator.h */ = {isa = PBXFileReference; fileEncoding = 4; lastKnownFileType = sourcecode.c.h; path = ActivityIndicator.h; sourceTree = "<group>"; };
		7882DD871B2D7FFB0049A296 /* ActivityIndicator.m */ = {isa = PBXFileReference; fileEncoding = 4; lastKnownFileType = sourcecode.c.objc; path = ActivityIndicator.m; sourceTree = "<group>"; };
		7882DD881B2D7FFB0049A296 /* DialogView.h */ = {isa = PBXFileReference; fileEncoding = 4; lastKnownFileType = sourcecode.c.h; path = DialogView.h; sourceTree = "<group>"; };
		7882DD891B2D7FFB0049A296 /* DialogView.m */ = {isa = PBXFileReference; fileEncoding = 4; lastKnownFileType = sourcecode.c.objc; path = DialogView.m; sourceTree = "<group>"; };
		7882DD8D1B2DAF5C0049A296 /* image_lockClose.png */ = {isa = PBXFileReference; lastKnownFileType = image.png; path = image_lockClose.png; sourceTree = "<group>"; };
		7882DD8E1B2DAF5C0049A296 /* image_lockOpen.png */ = {isa = PBXFileReference; lastKnownFileType = image.png; path = image_lockOpen.png; sourceTree = "<group>"; };
		7882DD931B2DC3E50049A296 /* image_paiming.png */ = {isa = PBXFileReference; lastKnownFileType = image.png; path = image_paiming.png; sourceTree = "<group>"; };
		7882DD951B2DD32F0049A296 /* image_share.png */ = {isa = PBXFileReference; lastKnownFileType = image.png; path = image_share.png; sourceTree = "<group>"; };
		788437211B6DA92300967239 /* music_timeup.mp3 */ = {isa = PBXFileReference; lastKnownFileType = audio.mp3; path = music_timeup.mp3; sourceTree = "<group>"; };
		788437231B6DB6DD00967239 /* music_level.mp3 */ = {isa = PBXFileReference; lastKnownFileType = audio.mp3; path = music_level.mp3; sourceTree = "<group>"; };
		7885FF7D1B6E66A800BF3AE7 /* image_main_video.png */ = {isa = PBXFileReference; lastKnownFileType = image.png; path = image_main_video.png; sourceTree = "<group>"; };
		789CBDEF1B8A8BAA00F40A84 /* Icon-60.png */ = {isa = PBXFileReference; lastKnownFileType = image.png; name = "Icon-60.png"; path = "icon/Icon-60.png"; sourceTree = SOURCE_ROOT; };
		789CBDF01B8A8BAA00F40A84 /* Icon-60@2x.png */ = {isa = PBXFileReference; lastKnownFileType = image.png; name = "Icon-60@2x.png"; path = "icon/Icon-60@2x.png"; sourceTree = SOURCE_ROOT; };
		789CBDF11B8A8BAA00F40A84 /* Icon-76.png */ = {isa = PBXFileReference; lastKnownFileType = image.png; name = "Icon-76.png"; path = "icon/Icon-76.png"; sourceTree = SOURCE_ROOT; };
		789CBDF21B8A8BAA00F40A84 /* Icon-76@2x.png */ = {isa = PBXFileReference; lastKnownFileType = image.png; name = "Icon-76@2x.png"; path = "icon/Icon-76@2x.png"; sourceTree = SOURCE_ROOT; };
		789CBDF71B8A8D8D00F40A84 /* Icon-120.png */ = {isa = PBXFileReference; lastKnownFileType = image.png; name = "Icon-120.png"; path = "icon/Icon-120.png"; sourceTree = SOURCE_ROOT; };
		789CBDF81B8A8D8D00F40A84 /* Icon-152.png */ = {isa = PBXFileReference; lastKnownFileType = image.png; name = "Icon-152.png"; path = "icon/Icon-152.png"; sourceTree = SOURCE_ROOT; };
		789CBDFB1B8A91BB00F40A84 /* Icon-40.png */ = {isa = PBXFileReference; lastKnownFileType = image.png; name = "Icon-40.png"; path = "icon/Icon-40.png"; sourceTree = SOURCE_ROOT; };
		789CBDFC1B8A91BB00F40A84 /* Icon-40@2x.png */ = {isa = PBXFileReference; lastKnownFileType = image.png; name = "Icon-40@2x.png"; path = "icon/Icon-40@2x.png"; sourceTree = SOURCE_ROOT; };
		789CBDFD1B8A91BB00F40A84 /* Icon-40@3x.png */ = {isa = PBXFileReference; lastKnownFileType = image.png; name = "Icon-40@3x.png"; path = "icon/Icon-40@3x.png"; sourceTree = SOURCE_ROOT; };
		789CBDFE1B8A91BB00F40A84 /* Icon-60@3x.png */ = {isa = PBXFileReference; lastKnownFileType = image.png; name = "Icon-60@3x.png"; path = "icon/Icon-60@3x.png"; sourceTree = SOURCE_ROOT; };
		789CBDFF1B8A91BB00F40A84 /* Icon-Small@3x.png */ = {isa = PBXFileReference; lastKnownFileType = image.png; name = "Icon-Small@3x.png"; path = "icon/Icon-Small@3x.png"; sourceTree = SOURCE_ROOT; };
		78A02A891B6CC84400852F29 /* music_firework_explot.mp3 */ = {isa = PBXFileReference; lastKnownFileType = audio.mp3; path = music_firework_explot.mp3; sourceTree = "<group>"; };
		78A02A8A1B6CC84400852F29 /* music_firework_shot.mp3 */ = {isa = PBXFileReference; lastKnownFileType = audio.mp3; path = music_firework_shot.mp3; sourceTree = "<group>"; };
		78A02A8B1B6CC84400852F29 /* music_num_add.mp3 */ = {isa = PBXFileReference; lastKnownFileType = audio.mp3; path = music_num_add.mp3; sourceTree = "<group>"; };
		78A02A8C1B6CC84400852F29 /* music_screen_switch.mp3 */ = {isa = PBXFileReference; lastKnownFileType = audio.mp3; path = music_screen_switch.mp3; sourceTree = "<group>"; };
		78A02A8D1B6CC84400852F29 /* music_star_1.mp3 */ = {isa = PBXFileReference; lastKnownFileType = audio.mp3; path = music_star_1.mp3; sourceTree = "<group>"; };
		78A02A8E1B6CC84400852F29 /* music_star_2.mp3 */ = {isa = PBXFileReference; lastKnownFileType = audio.mp3; path = music_star_2.mp3; sourceTree = "<group>"; };
		78A02A8F1B6CC84400852F29 /* music_star_3.mp3 */ = {isa = PBXFileReference; lastKnownFileType = audio.mp3; path = music_star_3.mp3; sourceTree = "<group>"; };
		78A02A901B6CC84400852F29 /* music_time_up.mp3 */ = {isa = PBXFileReference; lastKnownFileType = audio.mp3; path = music_time_up.mp3; sourceTree = "<group>"; };
		78A6CC521B6D1C7A004478FA /* music_finish_cheer.mp3 */ = {isa = PBXFileReference; lastKnownFileType = audio.mp3; path = music_finish_cheer.mp3; sourceTree = "<group>"; };
		78AE01501B0C710300FE1558 /* image_back_point.png */ = {isa = PBXFileReference; lastKnownFileType = image.png; path = image_back_point.png; sourceTree = "<group>"; };
		78B1C3631B64A418009CB13F /* music_2.mp3 */ = {isa = PBXFileReference; lastKnownFileType = audio.mp3; path = music_2.mp3; sourceTree = "<group>"; };
		78B1C3641B64A418009CB13F /* music_3.mp3 */ = {isa = PBXFileReference; lastKnownFileType = audio.mp3; path = music_3.mp3; sourceTree = "<group>"; };
		78B1C3661B64A418009CB13F /* music_main.mp3 */ = {isa = PBXFileReference; lastKnownFileType = audio.mp3; path = music_main.mp3; sourceTree = "<group>"; };
		78B1C36B1B64C6FA009CB13F /* music_1.mp3 */ = {isa = PBXFileReference; lastKnownFileType = audio.mp3; path = music_1.mp3; sourceTree = "<group>"; };
		78B1C36C1B64C6FA009CB13F /* music_click.mp3 */ = {isa = PBXFileReference; lastKnownFileType = audio.mp3; path = music_click.mp3; sourceTree = "<group>"; };
		78B1C36D1B64C6FA009CB13F /* music_error.mp3 */ = {isa = PBXFileReference; lastKnownFileType = audio.mp3; path = music_error.mp3; sourceTree = "<group>"; };
		78B1C37F1B650F16009CB13F /* MediaPlayer.framework */ = {isa = PBXFileReference; lastKnownFileType = wrapper.framework; name = MediaPlayer.framework; path = System/Library/Frameworks/MediaPlayer.framework; sourceTree = SDKROOT; };
		78B1C3811B650F23009CB13F /* QuartzCore.framework */ = {isa = PBXFileReference; lastKnownFileType = wrapper.framework; name = QuartzCore.framework; path = System/Library/Frameworks/QuartzCore.framework; sourceTree = SDKROOT; };
		78B1C3831B650F2E009CB13F /* CoreText.framework */ = {isa = PBXFileReference; lastKnownFileType = wrapper.framework; name = CoreText.framework; path = System/Library/Frameworks/CoreText.framework; sourceTree = SDKROOT; };
		78B1C3851B650F3A009CB13F /* CoreGraphics.framework */ = {isa = PBXFileReference; lastKnownFileType = wrapper.framework; name = CoreGraphics.framework; path = System/Library/Frameworks/CoreGraphics.framework; sourceTree = SDKROOT; };
		78B1C3871B650F4C009CB13F /* PassKit.framework */ = {isa = PBXFileReference; lastKnownFileType = wrapper.framework; name = PassKit.framework; path = System/Library/Frameworks/PassKit.framework; sourceTree = SDKROOT; };
		78B1C3891B650F54009CB13F /* Social.framework */ = {isa = PBXFileReference; lastKnownFileType = wrapper.framework; name = Social.framework; path = System/Library/Frameworks/Social.framework; sourceTree = SDKROOT; };
		78B1C38B1B650F5F009CB13F /* EventKit.framework */ = {isa = PBXFileReference; lastKnownFileType = wrapper.framework; name = EventKit.framework; path = System/Library/Frameworks/EventKit.framework; sourceTree = SDKROOT; };
		78B1C38D1B650F71009CB13F /* AudioToolbox.framework */ = {isa = PBXFileReference; lastKnownFileType = wrapper.framework; name = AudioToolbox.framework; path = System/Library/Frameworks/AudioToolbox.framework; sourceTree = SDKROOT; };
		78B7903E1B6F9A3000CE1CF7 /* image_main_energy.png */ = {isa = PBXFileReference; lastKnownFileType = image.png; path = image_main_energy.png; sourceTree = "<group>"; };
		78C4E0251B2575D00047B834 /* SpriteView2.h */ = {isa = PBXFileReference; fileEncoding = 4; lastKnownFileType = sourcecode.c.h; path = SpriteView2.h; sourceTree = "<group>"; };
		78C4E0261B2575D00047B834 /* SpriteView2.m */ = {isa = PBXFileReference; fileEncoding = 4; lastKnownFileType = sourcecode.c.objc; path = SpriteView2.m; sourceTree = "<group>"; };
		78C4E02A1B26EFE50047B834 /* GameCenter.h */ = {isa = PBXFileReference; fileEncoding = 4; lastKnownFileType = sourcecode.c.h; path = GameCenter.h; sourceTree = "<group>"; };
		78C4E02B1B26EFE50047B834 /* GameCenter.m */ = {isa = PBXFileReference; fileEncoding = 4; lastKnownFileType = sourcecode.c.objc; path = GameCenter.m; sourceTree = "<group>"; };
		78C4E02D1B26EFFB0047B834 /* GameKit.framework */ = {isa = PBXFileReference; lastKnownFileType = wrapper.framework; name = GameKit.framework; path = System/Library/Frameworks/GameKit.framework; sourceTree = SDKROOT; };
		78CC362E1AF673AA00033213 /* GameKeyValue.h */ = {isa = PBXFileReference; fileEncoding = 4; lastKnownFileType = sourcecode.c.h; path = GameKeyValue.h; sourceTree = "<group>"; };
		78CC362F1AF673AA00033213 /* GameKeyValue.m */ = {isa = PBXFileReference; fileEncoding = 4; lastKnownFileType = sourcecode.c.objc; path = GameKeyValue.m; sourceTree = "<group>"; };
		78CC36671AF7C16100033213 /* LevelAndUserInfo.h */ = {isa = PBXFileReference; fileEncoding = 4; lastKnownFileType = sourcecode.c.h; path = LevelAndUserInfo.h; sourceTree = "<group>"; };
		78CC36681AF7C16100033213 /* LevelAndUserInfo.m */ = {isa = PBXFileReference; fileEncoding = 4; lastKnownFileType = sourcecode.c.objc; path = LevelAndUserInfo.m; sourceTree = "<group>"; };
		78E260901B1ACB5D00EB9F3E /* macro.h */ = {isa = PBXFileReference; fileEncoding = 4; lastKnownFileType = sourcecode.c.h; path = macro.h; sourceTree = "<group>"; };
		78E260911B1AEBA600EB9F3E /* GameDataGlobal.h */ = {isa = PBXFileReference; fileEncoding = 4; lastKnownFileType = sourcecode.c.h; path = GameDataGlobal.h; sourceTree = "<group>"; };
		78E260921B1AEBA600EB9F3E /* GameDataGlobal.m */ = {isa = PBXFileReference; fileEncoding = 4; lastKnownFileType = sourcecode.c.objc; path = GameDataGlobal.m; sourceTree = "<group>"; };
		78E50D651B14AE1600ECBACE /* image_playing_cellbackground.png */ = {isa = PBXFileReference; lastKnownFileType = image.png; path = image_playing_cellbackground.png; sourceTree = "<group>"; };
		78EB81D91C77428400C33040 /* GDTMobBannerView.h */ = {isa = PBXFileReference; fileEncoding = 4; lastKnownFileType = sourcecode.c.h; name = GDTMobBannerView.h; path = thirdPart/guangdiantong/GDTMobBannerView.h; sourceTree = "<group>"; };
		78EB81DA1C77428400C33040 /* GDTMobInterstitial.h */ = {isa = PBXFileReference; fileEncoding = 4; lastKnownFileType = sourcecode.c.h; name = GDTMobInterstitial.h; path = thirdPart/guangdiantong/GDTMobInterstitial.h; sourceTree = "<group>"; };
		78EB81DB1C77428400C33040 /* GDTNativeAd.h */ = {isa = PBXFileReference; fileEncoding = 4; lastKnownFileType = sourcecode.c.h; name = GDTNativeAd.h; path = thirdPart/guangdiantong/GDTNativeAd.h; sourceTree = "<group>"; };
		78EB81DC1C77428400C33040 /* GDTSplashAd.h */ = {isa = PBXFileReference; fileEncoding = 4; lastKnownFileType = sourcecode.c.h; name = GDTSplashAd.h; path = thirdPart/guangdiantong/GDTSplashAd.h; sourceTree = "<group>"; };
		78EB81DD1C77428400C33040 /* libGDTMobSDK.a */ = {isa = PBXFileReference; lastKnownFileType = archive.ar; name = libGDTMobSDK.a; path = thirdPart/guangdiantong/libGDTMobSDK.a; sourceTree = "<group>"; };
		78EB81E01C7742DC00C33040 /* Security.framework */ = {isa = PBXFileReference; lastKnownFileType = wrapper.framework; name = Security.framework; path = System/Library/Frameworks/Security.framework; sourceTree = SDKROOT; };
/* End PBXFileReference section */

/* Begin PBXFrameworksBuildPhase section */
		782B1F761AE35B450051D053 /* Frameworks */ = {
			isa = PBXFrameworksBuildPhase;
			buildActionMask = 2147483647;
			files = (
				78767B0A1CBCF599004590EF /* libsqlite3.0.tbd in Frameworks */,
				780C463A1C76C69D00756CE4 /* libz.tbd in Frameworks */,
				78767B081CBCF583004590EF /* libc++.tbd in Frameworks */,
				78767B061CBCF579004590EF /* libsqlite3.tbd in Frameworks */,
				7882DD851B2D7FA50049A296 /* StoreKit.framework in Frameworks */,
				78EB81E11C7742DC00C33040 /* Security.framework in Frameworks */,
				78B1C3821B650F23009CB13F /* QuartzCore.framework in Frameworks */,
				786FDEF21B66486C001EC411 /* CoreLocation.framework in Frameworks */,
				78EB81DF1C7742B400C33040 /* AdSupport.framework in Frameworks */,
				780C46381C76C69600756CE4 /* libicucore.tbd in Frameworks */,
				780C46361C76C68B00756CE4 /* CoreMotion.framework in Frameworks */,
				7882DD6B1B2D20520049A296 /* SystemConfiguration.framework in Frameworks */,
				7844B71A1AEB29B0006DE282 /* AVFoundation.framework in Frameworks */,
				78B1C38E1B650F71009CB13F /* AudioToolbox.framework in Frameworks */,
				786FDEF41B66487F001EC411 /* CFNetwork.framework in Frameworks */,
				786FDEF01B664861001EC411 /* MessageUI.framework in Frameworks */,
				786FDEEE1B66485A001EC411 /* CoreTelephony.framework in Frameworks */,
				78B1C38C1B650F5F009CB13F /* EventKit.framework in Frameworks */,
				78B1C38A1B650F54009CB13F /* Social.framework in Frameworks */,
				78B1C3881B650F4C009CB13F /* PassKit.framework in Frameworks */,
				78B1C3861B650F3A009CB13F /* CoreGraphics.framework in Frameworks */,
				78B1C3841B650F2E009CB13F /* CoreText.framework in Frameworks */,
				78EB81DE1C77428400C33040 /* libGDTMobSDK.a in Frameworks */,
				78B1C3801B650F16009CB13F /* MediaPlayer.framework in Frameworks */,
				78B1C37E1B650F0B009CB13F /* CoreMedia.framework in Frameworks */,
				7882DD711B2D20770049A296 /* Foundation.framework in Frameworks */,
				7882DD7E1B2D22FF0049A296 /* libWeChatSDK.a in Frameworks */,
				78C4E02E1B26EFFB0047B834 /* GameKit.framework in Frameworks */,
				7836C7DD1AF3CE8D00E4AFAB /* Accelerate.framework in Frameworks */,
				780E17651AEE7DDB007A4A88 /* UIKit.framework in Frameworks */,
			);
			runOnlyForDeploymentPostprocessing = 0;
		};
/* End PBXFrameworksBuildPhase section */

/* Begin PBXGroup section */
		78045D731AF212B700B5A169 /* levelscene */ = {
			isa = PBXGroup;
			children = (
				78E2608C1B1A943A00EB9F3E /* view */,
				78CC36661AF7C0C500033213 /* model */,
			);
			name = levelscene;
			sourceTree = "<group>";
		};
		780E17631AEE7D64007A4A88 /* systemInfoAndStorage */ = {
			isa = PBXGroup;
			children = (
				781D202A1B9B3D96007CB433 /* GameReachability.h */,
				781D202B1B9B3D96007CB433 /* GameReachability.m */,
				785A5A6D1B89A1A000BBBB0E /* GameKeychain.h */,
				785A5A6E1B89A1A000BBBB0E /* GameKeychain.m */,
				78E260901B1ACB5D00EB9F3E /* macro.h */,
				78CC362E1AF673AA00033213 /* GameKeyValue.h */,
				78CC362F1AF673AA00033213 /* GameKeyValue.m */,
				780E17601AEE7D52007A4A88 /* SystemInfo.h */,
				780E17611AEE7D52007A4A88 /* SystemInfo.m */,
			);
			name = systemInfoAndStorage;
			sourceTree = "<group>";
		};
		781FA81C1AED21510048B337 /* playing */ = {
			isa = PBXGroup;
			children = (
				7875FEE81B7D60E3009EE11A /* controller */,
				7835010C1B15C27500830DAE /* view */,
				7844B7201AEB313C006DE282 /* model */,
			);
			name = playing;
			sourceTree = "<group>";
		};
		78298F791F58148700080111 /* config */ = {
			isa = PBXGroup;
			children = (
				78298F7D1F58155A00080111 /* AboutController.h */,
				78298F7E1F58155A00080111 /* AboutController.m */,
				78298F7A1F58148700080111 /* AppDataStorage.h */,
				78298F7B1F58148700080111 /* AppDataStorage.m */,
			);
			path = config;
			sourceTree = "<group>";
		};
		782B1F701AE35B450051D053 = {
			isa = PBXGroup;
			children = (
				78767B091CBCF599004590EF /* libsqlite3.0.tbd */,
				78767B071CBCF583004590EF /* libc++.tbd */,
				78767B051CBCF579004590EF /* libsqlite3.tbd */,
				78EB81E01C7742DC00C33040 /* Security.framework */,
				780C46391C76C69D00756CE4 /* libz.tbd */,
				780C46371C76C69600756CE4 /* libicucore.tbd */,
				780C46351C76C68B00756CE4 /* CoreMotion.framework */,
				786FDEF51B664889001EC411 /* AdSupport.framework */,
				786FDEF31B66487F001EC411 /* CFNetwork.framework */,
				786FDEF11B66486C001EC411 /* CoreLocation.framework */,
				786FDEEF1B664861001EC411 /* MessageUI.framework */,
				786FDEED1B66485A001EC411 /* CoreTelephony.framework */,
				78B1C38D1B650F71009CB13F /* AudioToolbox.framework */,
				78B1C38B1B650F5F009CB13F /* EventKit.framework */,
				78B1C3891B650F54009CB13F /* Social.framework */,
				78B1C3871B650F4C009CB13F /* PassKit.framework */,
				78B1C3851B650F3A009CB13F /* CoreGraphics.framework */,
				78B1C3831B650F2E009CB13F /* CoreText.framework */,
				78B1C3811B650F23009CB13F /* QuartzCore.framework */,
				78B1C37F1B650F16009CB13F /* MediaPlayer.framework */,
				7882DD841B2D7FA50049A296 /* StoreKit.framework */,
				7882DD701B2D20770049A296 /* Foundation.framework */,
				7882DD6A1B2D20520049A296 /* SystemConfiguration.framework */,
				78C4E02D1B26EFFB0047B834 /* GameKit.framework */,
				7836C7DC1AF3CE8D00E4AFAB /* Accelerate.framework */,
				780E17641AEE7DDB007A4A88 /* UIKit.framework */,
				7844B7191AEB29B0006DE282 /* AVFoundation.framework */,
				7844B7171AEB28F5006DE282 /* CoreMedia.framework */,
				782B1F7B1AE35B450051D053 /* CoreAnimationLearning */,
				782B1F951AE35B450051D053 /* CoreAnimationLearningTests */,
				782B1F7A1AE35B450051D053 /* Products */,
			);
			sourceTree = "<group>";
		};
		782B1F7A1AE35B450051D053 /* Products */ = {
			isa = PBXGroup;
			children = (
				782B1F791AE35B450051D053 /* chaigangkuai.app */,
			);
			name = Products;
			sourceTree = "<group>";
		};
		782B1F7B1AE35B450051D053 /* CoreAnimationLearning */ = {
			isa = PBXGroup;
			children = (
				7882DD791B2D22D30049A296 /* thirtPart */,
				780E17631AEE7D64007A4A88 /* systemInfoAndStorage */,
				7885FF7C1B6E581100BF3AE7 /* globalClass */,
				7844B7211AEB3154006DE282 /* MainManu */,
				781FA81C1AED21510048B337 /* playing */,
				78298F791F58148700080111 /* config */,
				782B1F801AE35B450051D053 /* AppDelegate.h */,
				782B1F811AE35B450051D053 /* AppDelegate.m */,
				782B1F891AE35B450051D053 /* Images.xcassets */,
				782B1F8B1AE35B450051D053 /* LaunchScreen.xib */,
				7844B70E1AEB233F006DE282 /* image */,
				782B1F7C1AE35B450051D053 /* Supporting Files */,
			);
			path = CoreAnimationLearning;
			sourceTree = "<group>";
		};
		782B1F7C1AE35B450051D053 /* Supporting Files */ = {
			isa = PBXGroup;
			children = (
				782B1F7D1AE35B450051D053 /* Info.plist */,
				782B1F7E1AE35B450051D053 /* main.m */,
			);
			name = "Supporting Files";
			sourceTree = "<group>";
		};
		782B1F951AE35B450051D053 /* CoreAnimationLearningTests */ = {
			isa = PBXGroup;
			children = (
				782B1F981AE35B450051D053 /* CoreAnimationLearningTests.m */,
				782B1F961AE35B450051D053 /* Supporting Files */,
			);
			path = CoreAnimationLearningTests;
			sourceTree = "<group>";
		};
		782B1F961AE35B450051D053 /* Supporting Files */ = {
			isa = PBXGroup;
			children = (
				782B1F971AE35B450051D053 /* Info.plist */,
			);
			name = "Supporting Files";
			sourceTree = "<group>";
		};
		7835010C1B15C27500830DAE /* view */ = {
			isa = PBXGroup;
			children = (
				2EDE60D21B7377C5006610F3 /* UIViewProgress.h */,
				2EDE60D31B7377C5006610F3 /* UIViewProgress.m */,
				7860DFC11B383BDE0024D2B5 /* CustomButton.h */,
				7860DFC21B383BDE0024D2B5 /* CustomButton.m */,
				7860DFC31B383BDE0024D2B5 /* EmitterView.h */,
				7860DFC41B383BDE0024D2B5 /* EmitterView.m */,
				781FA8191AED17C50048B337 /* SpriteUIView.h */,
				781FA81A1AED17C50048B337 /* SpriteUIView.m */,
				7835010D1B15C2CE00830DAE /* UIViewFinishPlayAlert.h */,
				7835010E1B15C2CE00830DAE /* UIViewFinishPlayAlert.m */,
				78C4E0251B2575D00047B834 /* SpriteView2.h */,
				78C4E0261B2575D00047B834 /* SpriteView2.m */,
			);
			name = view;
			sourceTree = "<group>";
		};
		783E47411B5211D200CE6963 /* icon */ = {
			isa = PBXGroup;
			children = (
				789CBDFB1B8A91BB00F40A84 /* Icon-40.png */,
				789CBDFC1B8A91BB00F40A84 /* Icon-40@2x.png */,
				789CBDFD1B8A91BB00F40A84 /* Icon-40@3x.png */,
				789CBDFE1B8A91BB00F40A84 /* Icon-60@3x.png */,
				789CBDFF1B8A91BB00F40A84 /* Icon-Small@3x.png */,
				789CBDF71B8A8D8D00F40A84 /* Icon-120.png */,
				789CBDF81B8A8D8D00F40A84 /* Icon-152.png */,
				789CBDEF1B8A8BAA00F40A84 /* Icon-60.png */,
				789CBDF01B8A8BAA00F40A84 /* Icon-60@2x.png */,
				789CBDF11B8A8BAA00F40A84 /* Icon-76.png */,
				789CBDF21B8A8BAA00F40A84 /* Icon-76@2x.png */,
				783E47421B5211DE00CE6963 /* Icon-72.png */,
				783E47431B5211DE00CE6963 /* Icon-72@2x.png */,
				783E47441B5211DE00CE6963 /* Icon-Small-50.png */,
				783E47451B5211DE00CE6963 /* Icon-Small-50@2x.png */,
				783E47461B5211DE00CE6963 /* Icon-Small.png */,
				783E47471B5211DE00CE6963 /* Icon-Small@2x.png */,
				783E47481B5211DE00CE6963 /* Icon.png */,
				783E47491B5211DE00CE6963 /* Icon@2x.png */,
				783E474A1B5211DE00CE6963 /* iTunesArtwork.png */,
				783E474B1B5211DE00CE6963 /* iTunesArtwork@2x.png */,
				783E474C1B5211DE00CE6963 /* Original.png */,
			);
			name = icon;
			sourceTree = "<group>";
		};
		7844B70E1AEB233F006DE282 /* image */ = {
			isa = PBXGroup;
			children = (
				78B7903E1B6F9A3000CE1CF7 /* image_main_energy.png */,
				7885FF7D1B6E66A800BF3AE7 /* image_main_video.png */,
				788437231B6DB6DD00967239 /* music_level.mp3 */,
				788437211B6DA92300967239 /* music_timeup.mp3 */,
				78A6CC521B6D1C7A004478FA /* music_finish_cheer.mp3 */,
				78A02A891B6CC84400852F29 /* music_firework_explot.mp3 */,
				78A02A8A1B6CC84400852F29 /* music_firework_shot.mp3 */,
				78A02A8B1B6CC84400852F29 /* music_num_add.mp3 */,
				78A02A8C1B6CC84400852F29 /* music_screen_switch.mp3 */,
				78A02A8D1B6CC84400852F29 /* music_star_1.mp3 */,
				78A02A8E1B6CC84400852F29 /* music_star_2.mp3 */,
				78A02A8F1B6CC84400852F29 /* music_star_3.mp3 */,
				78A02A901B6CC84400852F29 /* music_time_up.mp3 */,
				78B1C36B1B64C6FA009CB13F /* music_1.mp3 */,
				78B1C36C1B64C6FA009CB13F /* music_click.mp3 */,
				78B1C36D1B64C6FA009CB13F /* music_error.mp3 */,
				78B1C3631B64A418009CB13F /* music_2.mp3 */,
				78B1C3641B64A418009CB13F /* music_3.mp3 */,
				78B1C3661B64A418009CB13F /* music_main.mp3 */,
				78735F4B1B5E88A10041846E /* image_intro_5.png */,
				78735F411B5E7F4D0041846E /* image_intro_detail_1.png */,
				78735F421B5E7F4D0041846E /* image_intro_detail_2.png */,
				78735F431B5E7F4D0041846E /* image_intro_detail_3.png */,
				78735F441B5E7F4D0041846E /* image_intro_detail_4.png */,
				78735F451B5E7F4D0041846E /* image_intro_detail_5.png */,
				78735F3F1B5E78DD0041846E /* image_intro_header.png */,
				78735F371B5E72BD0041846E /* image_intro_1.png */,
				78735F381B5E72BD0041846E /* image_intro_2.png */,
				78735F391B5E72BD0041846E /* image_intro_3.png */,
				78735F3A1B5E72BD0041846E /* image_intro_4.png */,
				783E47411B5211D200CE6963 /* icon */,
				783E473D1B51FEF500CE6963 /* image_setting_4.png */,
				783E473B1B51FBB500CE6963 /* image_setting_3.png */,
				783E47231B50C50300CE6963 /* image_main_background.png */,
				781FF6741B4C1C7800C03D4E /* image_setting_2_close.png */,
				781FF6751B4C1C7800C03D4E /* image_setting_2.png */,
				781FF6721B4BF44800C03D4E /* image_shezhi.png */,
				782EFAA51B495CCE00DBA5A9 /* image_baseViewDialog.png */,
				78257D211B4175DE00635D4F /* image_+-2.png */,
				785D87C31B3FF62200F9E680 /* image_+2.png */,
				785D87C41B3FF62200F9E680 /* image_+4.png */,
				785D87C51B3FF62200F9E680 /* image_+6.png */,
				7860DFBF1B383BCF0024D2B5 /* image_snow1.png */,
				7860DFB91B37FCF90024D2B5 /* image_DazRing.png */,
				7860DFBA1B37FCF90024D2B5 /* image_DazStarOutline.png */,
				782C6A0C1B3666B600A56A9C /* image_result_star_2.png */,
				782C6A0D1B3666B600A56A9C /* image_result_star.png */,
				783256901B2F2AB9007178D4 /* image_setting_1.png */,
				783256911B2F2AB9007178D4 /* image_setting_1_open.png */,
				7832568E1B2F277A007178D4 /* image_noads.png */,
				7832568C1B2F22F3007178D4 /* image_play.png */,
				7837633F1B2E503A00F70207 /* image_pause.png */,
				7837633B1B2E4CCD00F70207 /* image_back.png */,
				7882DD951B2DD32F0049A296 /* image_share.png */,
				7882DD931B2DC3E50049A296 /* image_paiming.png */,
				7882DD8D1B2DAF5C0049A296 /* image_lockClose.png */,
				7882DD8E1B2DAF5C0049A296 /* image_lockOpen.png */,
				780D30921B22F83F0038FF26 /* image_leaf.png */,
				78E50D651B14AE1600ECBACE /* image_playing_cellbackground.png */,
				78AE01501B0C710300FE1558 /* image_back_point.png */,
				780E17691AEF07E0007A4A88 /* Default-568h@2x.png */,
				780E176A1AEF07E0007A4A88 /* Default.png */,
				780E176B1AEF07E0007A4A88 /* Default@2x.png */,
			);
			name = image;
			sourceTree = "<group>";
		};
		7844B7201AEB313C006DE282 /* model */ = {
			isa = PBXGroup;
			children = (
				7844B71D1AEB3119006DE282 /* GameAlgorithm.h */,
				7844B71E1AEB3119006DE282 /* GameAlgorithm.m */,
			);
			name = model;
			sourceTree = "<group>";
		};
		7844B7211AEB3154006DE282 /* MainManu */ = {
			isa = PBXGroup;
			children = (
				78E582511B15AB47000BD23C /* mainscene */,
				78045D731AF212B700B5A169 /* levelscene */,
			);
			name = MainManu;
			sourceTree = "<group>";
		};
		784E5DBA1B3CCC4D006FB684 /* KYAnimationPageControl */ = {
			isa = PBXGroup;
			children = (
				784E5DBB1B3CCC69006FB684 /* GooeyCircle.h */,
				784E5DBC1B3CCC69006FB684 /* GooeyCircle.m */,
				784E5DBD1B3CCC69006FB684 /* Indicator.h */,
				784E5DBE1B3CCC69006FB684 /* Indicator.m */,
				784E5DBF1B3CCC69006FB684 /* KYAnimatedPageControl.h */,
				784E5DC01B3CCC69006FB684 /* KYAnimatedPageControl.m */,
				784E5DC11B3CCC69006FB684 /* KYSpringLayerAnimation.h */,
				784E5DC21B3CCC69006FB684 /* KYSpringLayerAnimation.m */,
				784E5DC31B3CCC69006FB684 /* Line.h */,
				784E5DC41B3CCC69006FB684 /* Line.m */,
				784E5DC51B3CCC69006FB684 /* RotateRect.h */,
				784E5DC61B3CCC69006FB684 /* RotateRect.m */,
			);
			name = KYAnimationPageControl;
			sourceTree = "<group>";
		};
		7875FEE81B7D60E3009EE11A /* controller */ = {
			isa = PBXGroup;
			children = (
				7844B7071AEA9A05006DE282 /* CollectionViewControllerPlay.h */,
				7844B7081AEA9A05006DE282 /* CollectionViewControllerPlay.m */,
			);
			name = controller;
			sourceTree = "<group>";
		};
		7875FEE91B7D60FF009EE11A /* controller */ = {
			isa = PBXGroup;
			children = (
				782B1F831AE35B450051D053 /* ViewController.h */,
				782B1F841AE35B450051D053 /* ViewController.m */,
			);
			name = controller;
			sourceTree = "<group>";
		};
		7882DD791B2D22D30049A296 /* thirtPart */ = {
			isa = PBXGroup;
			children = (
				78EB81D81C77426E00C33040 /* guangdiantong */,
				7882DD7A1B2D22E20049A296 /* weixin */,
			);
			name = thirtPart;
			sourceTree = "<group>";
		};
		7882DD7A1B2D22E20049A296 /* weixin */ = {
			isa = PBXGroup;
			children = (
				7882DD7B1B2D22FF0049A296 /* libWeChatSDK.a */,
				7882DD7C1B2D22FF0049A296 /* WXApi.h */,
				7882DD7D1B2D22FF0049A296 /* WXApiObject.h */,
			);
			name = weixin;
			sourceTree = "<group>";
		};
		7882DD8C1B2D80AE0049A296 /* view */ = {
			isa = PBXGroup;
			children = (
				7882DD861B2D7FFB0049A296 /* ActivityIndicator.h */,
				7882DD871B2D7FFB0049A296 /* ActivityIndicator.m */,
				7882DD881B2D7FFB0049A296 /* DialogView.h */,
				7882DD891B2D7FFB0049A296 /* DialogView.m */,
				783E47581B5A351C00CE6963 /* GameIntroductionView.h */,
				783E47591B5A351C00CE6963 /* GameIntroductionView.m */,
				782066831B710195009F9B6E /* DialogViewEnergy.h */,
				782066841B710195009F9B6E /* DialogViewEnergy.m */,
			);
			name = view;
			sourceTree = "<group>";
		};
		7885FF7C1B6E581100BF3AE7 /* globalClass */ = {
			isa = PBXGroup;
			children = (
				78E260911B1AEBA600EB9F3E /* GameDataGlobal.h */,
				78E260921B1AEBA600EB9F3E /* GameDataGlobal.m */,
			);
			name = globalClass;
			sourceTree = "<group>";
		};
		78CC36661AF7C0C500033213 /* model */ = {
			isa = PBXGroup;
			children = (
				78CC36671AF7C16100033213 /* LevelAndUserInfo.h */,
				78CC36681AF7C16100033213 /* LevelAndUserInfo.m */,
			);
			name = model;
			sourceTree = "<group>";
		};
		78E2608C1B1A943A00EB9F3E /* view */ = {
			isa = PBXGroup;
			children = (
				784E5DBA1B3CCC4D006FB684 /* KYAnimationPageControl */,
				78045D6B1AF1D52400B5A169 /* LevelDialogView.h */,
				78045D6C1AF1D52400B5A169 /* LevelDialogView.m */,
				78045D6E1AF20F4000B5A169 /* CollectionViewCellLevel.h */,
				78045D6F1AF20F4000B5A169 /* CollectionViewCellLevel.m */,
				78045D701AF20F4000B5A169 /* CollectionViewCellLevel.xib */,
			);
			name = view;
			sourceTree = "<group>";
		};
		78E2608D1B1A946500EB9F3E /* model */ = {
			isa = PBXGroup;
			children = (
				7882DD811B2D7F880049A296 /* IAPManager.h */,
				7882DD821B2D7F880049A296 /* IAPManager.m */,
				78C4E02A1B26EFE50047B834 /* GameCenter.h */,
				78C4E02B1B26EFE50047B834 /* GameCenter.m */,
				7882DD651B2D1BD40049A296 /* WeiXinShare.h */,
				7882DD661B2D1BD40049A296 /* WeiXinShare.m */,
			);
			name = model;
			sourceTree = "<group>";
		};
		78E582511B15AB47000BD23C /* mainscene */ = {
			isa = PBXGroup;
			children = (
				7875FEE91B7D60FF009EE11A /* controller */,
				7882DD8C1B2D80AE0049A296 /* view */,
				78E2608D1B1A946500EB9F3E /* model */,
			);
			name = mainscene;
			sourceTree = "<group>";
		};
		78EB81D81C77426E00C33040 /* guangdiantong */ = {
			isa = PBXGroup;
			children = (
				78EB81D91C77428400C33040 /* GDTMobBannerView.h */,
				78EB81DA1C77428400C33040 /* GDTMobInterstitial.h */,
				78EB81DB1C77428400C33040 /* GDTNativeAd.h */,
				78EB81DC1C77428400C33040 /* GDTSplashAd.h */,
				78EB81DD1C77428400C33040 /* libGDTMobSDK.a */,
			);
			name = guangdiantong;
			sourceTree = "<group>";
		};
/* End PBXGroup section */

/* Begin PBXNativeTarget section */
		782B1F781AE35B450051D053 /* chaigangkuai */ = {
			isa = PBXNativeTarget;
			buildConfigurationList = 782B1F9C1AE35B450051D053 /* Build configuration list for PBXNativeTarget "chaigangkuai" */;
			buildPhases = (
				782B1F751AE35B450051D053 /* Sources */,
				782B1F761AE35B450051D053 /* Frameworks */,
				782B1F771AE35B450051D053 /* Resources */,
			);
			buildRules = (
			);
			dependencies = (
			);
			name = chaigangkuai;
			productName = CoreAnimationLearning;
			productReference = 782B1F791AE35B450051D053 /* chaigangkuai.app */;
			productType = "com.apple.product-type.application";
		};
/* End PBXNativeTarget section */

/* Begin PBXProject section */
		782B1F711AE35B450051D053 /* Project object */ = {
			isa = PBXProject;
			attributes = {
				LastUpgradeCheck = 0630;
				ORGANIZATIONNAME = JFChen;
				TargetAttributes = {
					782B1F781AE35B450051D053 = {
						CreatedOnToolsVersion = 6.3;
						DevelopmentTeam = RUDNP34A78;
					};
				};
			};
			buildConfigurationList = 782B1F741AE35B450051D053 /* Build configuration list for PBXProject "chaigangkuai" */;
			compatibilityVersion = "Xcode 3.2";
			developmentRegion = English;
			hasScannedForEncodings = 0;
			knownRegions = (
				en,
				Base,
			);
			mainGroup = 782B1F701AE35B450051D053;
			productRefGroup = 782B1F7A1AE35B450051D053 /* Products */;
			projectDirPath = "";
			projectRoot = "";
			targets = (
				782B1F781AE35B450051D053 /* chaigangkuai */,
			);
		};
/* End PBXProject section */

/* Begin PBXResourcesBuildPhase section */
		782B1F771AE35B450051D053 /* Resources */ = {
			isa = PBXResourcesBuildPhase;
			buildActionMask = 2147483647;
			files = (
				78735F401B5E78DD0041846E /* image_intro_header.png in Resources */,
				78AE01511B0C710300FE1558 /* image_back_point.png in Resources */,
				78A02A961B6CC84400852F29 /* music_star_2.mp3 in Resources */,
				785D87C81B3FF62200F9E680 /* image_+6.png in Resources */,
				7832568D1B2F22F3007178D4 /* image_play.png in Resources */,
				789CBE011B8A91BB00F40A84 /* Icon-40@2x.png in Resources */,
				783E47561B5211DE00CE6963 /* iTunesArtwork@2x.png in Resources */,
				7882DD8F1B2DAF5C0049A296 /* image_lockClose.png in Resources */,
				789CBDF61B8A8BAA00F40A84 /* Icon-76@2x.png in Resources */,
				783E474D1B5211DE00CE6963 /* Icon-72.png in Resources */,
				78735F3B1B5E72BD0041846E /* image_intro_1.png in Resources */,
				783E47521B5211DE00CE6963 /* Icon-Small@2x.png in Resources */,
				789CBE041B8A91BB00F40A84 /* Icon-Small@3x.png in Resources */,
				78B7903F1B6F9A3000CE1CF7 /* image_main_energy.png in Resources */,
				789CBDF91B8A8D8D00F40A84 /* Icon-120.png in Resources */,
				7882DD941B2DC3E50049A296 /* image_paiming.png in Resources */,
				788437241B6DB6DD00967239 /* music_level.mp3 in Resources */,
				78735F3C1B5E72BD0041846E /* image_intro_2.png in Resources */,
				78735F3D1B5E72BD0041846E /* image_intro_3.png in Resources */,
				783E47541B5211DE00CE6963 /* Icon@2x.png in Resources */,
				78735F3E1B5E72BD0041846E /* image_intro_4.png in Resources */,
				789CBE031B8A91BB00F40A84 /* Icon-60@3x.png in Resources */,
				788437221B6DA92300967239 /* music_timeup.mp3 in Resources */,
				789CBE001B8A91BB00F40A84 /* Icon-40.png in Resources */,
				783E473C1B51FBB500CE6963 /* image_setting_3.png in Resources */,
				781FF6771B4C1C7800C03D4E /* image_setting_2.png in Resources */,
				78B1C3681B64A418009CB13F /* music_3.mp3 in Resources */,
				782C6A0F1B3666B600A56A9C /* image_result_star.png in Resources */,
				785D87C61B3FF62200F9E680 /* image_+2.png in Resources */,
				783E474F1B5211DE00CE6963 /* Icon-Small-50.png in Resources */,
				783E47241B50C50300CE6963 /* image_main_background.png in Resources */,
				7885FF7E1B6E66A800BF3AE7 /* image_main_video.png in Resources */,
				78735F4A1B5E7F4D0041846E /* image_intro_detail_5.png in Resources */,
				78257D221B4175DE00635D4F /* image_+-2.png in Resources */,
				780D30931B22F83F0038FF26 /* image_leaf.png in Resources */,
				782C6A0E1B3666B600A56A9C /* image_result_star_2.png in Resources */,
				789CBE021B8A91BB00F40A84 /* Icon-40@3x.png in Resources */,
				789CBDF41B8A8BAA00F40A84 /* Icon-60@2x.png in Resources */,
				7882DD961B2DD32F0049A296 /* image_share.png in Resources */,
				783E474E1B5211DE00CE6963 /* Icon-72@2x.png in Resources */,
				78045D721AF20F4000B5A169 /* CollectionViewCellLevel.xib in Resources */,
				78B1C3671B64A418009CB13F /* music_2.mp3 in Resources */,
				783E47511B5211DE00CE6963 /* Icon-Small.png in Resources */,
				780E176D1AEF07E0007A4A88 /* Default.png in Resources */,
				781FF6761B4C1C7800C03D4E /* image_setting_2_close.png in Resources */,
				7837633C1B2E4CCD00F70207 /* image_back.png in Resources */,
				7882DD901B2DAF5C0049A296 /* image_lockOpen.png in Resources */,
				7860DFC01B383BCF0024D2B5 /* image_snow1.png in Resources */,
				783E47501B5211DE00CE6963 /* Icon-Small-50@2x.png in Resources */,
				782B1F8D1AE35B450051D053 /* LaunchScreen.xib in Resources */,
				789CBDFA1B8A8D8D00F40A84 /* Icon-152.png in Resources */,
				7860DFBB1B37FCF90024D2B5 /* image_DazRing.png in Resources */,
				783256931B2F2AB9007178D4 /* image_setting_1_open.png in Resources */,
				789CBDF31B8A8BAA00F40A84 /* Icon-60.png in Resources */,
				78A02A921B6CC84400852F29 /* music_firework_shot.mp3 in Resources */,
				782EFAA61B495CCE00DBA5A9 /* image_baseViewDialog.png in Resources */,
				781FF6731B4BF44800C03D4E /* image_shezhi.png in Resources */,
				783E473E1B51FEF500CE6963 /* image_setting_4.png in Resources */,
				783E47531B5211DE00CE6963 /* Icon.png in Resources */,
				78A02A941B6CC84400852F29 /* music_screen_switch.mp3 in Resources */,
				7832568F1B2F277A007178D4 /* image_noads.png in Resources */,
				789CBDF51B8A8BAA00F40A84 /* Icon-76.png in Resources */,
				78735F461B5E7F4D0041846E /* image_intro_detail_1.png in Resources */,
				78B1C36F1B64C6FA009CB13F /* music_click.mp3 in Resources */,
				783256921B2F2AB9007178D4 /* image_setting_1.png in Resources */,
				78A02A971B6CC84400852F29 /* music_star_3.mp3 in Resources */,
				78A02A931B6CC84400852F29 /* music_num_add.mp3 in Resources */,
				78735F491B5E7F4D0041846E /* image_intro_detail_4.png in Resources */,
				78B1C36A1B64A418009CB13F /* music_main.mp3 in Resources */,
				780E176C1AEF07E0007A4A88 /* Default-568h@2x.png in Resources */,
				785D87C71B3FF62200F9E680 /* image_+4.png in Resources */,
				78735F481B5E7F4D0041846E /* image_intro_detail_3.png in Resources */,
				78A02A911B6CC84400852F29 /* music_firework_explot.mp3 in Resources */,
				78A02A951B6CC84400852F29 /* music_star_1.mp3 in Resources */,
				780E176E1AEF07E0007A4A88 /* Default@2x.png in Resources */,
				783E47571B5211DE00CE6963 /* Original.png in Resources */,
				783763401B2E503A00F70207 /* image_pause.png in Resources */,
				78A02A981B6CC84400852F29 /* music_time_up.mp3 in Resources */,
				7860DFBC1B37FCF90024D2B5 /* image_DazStarOutline.png in Resources */,
				78735F4C1B5E88A10041846E /* image_intro_5.png in Resources */,
				78735F471B5E7F4D0041846E /* image_intro_detail_2.png in Resources */,
				78A6CC531B6D1C7A004478FA /* music_finish_cheer.mp3 in Resources */,
				78B1C36E1B64C6FA009CB13F /* music_1.mp3 in Resources */,
				78E50D661B14AE1600ECBACE /* image_playing_cellbackground.png in Resources */,
				78B1C3701B64C6FA009CB13F /* music_error.mp3 in Resources */,
				783E47551B5211DE00CE6963 /* iTunesArtwork.png in Resources */,
				782B1F8A1AE35B450051D053 /* Images.xcassets in Resources */,
			);
			runOnlyForDeploymentPostprocessing = 0;
		};
/* End PBXResourcesBuildPhase section */

/* Begin PBXSourcesBuildPhase section */
		782B1F751AE35B450051D053 /* Sources */ = {
			isa = PBXSourcesBuildPhase;
			buildActionMask = 2147483647;
			files = (
				7882DD831B2D7F880049A296 /* IAPManager.m in Sources */,
				784E5DCA1B3CCC69006FB684 /* KYSpringLayerAnimation.m in Sources */,
				780E17621AEE7D52007A4A88 /* SystemInfo.m in Sources */,
				784E5DC71B3CCC69006FB684 /* GooeyCircle.m in Sources */,
				784E5DCC1B3CCC69006FB684 /* RotateRect.m in Sources */,
				7882DD8B1B2D7FFB0049A296 /* DialogView.m in Sources */,
				7860DFC51B383BDE0024D2B5 /* CustomButton.m in Sources */,
				7882DD671B2D1BD40049A296 /* WeiXinShare.m in Sources */,
				782B1F851AE35B450051D053 /* ViewController.m in Sources */,
				2EDE60D41B7377C5006610F3 /* UIViewProgress.m in Sources */,
				78C4E02C1B26EFE50047B834 /* GameCenter.m in Sources */,
				78CC36301AF673AA00033213 /* GameKeyValue.m in Sources */,
				78298F7C1F58148700080111 /* AppDataStorage.m in Sources */,
				783E475A1B5A351C00CE6963 /* GameIntroductionView.m in Sources */,
				784E5DCB1B3CCC69006FB684 /* Line.m in Sources */,
				78C4E0271B2575D00047B834 /* SpriteView2.m in Sources */,
				785A5A6F1B89A1A000BBBB0E /* GameKeychain.m in Sources */,
				78CC36691AF7C16100033213 /* LevelAndUserInfo.m in Sources */,
				784E5DC81B3CCC69006FB684 /* Indicator.m in Sources */,
				78298F7F1F58155A00080111 /* AboutController.m in Sources */,
				781D202C1B9B3D96007CB433 /* GameReachability.m in Sources */,
				78045D6D1AF1D52400B5A169 /* LevelDialogView.m in Sources */,
				782B1F821AE35B450051D053 /* AppDelegate.m in Sources */,
				7844B7091AEA9A05006DE282 /* CollectionViewControllerPlay.m in Sources */,
				782B1F7F1AE35B450051D053 /* main.m in Sources */,
				7860DFC61B383BDE0024D2B5 /* EmitterView.m in Sources */,
				784E5DC91B3CCC69006FB684 /* KYAnimatedPageControl.m in Sources */,
				7844B71F1AEB3119006DE282 /* GameAlgorithm.m in Sources */,
				782066851B710195009F9B6E /* DialogViewEnergy.m in Sources */,
				7882DD8A1B2D7FFB0049A296 /* ActivityIndicator.m in Sources */,
				7835010F1B15C2CE00830DAE /* UIViewFinishPlayAlert.m in Sources */,
				781FA81B1AED17C50048B337 /* SpriteUIView.m in Sources */,
				78E260931B1AEBA600EB9F3E /* GameDataGlobal.m in Sources */,
				78045D711AF20F4000B5A169 /* CollectionViewCellLevel.m in Sources */,
			);
			runOnlyForDeploymentPostprocessing = 0;
		};
/* End PBXSourcesBuildPhase section */

/* Begin PBXVariantGroup section */
		782B1F8B1AE35B450051D053 /* LaunchScreen.xib */ = {
			isa = PBXVariantGroup;
			children = (
				782B1F8C1AE35B450051D053 /* Base */,
			);
			name = LaunchScreen.xib;
			sourceTree = "<group>";
		};
/* End PBXVariantGroup section */

/* Begin XCBuildConfiguration section */
		782B1F9A1AE35B450051D053 /* Debug */ = {
			isa = XCBuildConfiguration;
			buildSettings = {
				ALWAYS_SEARCH_USER_PATHS = NO;
				CLANG_CXX_LANGUAGE_STANDARD = "gnu++0x";
				CLANG_CXX_LIBRARY = "libc++";
				CLANG_ENABLE_MODULES = YES;
				CLANG_ENABLE_OBJC_ARC = YES;
				CLANG_WARN_BOOL_CONVERSION = YES;
				CLANG_WARN_CONSTANT_CONVERSION = YES;
				CLANG_WARN_DIRECT_OBJC_ISA_USAGE = YES_ERROR;
				CLANG_WARN_EMPTY_BODY = YES;
				CLANG_WARN_ENUM_CONVERSION = YES;
				CLANG_WARN_INT_CONVERSION = YES;
				CLANG_WARN_OBJC_ROOT_CLASS = YES_ERROR;
				CLANG_WARN_UNREACHABLE_CODE = YES;
				CLANG_WARN__DUPLICATE_METHOD_MATCH = YES;
				"CODE_SIGN_IDENTITY[sdk=iphoneos*]" = "iPhone Developer";
				COPY_PHASE_STRIP = NO;
				DEBUG_INFORMATION_FORMAT = "dwarf-with-dsym";
				ENABLE_BITCODE = NO;
				ENABLE_STRICT_OBJC_MSGSEND = YES;
				GCC_C_LANGUAGE_STANDARD = gnu99;
				GCC_DYNAMIC_NO_PIC = NO;
				GCC_NO_COMMON_BLOCKS = YES;
				GCC_OPTIMIZATION_LEVEL = 0;
				GCC_PREPROCESSOR_DEFINITIONS = (
					"DEBUG=1",
					"$(inherited)",
				);
				GCC_SYMBOLS_PRIVATE_EXTERN = NO;
				GCC_WARN_64_TO_32_BIT_CONVERSION = YES;
				GCC_WARN_ABOUT_RETURN_TYPE = YES_ERROR;
				GCC_WARN_UNDECLARED_SELECTOR = YES;
				GCC_WARN_UNINITIALIZED_AUTOS = YES_AGGRESSIVE;
				GCC_WARN_UNUSED_FUNCTION = YES;
				GCC_WARN_UNUSED_VARIABLE = YES;
				IPHONEOS_DEPLOYMENT_TARGET = 7.0;
				MTL_ENABLE_DEBUG_INFO = YES;
				ONLY_ACTIVE_ARCH = YES;
				SDKROOT = iphoneos;
				TARGETED_DEVICE_FAMILY = "1,2";
			};
			name = Debug;
		};
		782B1F9B1AE35B450051D053 /* Release */ = {
			isa = XCBuildConfiguration;
			buildSettings = {
				ALWAYS_SEARCH_USER_PATHS = NO;
				CLANG_CXX_LANGUAGE_STANDARD = "gnu++0x";
				CLANG_CXX_LIBRARY = "libc++";
				CLANG_ENABLE_MODULES = YES;
				CLANG_ENABLE_OBJC_ARC = YES;
				CLANG_WARN_BOOL_CONVERSION = YES;
				CLANG_WARN_CONSTANT_CONVERSION = YES;
				CLANG_WARN_DIRECT_OBJC_ISA_USAGE = YES_ERROR;
				CLANG_WARN_EMPTY_BODY = YES;
				CLANG_WARN_ENUM_CONVERSION = YES;
				CLANG_WARN_INT_CONVERSION = YES;
				CLANG_WARN_OBJC_ROOT_CLASS = YES_ERROR;
				CLANG_WARN_UNREACHABLE_CODE = YES;
				CLANG_WARN__DUPLICATE_METHOD_MATCH = YES;
				"CODE_SIGN_IDENTITY[sdk=iphoneos*]" = "iPhone Developer";
				COPY_PHASE_STRIP = NO;
				DEBUG_INFORMATION_FORMAT = "dwarf-with-dsym";
				ENABLE_BITCODE = NO;
				ENABLE_NS_ASSERTIONS = NO;
				ENABLE_STRICT_OBJC_MSGSEND = YES;
				GCC_C_LANGUAGE_STANDARD = gnu99;
				GCC_NO_COMMON_BLOCKS = YES;
				GCC_WARN_64_TO_32_BIT_CONVERSION = YES;
				GCC_WARN_ABOUT_RETURN_TYPE = YES_ERROR;
				GCC_WARN_UNDECLARED_SELECTOR = YES;
				GCC_WARN_UNINITIALIZED_AUTOS = YES_AGGRESSIVE;
				GCC_WARN_UNUSED_FUNCTION = YES;
				GCC_WARN_UNUSED_VARIABLE = YES;
				IPHONEOS_DEPLOYMENT_TARGET = 7.0;
				MTL_ENABLE_DEBUG_INFO = NO;
				SDKROOT = iphoneos;
				TARGETED_DEVICE_FAMILY = "1,2";
				VALIDATE_PRODUCT = YES;
			};
			name = Release;
		};
		782B1F9D1AE35B450051D053 /* Debug */ = {
			isa = XCBuildConfiguration;
			buildSettings = {
				ASSETCATALOG_COMPILER_APPICON_NAME = AppIcon;
				CODE_SIGN_IDENTITY = "iPhone Developer";
				"CODE_SIGN_IDENTITY[sdk=iphoneos*]" = "iPhone Developer";
				DEVELOPMENT_TEAM = RUDNP34A78;
				ENABLE_BITCODE = NO;
				FRAMEWORK_SEARCH_PATHS = (
					"$(inherited)",
					"$(PROJECT_DIR)/CoreAnimationLearning/thirdPart/googleMobileAD",
				);
				INFOPLIST_FILE = CoreAnimationLearning/Info.plist;
				IPHONEOS_DEPLOYMENT_TARGET = 7.0;
				LD_RUNPATH_SEARCH_PATHS = "$(inherited)";
				LIBRARY_SEARCH_PATHS = (
					"$(inherited)",
					"$(PROJECT_DIR)/CoreAnimationLearning/thirdPart/WeChatSDK_1.5",
					"$(PROJECT_DIR)/CoreAnimationLearning/thirdPart/DomobAdSDK",
					"$(PROJECT_DIR)/CoreAnimationLearning/thirdPart/UMAnalytics_Sdk_3.5.10",
					"$(PROJECT_DIR)/CoreAnimationLearning/thirdPart/xiaozhushou",
					"$(PROJECT_DIR)/CoreAnimationLearning/thirdPart/guangdiantong",
				);
				OTHER_LDFLAGS = (
					"-ObjC",
					"-lstdc++",
					"-Wl,-sectcreate,__RESTRICT,__restrict,/dev/null",
				);
				PRODUCT_BUNDLE_IDENTIFIER = com.zhuankuai.xiaoxiaole;
				PRODUCT_NAME = chaigangkuai;
				PROVISIONING_PROFILE = "";
				TARGETED_DEVICE_FAMILY = "1,2";
			};
			name = Debug;
		};
		782B1F9E1AE35B450051D053 /* Release */ = {
			isa = XCBuildConfiguration;
			buildSettings = {
				ASSETCATALOG_COMPILER_APPICON_NAME = AppIcon;
				CODE_SIGN_IDENTITY = "iPhone Developer";
				"CODE_SIGN_IDENTITY[sdk=iphoneos*]" = "iPhone Developer";
				DEVELOPMENT_TEAM = RUDNP34A78;
				ENABLE_BITCODE = NO;
				FRAMEWORK_SEARCH_PATHS = (
					"$(inherited)",
					"$(PROJECT_DIR)/CoreAnimationLearning/thirdPart/googleMobileAD",
				);
				INFOPLIST_FILE = CoreAnimationLearning/Info.plist;
				IPHONEOS_DEPLOYMENT_TARGET = 7.0;
				LD_RUNPATH_SEARCH_PATHS = "$(inherited)";
				LIBRARY_SEARCH_PATHS = (
					"$(inherited)",
					"$(PROJECT_DIR)/CoreAnimationLearning/thirdPart/WeChatSDK_1.5",
					"$(PROJECT_DIR)/CoreAnimationLearning/thirdPart/DomobAdSDK",
					"$(PROJECT_DIR)/CoreAnimationLearning/thirdPart/UMAnalytics_Sdk_3.5.10",
					"$(PROJECT_DIR)/CoreAnimationLearning/thirdPart/xiaozhushou",
					"$(PROJECT_DIR)/CoreAnimationLearning/thirdPart/guangdiantong",
				);
				OTHER_LDFLAGS = (
					"-ObjC",
					"-lstdc++",
					"-Wl,-sectcreate,__RESTRICT,__restrict,/dev/null",
				);
				PRODUCT_BUNDLE_IDENTIFIER = com.zhuankuai.xiaoxiaole;
				PRODUCT_NAME = chaigangkuai;
				PROVISIONING_PROFILE = "";
				TARGETED_DEVICE_FAMILY = "1,2";
			};
			name = Release;
		};
/* End XCBuildConfiguration section */

/* Begin XCConfigurationList section */
		782B1F741AE35B450051D053 /* Build configuration list for PBXProject "chaigangkuai" */ = {
			isa = XCConfigurationList;
			buildConfigurations = (
				782B1F9A1AE35B450051D053 /* Debug */,
				782B1F9B1AE35B450051D053 /* Release */,
			);
			defaultConfigurationIsVisible = 0;
			defaultConfigurationName = Release;
		};
		782B1F9C1AE35B450051D053 /* Build configuration list for PBXNativeTarget "chaigangkuai" */ = {
			isa = XCConfigurationList;
			buildConfigurations = (
				782B1F9D1AE35B450051D053 /* Debug */,
				782B1F9E1AE35B450051D053 /* Release */,
			);
			defaultConfigurationIsVisible = 0;
			defaultConfigurationName = Release;
		};
/* End XCConfigurationList section */
	};
	rootObject = 782B1F711AE35B450051D053 /* Project object */;
}
