// !$*UTF8*$!
{
	archiveVersion = 1;
	classes = {
	};
	objectVersion = 50;
	objects = {

/* Begin PBXBuildFile section */
		2EDE60D41B7377C5006610F3 /* UIViewProgress.m in Sources */ = {isa = PBXBuildFile; fileRef = 2EDE60D31B7377C5006610F3 /* UIViewProgress.m */; };
		78045D6D1AF1D52400B5A169 /* LevelDialogView.m in Sources */ = {isa = PBXBuildFile; fileRef = 78045D6C1AF1D52400B5A169 /* LevelDialogView.m */; };
		78045D711AF20F4000B5A169 /* CollectionViewCellLevel.m in Sources */ = {isa = PBXBuildFile; fileRef = 78045D6F1AF20F4000B5A169 /* CollectionViewCellLevel.m */; };
		78045D721AF20F4000B5A169 /* CollectionViewCellLevel.xib in Resources */ = {isa = PBXBuildFile; fileRef = 78045D701AF20F4000B5A169 /* CollectionViewCellLevel.xib */; };
		780E17621AEE7D52007A4A88 /* SystemInfo.m in Sources */ = {isa = PBXBuildFile; fileRef = 780E17611AEE7D52007A4A88 /* SystemInfo.m */; };
		781D202C1B9B3D96007CB433 /* GameReachability.m in Sources */ = {isa = PBXBuildFile; fileRef = 781D202B1B9B3D96007CB433 /* GameReachability.m */; settings = {COMPILER_FLAGS = "-fno-objc-arc"; }; };
		781FA81B1AED17C50048B337 /* SpriteUIView.m in Sources */ = {isa = PBXBuildFile; fileRef = 781FA81A1AED17C50048B337 /* SpriteUIView.m */; };
		782066851B710195009F9B6E /* DialogViewEnergy.m in Sources */ = {isa = PBXBuildFile; fileRef = 782066841B710195009F9B6E /* DialogViewEnergy.m */; };
		78298F7C1F58148700080111 /* AppDataStorage.m in Sources */ = {isa = PBXBuildFile; fileRef = 78298F7B1F58148700080111 /* AppDataStorage.m */; };
		78298F7F1F58155A00080111 /* AboutController.m in Sources */ = {isa = PBXBuildFile; fileRef = 78298F7E1F58155A00080111 /* AboutController.m */; };
		782B1F7F1AE35B450051D053 /* main.m in Sources */ = {isa = PBXBuildFile; fileRef = 782B1F7E1AE35B450051D053 /* main.m */; };
		782B1F821AE35B450051D053 /* AppDelegate.m in Sources */ = {isa = PBXBuildFile; fileRef = 782B1F811AE35B450051D053 /* AppDelegate.m */; };
		782B1F851AE35B450051D053 /* ViewController.m in Sources */ = {isa = PBXBuildFile; fileRef = 782B1F841AE35B450051D053 /* ViewController.m */; };
		782B1F8A1AE35B450051D053 /* Images.xcassets in Resources */ = {isa = PBXBuildFile; fileRef = 782B1F891AE35B450051D053 /* Images.xcassets */; };
		7835010F1B15C2CE00830DAE /* UIViewFinishPlayAlert.m in Sources */ = {isa = PBXBuildFile; fileRef = 7835010E1B15C2CE00830DAE /* UIViewFinishPlayAlert.m */; };
		783E475A1B5A351C00CE6963 /* GameIntroductionView.m in Sources */ = {isa = PBXBuildFile; fileRef = 783E47591B5A351C00CE6963 /* GameIntroductionView.m */; };
		7844B7091AEA9A05006DE282 /* CollectionViewControllerPlay.m in Sources */ = {isa = PBXBuildFile; fileRef = 7844B7081AEA9A05006DE282 /* CollectionViewControllerPlay.m */; };
		7844B71F1AEB3119006DE282 /* GameAlgorithm.m in Sources */ = {isa = PBXBuildFile; fileRef = 7844B71E1AEB3119006DE282 /* GameAlgorithm.m */; };
		784E5DC71B3CCC69006FB684 /* GooeyCircle.m in Sources */ = {isa = PBXBuildFile; fileRef = 784E5DBC1B3CCC69006FB684 /* GooeyCircle.m */; };
		784E5DC81B3CCC69006FB684 /* Indicator.m in Sources */ = {isa = PBXBuildFile; fileRef = 784E5DBE1B3CCC69006FB684 /* Indicator.m */; };
		784E5DC91B3CCC69006FB684 /* KYAnimatedPageControl.m in Sources */ = {isa = PBXBuildFile; fileRef = 784E5DC01B3CCC69006FB684 /* KYAnimatedPageControl.m */; };
		784E5DCA1B3CCC69006FB684 /* KYSpringLayerAnimation.m in Sources */ = {isa = PBXBuildFile; fileRef = 784E5DC21B3CCC69006FB684 /* KYSpringLayerAnimation.m */; };
		784E5DCB1B3CCC69006FB684 /* Line.m in Sources */ = {isa = PBXBuildFile; fileRef = 784E5DC41B3CCC69006FB684 /* Line.m */; };
		784E5DCC1B3CCC69006FB684 /* RotateRect.m in Sources */ = {isa = PBXBuildFile; fileRef = 784E5DC61B3CCC69006FB684 /* RotateRect.m */; };
		785A5A6F1B89A1A000BBBB0E /* GameKeychain.m in Sources */ = {isa = PBXBuildFile; fileRef = 785A5A6E1B89A1A000BBBB0E /* GameKeychain.m */; };
		7860DFC51B383BDE0024D2B5 /* CustomButton.m in Sources */ = {isa = PBXBuildFile; fileRef = 7860DFC21B383BDE0024D2B5 /* CustomButton.m */; };
		7860DFC61B383BDE0024D2B5 /* EmitterView.m in Sources */ = {isa = PBXBuildFile; fileRef = 7860DFC41B383BDE0024D2B5 /* EmitterView.m */; };
		7882DD8A1B2D7FFB0049A296 /* ActivityIndicator.m in Sources */ = {isa = PBXBuildFile; fileRef = 7882DD871B2D7FFB0049A296 /* ActivityIndicator.m */; };
		7882DD8B1B2D7FFB0049A296 /* DialogView.m in Sources */ = {isa = PBXBuildFile; fileRef = 7882DD891B2D7FFB0049A296 /* DialogView.m */; };
		788437221B6DA92300967239 /* music_timeup.mp3 in Resources */ = {isa = PBXBuildFile; fileRef = 788437211B6DA92300967239 /* music_timeup.mp3 */; };
		788437241B6DB6DD00967239 /* music_level.mp3 in Resources */ = {isa = PBXBuildFile; fileRef = 788437231B6DB6DD00967239 /* music_level.mp3 */; };
		78A02A911B6CC84400852F29 /* music_firework_explot.mp3 in Resources */ = {isa = PBXBuildFile; fileRef = 78A02A891B6CC84400852F29 /* music_firework_explot.mp3 */; };
		78A02A921B6CC84400852F29 /* music_firework_shot.mp3 in Resources */ = {isa = PBXBuildFile; fileRef = 78A02A8A1B6CC84400852F29 /* music_firework_shot.mp3 */; };
		78A02A931B6CC84400852F29 /* music_num_add.mp3 in Resources */ = {isa = PBXBuildFile; fileRef = 78A02A8B1B6CC84400852F29 /* music_num_add.mp3 */; };
		78A02A941B6CC84400852F29 /* music_screen_switch.mp3 in Resources */ = {isa = PBXBuildFile; fileRef = 78A02A8C1B6CC84400852F29 /* music_screen_switch.mp3 */; };
		78A02A951B6CC84400852F29 /* music_star_1.mp3 in Resources */ = {isa = PBXBuildFile; fileRef = 78A02A8D1B6CC84400852F29 /* music_star_1.mp3 */; };
		78A02A961B6CC84400852F29 /* music_star_2.mp3 in Resources */ = {isa = PBXBuildFile; fileRef = 78A02A8E1B6CC84400852F29 /* music_star_2.mp3 */; };
		78A02A971B6CC84400852F29 /* music_star_3.mp3 in Resources */ = {isa = PBXBuildFile; fileRef = 78A02A8F1B6CC84400852F29 /* music_star_3.mp3 */; };
		78A02A981B6CC84400852F29 /* music_time_up.mp3 in Resources */ = {isa = PBXBuildFile; fileRef = 78A02A901B6CC84400852F29 /* music_time_up.mp3 */; };
		78A6CC531B6D1C7A004478FA /* music_finish_cheer.mp3 in Resources */ = {isa = PBXBuildFile; fileRef = 78A6CC521B6D1C7A004478FA /* music_finish_cheer.mp3 */; };
		78B1C3671B64A418009CB13F /* music_2.mp3 in Resources */ = {isa = PBXBuildFile; fileRef = 78B1C3631B64A418009CB13F /* music_2.mp3 */; };
		78B1C3681B64A418009CB13F /* music_3.mp3 in Resources */ = {isa = PBXBuildFile; fileRef = 78B1C3641B64A418009CB13F /* music_3.mp3 */; };
		78B1C36A1B64A418009CB13F /* music_main.mp3 in Resources */ = {isa = PBXBuildFile; fileRef = 78B1C3661B64A418009CB13F /* music_main.mp3 */; };
		78B1C36E1B64C6FA009CB13F /* music_1.mp3 in Resources */ = {isa = PBXBuildFile; fileRef = 78B1C36B1B64C6FA009CB13F /* music_1.mp3 */; };
		78B1C36F1B64C6FA009CB13F /* music_click.mp3 in Resources */ = {isa = PBXBuildFile; fileRef = 78B1C36C1B64C6FA009CB13F /* music_click.mp3 */; };
		78B1C3701B64C6FA009CB13F /* music_error.mp3 in Resources */ = {isa = PBXBuildFile; fileRef = 78B1C36D1B64C6FA009CB13F /* music_error.mp3 */; };
		78C4E0271B2575D00047B834 /* SpriteView2.m in Sources */ = {isa = PBXBuildFile; fileRef = 78C4E0261B2575D00047B834 /* SpriteView2.m */; };
		78CC36301AF673AA00033213 /* GameKeyValue.m in Sources */ = {isa = PBXBuildFile; fileRef = 78CC362F1AF673AA00033213 /* GameKeyValue.m */; };
		78CC36691AF7C16100033213 /* LevelAndUserInfo.m in Sources */ = {isa = PBXBuildFile; fileRef = 78CC36681AF7C16100033213 /* LevelAndUserInfo.m */; };
		78D335AE2390FF9B0021DE13 /* libsqlite3.tbd in Frameworks */ = {isa = PBXBuildFile; fileRef = 78D335AD2390FF9B0021DE13 /* libsqlite3.tbd */; };
		78D335B22390FFBB0021DE13 /* libz.tbd in Frameworks */ = {isa = PBXBuildFile; fileRef = 78D335B12390FFBB0021DE13 /* libz.tbd */; };
		78D335B42390FFCF0021DE13 /* libicucore.tbd in Frameworks */ = {isa = PBXBuildFile; fileRef = 78D335B32390FFCF0021DE13 /* libicucore.tbd */; };
		78D335E72392931F0021DE13 /* Main.storyboard in Resources */ = {isa = PBXBuildFile; fileRef = 78D335E62392931F0021DE13 /* Main.storyboard */; };
		78D335E92392933E0021DE13 /* Launch Screen.storyboard in Resources */ = {isa = PBXBuildFile; fileRef = 78D335E82392933E0021DE13 /* Launch Screen.storyboard */; };
		78E260931B1AEBA600EB9F3E /* GameDataGlobal.m in Sources */ = {isa = PBXBuildFile; fileRef = 78E260921B1AEBA600EB9F3E /* GameDataGlobal.m */; };
/* End PBXBuildFile section */

/* Begin PBXFileReference section */
		2EDE60D21B7377C5006610F3 /* UIViewProgress.h */ = {isa = PBXFileReference; fileEncoding = 4; lastKnownFileType = sourcecode.c.h; path = UIViewProgress.h; sourceTree = "<group>"; };
		2EDE60D31B7377C5006610F3 /* UIViewProgress.m */ = {isa = PBXFileReference; fileEncoding = 4; lastKnownFileType = sourcecode.c.objc; path = UIViewProgress.m; sourceTree = "<group>"; };
		78045D6B1AF1D52400B5A169 /* LevelDialogView.h */ = {isa = PBXFileReference; fileEncoding = 4; lastKnownFileType = sourcecode.c.h; path = LevelDialogView.h; sourceTree = "<group>"; };
		78045D6C1AF1D52400B5A169 /* LevelDialogView.m */ = {isa = PBXFileReference; fileEncoding = 4; lastKnownFileType = sourcecode.c.objc; path = LevelDialogView.m; sourceTree = "<group>"; };
		78045D6E1AF20F4000B5A169 /* CollectionViewCellLevel.h */ = {isa = PBXFileReference; fileEncoding = 4; lastKnownFileType = sourcecode.c.h; path = CollectionViewCellLevel.h; sourceTree = "<group>"; };
		78045D6F1AF20F4000B5A169 /* CollectionViewCellLevel.m */ = {isa = PBXFileReference; fileEncoding = 4; lastKnownFileType = sourcecode.c.objc; path = CollectionViewCellLevel.m; sourceTree = "<group>"; };
		78045D701AF20F4000B5A169 /* CollectionViewCellLevel.xib */ = {isa = PBXFileReference; fileEncoding = 4; lastKnownFileType = file.xib; path = CollectionViewCellLevel.xib; sourceTree = "<group>"; };
		780E17601AEE7D52007A4A88 /* SystemInfo.h */ = {isa = PBXFileReference; fileEncoding = 4; lastKnownFileType = sourcecode.c.h; path = SystemInfo.h; sourceTree = "<group>"; };
		780E17611AEE7D52007A4A88 /* SystemInfo.m */ = {isa = PBXFileReference; fileEncoding = 4; lastKnownFileType = sourcecode.c.objc; path = SystemInfo.m; sourceTree = "<group>"; };
		781D202A1B9B3D96007CB433 /* GameReachability.h */ = {isa = PBXFileReference; fileEncoding = 4; lastKnownFileType = sourcecode.c.h; path = GameReachability.h; sourceTree = "<group>"; };
		781D202B1B9B3D96007CB433 /* GameReachability.m */ = {isa = PBXFileReference; fileEncoding = 4; lastKnownFileType = sourcecode.c.objc; path = GameReachability.m; sourceTree = "<group>"; };
		781FA8191AED17C50048B337 /* SpriteUIView.h */ = {isa = PBXFileReference; fileEncoding = 4; lastKnownFileType = sourcecode.c.h; path = SpriteUIView.h; sourceTree = "<group>"; };
		781FA81A1AED17C50048B337 /* SpriteUIView.m */ = {isa = PBXFileReference; fileEncoding = 4; lastKnownFileType = sourcecode.c.objc; path = SpriteUIView.m; sourceTree = "<group>"; };
		782066831B710195009F9B6E /* DialogViewEnergy.h */ = {isa = PBXFileReference; fileEncoding = 4; lastKnownFileType = sourcecode.c.h; path = DialogViewEnergy.h; sourceTree = "<group>"; };
		782066841B710195009F9B6E /* DialogViewEnergy.m */ = {isa = PBXFileReference; fileEncoding = 4; lastKnownFileType = sourcecode.c.objc; path = DialogViewEnergy.m; sourceTree = "<group>"; };
		78298F7A1F58148700080111 /* AppDataStorage.h */ = {isa = PBXFileReference; fileEncoding = 4; lastKnownFileType = sourcecode.c.h; path = AppDataStorage.h; sourceTree = "<group>"; };
		78298F7B1F58148700080111 /* AppDataStorage.m */ = {isa = PBXFileReference; fileEncoding = 4; lastKnownFileType = sourcecode.c.objc; path = AppDataStorage.m; sourceTree = "<group>"; };
		78298F7D1F58155A00080111 /* AboutController.h */ = {isa = PBXFileReference; fileEncoding = 4; lastKnownFileType = sourcecode.c.h; path = AboutController.h; sourceTree = "<group>"; };
		78298F7E1F58155A00080111 /* AboutController.m */ = {isa = PBXFileReference; fileEncoding = 4; lastKnownFileType = sourcecode.c.objc; path = AboutController.m; sourceTree = "<group>"; };
		782B1F791AE35B450051D053 /* chaigangkuai.app */ = {isa = PBXFileReference; explicitFileType = wrapper.application; includeInIndex = 0; path = chaigangkuai.app; sourceTree = BUILT_PRODUCTS_DIR; };
		782B1F7D1AE35B450051D053 /* Info.plist */ = {isa = PBXFileReference; lastKnownFileType = text.plist.xml; path = Info.plist; sourceTree = "<group>"; };
		782B1F7E1AE35B450051D053 /* main.m */ = {isa = PBXFileReference; lastKnownFileType = sourcecode.c.objc; path = main.m; sourceTree = "<group>"; };
		782B1F801AE35B450051D053 /* AppDelegate.h */ = {isa = PBXFileReference; lastKnownFileType = sourcecode.c.h; path = AppDelegate.h; sourceTree = "<group>"; };
		782B1F811AE35B450051D053 /* AppDelegate.m */ = {isa = PBXFileReference; lastKnownFileType = sourcecode.c.objc; path = AppDelegate.m; sourceTree = "<group>"; };
		782B1F831AE35B450051D053 /* ViewController.h */ = {isa = PBXFileReference; lastKnownFileType = sourcecode.c.h; path = ViewController.h; sourceTree = "<group>"; };
		782B1F841AE35B450051D053 /* ViewController.m */ = {isa = PBXFileReference; lastKnownFileType = sourcecode.c.objc; path = ViewController.m; sourceTree = "<group>"; };
		782B1F891AE35B450051D053 /* Images.xcassets */ = {isa = PBXFileReference; lastKnownFileType = folder.assetcatalog; path = Images.xcassets; sourceTree = "<group>"; };
		782B1F971AE35B450051D053 /* Info.plist */ = {isa = PBXFileReference; lastKnownFileType = text.plist.xml; path = Info.plist; sourceTree = "<group>"; };
		782B1F981AE35B450051D053 /* CoreAnimationLearningTests.m */ = {isa = PBXFileReference; lastKnownFileType = sourcecode.c.objc; path = CoreAnimationLearningTests.m; sourceTree = "<group>"; };
		7835010D1B15C2CE00830DAE /* UIViewFinishPlayAlert.h */ = {isa = PBXFileReference; fileEncoding = 4; lastKnownFileType = sourcecode.c.h; path = UIViewFinishPlayAlert.h; sourceTree = "<group>"; };
		7835010E1B15C2CE00830DAE /* UIViewFinishPlayAlert.m */ = {isa = PBXFileReference; fileEncoding = 4; lastKnownFileType = sourcecode.c.objc; path = UIViewFinishPlayAlert.m; sourceTree = "<group>"; };
		783E47581B5A351C00CE6963 /* GameIntroductionView.h */ = {isa = PBXFileReference; fileEncoding = 4; lastKnownFileType = sourcecode.c.h; path = GameIntroductionView.h; sourceTree = "<group>"; };
		783E47591B5A351C00CE6963 /* GameIntroductionView.m */ = {isa = PBXFileReference; fileEncoding = 4; lastKnownFileType = sourcecode.c.objc; path = GameIntroductionView.m; sourceTree = "<group>"; };
		7844B7071AEA9A05006DE282 /* CollectionViewControllerPlay.h */ = {isa = PBXFileReference; fileEncoding = 4; lastKnownFileType = sourcecode.c.h; path = CollectionViewControllerPlay.h; sourceTree = "<group>"; };
		7844B7081AEA9A05006DE282 /* CollectionViewControllerPlay.m */ = {isa = PBXFileReference; fileEncoding = 4; lastKnownFileType = sourcecode.c.objc; path = CollectionViewControllerPlay.m; sourceTree = "<group>"; };
		7844B71D1AEB3119006DE282 /* GameAlgorithm.h */ = {isa = PBXFileReference; fileEncoding = 4; lastKnownFileType = sourcecode.c.h; path = GameAlgorithm.h; sourceTree = "<group>"; };
		7844B71E1AEB3119006DE282 /* GameAlgorithm.m */ = {isa = PBXFileReference; fileEncoding = 4; lastKnownFileType = sourcecode.c.objc; path = GameAlgorithm.m; sourceTree = "<group>"; };
		784E5DBB1B3CCC69006FB684 /* GooeyCircle.h */ = {isa = PBXFileReference; fileEncoding = 4; lastKnownFileType = sourcecode.c.h; name = GooeyCircle.h; path = animatePageControl/GooeyCircle.h; sourceTree = "<group>"; };
		784E5DBC1B3CCC69006FB684 /* GooeyCircle.m */ = {isa = PBXFileReference; fileEncoding = 4; lastKnownFileType = sourcecode.c.objc; name = GooeyCircle.m; path = animatePageControl/GooeyCircle.m; sourceTree = "<group>"; };
		784E5DBD1B3CCC69006FB684 /* Indicator.h */ = {isa = PBXFileReference; fileEncoding = 4; lastKnownFileType = sourcecode.c.h; name = Indicator.h; path = animatePageControl/Indicator.h; sourceTree = "<group>"; };
		784E5DBE1B3CCC69006FB684 /* Indicator.m */ = {isa = PBXFileReference; fileEncoding = 4; lastKnownFileType = sourcecode.c.objc; name = Indicator.m; path = animatePageControl/Indicator.m; sourceTree = "<group>"; };
		784E5DBF1B3CCC69006FB684 /* KYAnimatedPageControl.h */ = {isa = PBXFileReference; fileEncoding = 4; lastKnownFileType = sourcecode.c.h; name = KYAnimatedPageControl.h; path = animatePageControl/KYAnimatedPageControl.h; sourceTree = "<group>"; };
		784E5DC01B3CCC69006FB684 /* KYAnimatedPageControl.m */ = {isa = PBXFileReference; fileEncoding = 4; lastKnownFileType = sourcecode.c.objc; name = KYAnimatedPageControl.m; path = animatePageControl/KYAnimatedPageControl.m; sourceTree = "<group>"; };
		784E5DC11B3CCC69006FB684 /* KYSpringLayerAnimation.h */ = {isa = PBXFileReference; fileEncoding = 4; lastKnownFileType = sourcecode.c.h; name = KYSpringLayerAnimation.h; path = animatePageControl/KYSpringLayerAnimation.h; sourceTree = "<group>"; };
		784E5DC21B3CCC69006FB684 /* KYSpringLayerAnimation.m */ = {isa = PBXFileReference; fileEncoding = 4; lastKnownFileType = sourcecode.c.objc; name = KYSpringLayerAnimation.m; path = animatePageControl/KYSpringLayerAnimation.m; sourceTree = "<group>"; };
		784E5DC31B3CCC69006FB684 /* Line.h */ = {isa = PBXFileReference; fileEncoding = 4; lastKnownFileType = sourcecode.c.h; name = Line.h; path = animatePageControl/Line.h; sourceTree = "<group>"; };
		784E5DC41B3CCC69006FB684 /* Line.m */ = {isa = PBXFileReference; fileEncoding = 4; lastKnownFileType = sourcecode.c.objc; name = Line.m; path = animatePageControl/Line.m; sourceTree = "<group>"; };
		784E5DC51B3CCC69006FB684 /* RotateRect.h */ = {isa = PBXFileReference; fileEncoding = 4; lastKnownFileType = sourcecode.c.h; name = RotateRect.h; path = animatePageControl/RotateRect.h; sourceTree = "<group>"; };
		784E5DC61B3CCC69006FB684 /* RotateRect.m */ = {isa = PBXFileReference; fileEncoding = 4; lastKnownFileType = sourcecode.c.objc; name = RotateRect.m; path = animatePageControl/RotateRect.m; sourceTree = "<group>"; };
		785A5A6D1B89A1A000BBBB0E /* GameKeychain.h */ = {isa = PBXFileReference; fileEncoding = 4; lastKnownFileType = sourcecode.c.h; path = GameKeychain.h; sourceTree = "<group>"; };
		785A5A6E1B89A1A000BBBB0E /* GameKeychain.m */ = {isa = PBXFileReference; fileEncoding = 4; lastKnownFileType = sourcecode.c.objc; path = GameKeychain.m; sourceTree = "<group>"; };
		7860DFC11B383BDE0024D2B5 /* CustomButton.h */ = {isa = PBXFileReference; fileEncoding = 4; lastKnownFileType = sourcecode.c.h; path = CustomButton.h; sourceTree = "<group>"; };
		7860DFC21B383BDE0024D2B5 /* CustomButton.m */ = {isa = PBXFileReference; fileEncoding = 4; lastKnownFileType = sourcecode.c.objc; path = CustomButton.m; sourceTree = "<group>"; };
		7860DFC31B383BDE0024D2B5 /* EmitterView.h */ = {isa = PBXFileReference; fileEncoding = 4; lastKnownFileType = sourcecode.c.h; path = EmitterView.h; sourceTree = "<group>"; };
		7860DFC41B383BDE0024D2B5 /* EmitterView.m */ = {isa = PBXFileReference; fileEncoding = 4; lastKnownFileType = sourcecode.c.objc; path = EmitterView.m; sourceTree = "<group>"; };
		7882DD861B2D7FFB0049A296 /* ActivityIndicator.h */ = {isa = PBXFileReference; fileEncoding = 4; lastKnownFileType = sourcecode.c.h; path = ActivityIndicator.h; sourceTree = "<group>"; };
		7882DD871B2D7FFB0049A296 /* ActivityIndicator.m */ = {isa = PBXFileReference; fileEncoding = 4; lastKnownFileType = sourcecode.c.objc; path = ActivityIndicator.m; sourceTree = "<group>"; };
		7882DD881B2D7FFB0049A296 /* DialogView.h */ = {isa = PBXFileReference; fileEncoding = 4; lastKnownFileType = sourcecode.c.h; path = DialogView.h; sourceTree = "<group>"; };
		7882DD891B2D7FFB0049A296 /* DialogView.m */ = {isa = PBXFileReference; fileEncoding = 4; lastKnownFileType = sourcecode.c.objc; path = DialogView.m; sourceTree = "<group>"; };
		788437211B6DA92300967239 /* music_timeup.mp3 */ = {isa = PBXFileReference; lastKnownFileType = audio.mp3; path = music_timeup.mp3; sourceTree = "<group>"; };
		788437231B6DB6DD00967239 /* music_level.mp3 */ = {isa = PBXFileReference; lastKnownFileType = audio.mp3; path = music_level.mp3; sourceTree = "<group>"; };
		78A02A891B6CC84400852F29 /* music_firework_explot.mp3 */ = {isa = PBXFileReference; lastKnownFileType = audio.mp3; path = music_firework_explot.mp3; sourceTree = "<group>"; };
		78A02A8A1B6CC84400852F29 /* music_firework_shot.mp3 */ = {isa = PBXFileReference; lastKnownFileType = audio.mp3; path = music_firework_shot.mp3; sourceTree = "<group>"; };
		78A02A8B1B6CC84400852F29 /* music_num_add.mp3 */ = {isa = PBXFileReference; lastKnownFileType = audio.mp3; path = music_num_add.mp3; sourceTree = "<group>"; };
		78A02A8C1B6CC84400852F29 /* music_screen_switch.mp3 */ = {isa = PBXFileReference; lastKnownFileType = audio.mp3; path = music_screen_switch.mp3; sourceTree = "<group>"; };
		78A02A8D1B6CC84400852F29 /* music_star_1.mp3 */ = {isa = PBXFileReference; lastKnownFileType = audio.mp3; path = music_star_1.mp3; sourceTree = "<group>"; };
		78A02A8E1B6CC84400852F29 /* music_star_2.mp3 */ = {isa = PBXFileReference; lastKnownFileType = audio.mp3; path = music_star_2.mp3; sourceTree = "<group>"; };
		78A02A8F1B6CC84400852F29 /* music_star_3.mp3 */ = {isa = PBXFileReference; lastKnownFileType = audio.mp3; path = music_star_3.mp3; sourceTree = "<group>"; };
		78A02A901B6CC84400852F29 /* music_time_up.mp3 */ = {isa = PBXFileReference; lastKnownFileType = audio.mp3; path = music_time_up.mp3; sourceTree = "<group>"; };
		78A6CC521B6D1C7A004478FA /* music_finish_cheer.mp3 */ = {isa = PBXFileReference; lastKnownFileType = audio.mp3; path = music_finish_cheer.mp3; sourceTree = "<group>"; };
		78B1C3631B64A418009CB13F /* music_2.mp3 */ = {isa = PBXFileReference; lastKnownFileType = audio.mp3; path = music_2.mp3; sourceTree = "<group>"; };
		78B1C3641B64A418009CB13F /* music_3.mp3 */ = {isa = PBXFileReference; lastKnownFileType = audio.mp3; path = music_3.mp3; sourceTree = "<group>"; };
		78B1C3661B64A418009CB13F /* music_main.mp3 */ = {isa = PBXFileReference; lastKnownFileType = audio.mp3; path = music_main.mp3; sourceTree = "<group>"; };
		78B1C36B1B64C6FA009CB13F /* music_1.mp3 */ = {isa = PBXFileReference; lastKnownFileType = audio.mp3; path = music_1.mp3; sourceTree = "<group>"; };
		78B1C36C1B64C6FA009CB13F /* music_click.mp3 */ = {isa = PBXFileReference; lastKnownFileType = audio.mp3; path = music_click.mp3; sourceTree = "<group>"; };
		78B1C36D1B64C6FA009CB13F /* music_error.mp3 */ = {isa = PBXFileReference; lastKnownFileType = audio.mp3; path = music_error.mp3; sourceTree = "<group>"; };
		78C4E0251B2575D00047B834 /* SpriteView2.h */ = {isa = PBXFileReference; fileEncoding = 4; lastKnownFileType = sourcecode.c.h; path = SpriteView2.h; sourceTree = "<group>"; };
		78C4E0261B2575D00047B834 /* SpriteView2.m */ = {isa = PBXFileReference; fileEncoding = 4; lastKnownFileType = sourcecode.c.objc; path = SpriteView2.m; sourceTree = "<group>"; };
		78CC362E1AF673AA00033213 /* GameKeyValue.h */ = {isa = PBXFileReference; fileEncoding = 4; lastKnownFileType = sourcecode.c.h; path = GameKeyValue.h; sourceTree = "<group>"; };
		78CC362F1AF673AA00033213 /* GameKeyValue.m */ = {isa = PBXFileReference; fileEncoding = 4; lastKnownFileType = sourcecode.c.objc; path = GameKeyValue.m; sourceTree = "<group>"; };
		78CC36671AF7C16100033213 /* LevelAndUserInfo.h */ = {isa = PBXFileReference; fileEncoding = 4; lastKnownFileType = sourcecode.c.h; path = LevelAndUserInfo.h; sourceTree = "<group>"; };
		78CC36681AF7C16100033213 /* LevelAndUserInfo.m */ = {isa = PBXFileReference; fileEncoding = 4; lastKnownFileType = sourcecode.c.objc; path = LevelAndUserInfo.m; sourceTree = "<group>"; };
		78D335AD2390FF9B0021DE13 /* libsqlite3.tbd */ = {isa = PBXFileReference; lastKnownFileType = "sourcecode.text-based-dylib-definition"; name = libsqlite3.tbd; path = usr/lib/libsqlite3.tbd; sourceTree = SDKROOT; };
		78D335AF2390FFAD0021DE13 /* libbz2.tbd */ = {isa = PBXFileReference; lastKnownFileType = "sourcecode.text-based-dylib-definition"; name = libbz2.tbd; path = usr/lib/libbz2.tbd; sourceTree = SDKROOT; };
		78D335B12390FFBB0021DE13 /* libz.tbd */ = {isa = PBXFileReference; lastKnownFileType = "sourcecode.text-based-dylib-definition"; name = libz.tbd; path = usr/lib/libz.tbd; sourceTree = SDKROOT; };
		78D335B32390FFCF0021DE13 /* libicucore.tbd */ = {isa = PBXFileReference; lastKnownFileType = "sourcecode.text-based-dylib-definition"; name = libicucore.tbd; path = usr/lib/libicucore.tbd; sourceTree = SDKROOT; };
		78D335E62392931F0021DE13 /* Main.storyboard */ = {isa = PBXFileReference; lastKnownFileType = file.storyboard; path = Main.storyboard; sourceTree = "<group>"; };
		78D335E82392933E0021DE13 /* Launch Screen.storyboard */ = {isa = PBXFileReference; lastKnownFileType = file.storyboard; path = "Launch Screen.storyboard"; sourceTree = "<group>"; };
		78E260901B1ACB5D00EB9F3E /* macro.h */ = {isa = PBXFileReference; fileEncoding = 4; lastKnownFileType = sourcecode.c.h; path = macro.h; sourceTree = "<group>"; };
		78E260911B1AEBA600EB9F3E /* GameDataGlobal.h */ = {isa = PBXFileReference; fileEncoding = 4; lastKnownFileType = sourcecode.c.h; path = GameDataGlobal.h; sourceTree = "<group>"; };
		78E260921B1AEBA600EB9F3E /* GameDataGlobal.m */ = {isa = PBXFileReference; fileEncoding = 4; lastKnownFileType = sourcecode.c.objc; path = GameDataGlobal.m; sourceTree = "<group>"; };
/* End PBXFileReference section */

/* Begin PBXFrameworksBuildPhase section */
		782B1F761AE35B450051D053 /* Frameworks */ = {
			isa = PBXFrameworksBuildPhase;
			buildActionMask = 2147483647;
			files = (
				78D335B42390FFCF0021DE13 /* libicucore.tbd in Frameworks */,
				78D335B22390FFBB0021DE13 /* libz.tbd in Frameworks */,
				78D335AE2390FF9B0021DE13 /* libsqlite3.tbd in Frameworks */,
			);
			runOnlyForDeploymentPostprocessing = 0;
		};
/* End PBXFrameworksBuildPhase section */

/* Begin PBXGroup section */
		78045D731AF212B700B5A169 /* levelscene */ = {
			isa = PBXGroup;
			children = (
				78E2608C1B1A943A00EB9F3E /* view */,
				78CC36661AF7C0C500033213 /* model */,
			);
			name = levelscene;
			sourceTree = "<group>";
		};
		780E17631AEE7D64007A4A88 /* systemInfoAndStorage */ = {
			isa = PBXGroup;
			children = (
				781D202A1B9B3D96007CB433 /* GameReachability.h */,
				781D202B1B9B3D96007CB433 /* GameReachability.m */,
				785A5A6D1B89A1A000BBBB0E /* GameKeychain.h */,
				785A5A6E1B89A1A000BBBB0E /* GameKeychain.m */,
				78E260901B1ACB5D00EB9F3E /* macro.h */,
				78CC362E1AF673AA00033213 /* GameKeyValue.h */,
				78CC362F1AF673AA00033213 /* GameKeyValue.m */,
				780E17601AEE7D52007A4A88 /* SystemInfo.h */,
				780E17611AEE7D52007A4A88 /* SystemInfo.m */,
			);
			name = systemInfoAndStorage;
			sourceTree = "<group>";
		};
		781FA81C1AED21510048B337 /* playing */ = {
			isa = PBXGroup;
			children = (
				7875FEE81B7D60E3009EE11A /* controller */,
				7835010C1B15C27500830DAE /* view */,
				7844B7201AEB313C006DE282 /* model */,
			);
			name = playing;
			sourceTree = "<group>";
		};
		78298F791F58148700080111 /* config */ = {
			isa = PBXGroup;
			children = (
				78298F7D1F58155A00080111 /* AboutController.h */,
				78298F7E1F58155A00080111 /* AboutController.m */,
				78298F7A1F58148700080111 /* AppDataStorage.h */,
				78298F7B1F58148700080111 /* AppDataStorage.m */,
			);
			path = config;
			sourceTree = "<group>";
		};
		782B1F701AE35B450051D053 = {
			isa = PBXGroup;
			children = (
				782B1F7B1AE35B450051D053 /* CoreAnimationLearning */,
				782B1F951AE35B450051D053 /* CoreAnimationLearningTests */,
				782B1F7A1AE35B450051D053 /* Products */,
				78D335AC2390FF9B0021DE13 /* Frameworks */,
			);
			sourceTree = "<group>";
		};
		782B1F7A1AE35B450051D053 /* Products */ = {
			isa = PBXGroup;
			children = (
				782B1F791AE35B450051D053 /* chaigangkuai.app */,
			);
			name = Products;
			sourceTree = "<group>";
		};
		782B1F7B1AE35B450051D053 /* CoreAnimationLearning */ = {
			isa = PBXGroup;
			children = (
				780E17631AEE7D64007A4A88 /* systemInfoAndStorage */,
				7885FF7C1B6E581100BF3AE7 /* globalClass */,
				7844B7211AEB3154006DE282 /* MainManu */,
				781FA81C1AED21510048B337 /* playing */,
				78298F791F58148700080111 /* config */,
				782B1F801AE35B450051D053 /* AppDelegate.h */,
				782B1F811AE35B450051D053 /* AppDelegate.m */,
				78D335E62392931F0021DE13 /* Main.storyboard */,
				78D335E82392933E0021DE13 /* Launch Screen.storyboard */,
				782B1F891AE35B450051D053 /* Images.xcassets */,
				7844B70E1AEB233F006DE282 /* image */,
				782B1F7C1AE35B450051D053 /* Supporting Files */,
			);
			path = CoreAnimationLearning;
			sourceTree = "<group>";
		};
		782B1F7C1AE35B450051D053 /* Supporting Files */ = {
			isa = PBXGroup;
			children = (
				782B1F7D1AE35B450051D053 /* Info.plist */,
				782B1F7E1AE35B450051D053 /* main.m */,
			);
			name = "Supporting Files";
			sourceTree = "<group>";
		};
		782B1F951AE35B450051D053 /* CoreAnimationLearningTests */ = {
			isa = PBXGroup;
			children = (
				782B1F981AE35B450051D053 /* CoreAnimationLearningTests.m */,
				782B1F961AE35B450051D053 /* Supporting Files */,
			);
			path = CoreAnimationLearningTests;
			sourceTree = "<group>";
		};
		782B1F961AE35B450051D053 /* Supporting Files */ = {
			isa = PBXGroup;
			children = (
				782B1F971AE35B450051D053 /* Info.plist */,
			);
			name = "Supporting Files";
			sourceTree = "<group>";
		};
		7835010C1B15C27500830DAE /* view */ = {
			isa = PBXGroup;
			children = (
				2EDE60D21B7377C5006610F3 /* UIViewProgress.h */,
				2EDE60D31B7377C5006610F3 /* UIViewProgress.m */,
				7860DFC11B383BDE0024D2B5 /* CustomButton.h */,
				7860DFC21B383BDE0024D2B5 /* CustomButton.m */,
				7860DFC31B383BDE0024D2B5 /* EmitterView.h */,
				7860DFC41B383BDE0024D2B5 /* EmitterView.m */,
				781FA8191AED17C50048B337 /* SpriteUIView.h */,
				781FA81A1AED17C50048B337 /* SpriteUIView.m */,
				7835010D1B15C2CE00830DAE /* UIViewFinishPlayAlert.h */,
				7835010E1B15C2CE00830DAE /* UIViewFinishPlayAlert.m */,
				78C4E0251B2575D00047B834 /* SpriteView2.h */,
				78C4E0261B2575D00047B834 /* SpriteView2.m */,
			);
			name = view;
			sourceTree = "<group>";
		};
		7844B70E1AEB233F006DE282 /* image */ = {
			isa = PBXGroup;
			children = (
				788437231B6DB6DD00967239 /* music_level.mp3 */,
				788437211B6DA92300967239 /* music_timeup.mp3 */,
				78A6CC521B6D1C7A004478FA /* music_finish_cheer.mp3 */,
				78A02A891B6CC84400852F29 /* music_firework_explot.mp3 */,
				78A02A8A1B6CC84400852F29 /* music_firework_shot.mp3 */,
				78A02A8B1B6CC84400852F29 /* music_num_add.mp3 */,
				78A02A8C1B6CC84400852F29 /* music_screen_switch.mp3 */,
				78A02A8D1B6CC84400852F29 /* music_star_1.mp3 */,
				78A02A8E1B6CC84400852F29 /* music_star_2.mp3 */,
				78A02A8F1B6CC84400852F29 /* music_star_3.mp3 */,
				78A02A901B6CC84400852F29 /* music_time_up.mp3 */,
				78B1C36B1B64C6FA009CB13F /* music_1.mp3 */,
				78B1C36C1B64C6FA009CB13F /* music_click.mp3 */,
				78B1C36D1B64C6FA009CB13F /* music_error.mp3 */,
				78B1C3631B64A418009CB13F /* music_2.mp3 */,
				78B1C3641B64A418009CB13F /* music_3.mp3 */,
				78B1C3661B64A418009CB13F /* music_main.mp3 */,
			);
			name = image;
			sourceTree = "<group>";
		};
		7844B7201AEB313C006DE282 /* model */ = {
			isa = PBXGroup;
			children = (
				7844B71D1AEB3119006DE282 /* GameAlgorithm.h */,
				7844B71E1AEB3119006DE282 /* GameAlgorithm.m */,
			);
			name = model;
			sourceTree = "<group>";
		};
		7844B7211AEB3154006DE282 /* MainManu */ = {
			isa = PBXGroup;
			children = (
				78E582511B15AB47000BD23C /* mainscene */,
				78045D731AF212B700B5A169 /* levelscene */,
			);
			name = MainManu;
			sourceTree = "<group>";
		};
		784E5DBA1B3CCC4D006FB684 /* KYAnimationPageControl */ = {
			isa = PBXGroup;
			children = (
				784E5DBB1B3CCC69006FB684 /* GooeyCircle.h */,
				784E5DBC1B3CCC69006FB684 /* GooeyCircle.m */,
				784E5DBD1B3CCC69006FB684 /* Indicator.h */,
				784E5DBE1B3CCC69006FB684 /* Indicator.m */,
				784E5DBF1B3CCC69006FB684 /* KYAnimatedPageControl.h */,
				784E5DC01B3CCC69006FB684 /* KYAnimatedPageControl.m */,
				784E5DC11B3CCC69006FB684 /* KYSpringLayerAnimation.h */,
				784E5DC21B3CCC69006FB684 /* KYSpringLayerAnimation.m */,
				784E5DC31B3CCC69006FB684 /* Line.h */,
				784E5DC41B3CCC69006FB684 /* Line.m */,
				784E5DC51B3CCC69006FB684 /* RotateRect.h */,
				784E5DC61B3CCC69006FB684 /* RotateRect.m */,
			);
			name = KYAnimationPageControl;
			sourceTree = "<group>";
		};
		7875FEE81B7D60E3009EE11A /* controller */ = {
			isa = PBXGroup;
			children = (
				7844B7071AEA9A05006DE282 /* CollectionViewControllerPlay.h */,
				7844B7081AEA9A05006DE282 /* CollectionViewControllerPlay.m */,
			);
			name = controller;
			sourceTree = "<group>";
		};
		7875FEE91B7D60FF009EE11A /* controller */ = {
			isa = PBXGroup;
			children = (
				782B1F831AE35B450051D053 /* ViewController.h */,
				782B1F841AE35B450051D053 /* ViewController.m */,
			);
			name = controller;
			sourceTree = "<group>";
		};
		7882DD8C1B2D80AE0049A296 /* view */ = {
			isa = PBXGroup;
			children = (
				7882DD861B2D7FFB0049A296 /* ActivityIndicator.h */,
				7882DD871B2D7FFB0049A296 /* ActivityIndicator.m */,
				7882DD881B2D7FFB0049A296 /* DialogView.h */,
				7882DD891B2D7FFB0049A296 /* DialogView.m */,
				783E47581B5A351C00CE6963 /* GameIntroductionView.h */,
				783E47591B5A351C00CE6963 /* GameIntroductionView.m */,
				782066831B710195009F9B6E /* DialogViewEnergy.h */,
				782066841B710195009F9B6E /* DialogViewEnergy.m */,
			);
			name = view;
			sourceTree = "<group>";
		};
		7885FF7C1B6E581100BF3AE7 /* globalClass */ = {
			isa = PBXGroup;
			children = (
				78E260911B1AEBA600EB9F3E /* GameDataGlobal.h */,
				78E260921B1AEBA600EB9F3E /* GameDataGlobal.m */,
			);
			name = globalClass;
			sourceTree = "<group>";
		};
		78CC36661AF7C0C500033213 /* model */ = {
			isa = PBXGroup;
			children = (
				78CC36671AF7C16100033213 /* LevelAndUserInfo.h */,
				78CC36681AF7C16100033213 /* LevelAndUserInfo.m */,
			);
			name = model;
			sourceTree = "<group>";
		};
		78D335AC2390FF9B0021DE13 /* Frameworks */ = {
			isa = PBXGroup;
			children = (
				78D335B32390FFCF0021DE13 /* libicucore.tbd */,
				78D335B12390FFBB0021DE13 /* libz.tbd */,
				78D335AF2390FFAD0021DE13 /* libbz2.tbd */,
				78D335AD2390FF9B0021DE13 /* libsqlite3.tbd */,
			);
			name = Frameworks;
			sourceTree = "<group>";
		};
		78E2608C1B1A943A00EB9F3E /* view */ = {
			isa = PBXGroup;
			children = (
				784E5DBA1B3CCC4D006FB684 /* KYAnimationPageControl */,
				78045D6B1AF1D52400B5A169 /* LevelDialogView.h */,
				78045D6C1AF1D52400B5A169 /* LevelDialogView.m */,
				78045D6E1AF20F4000B5A169 /* CollectionViewCellLevel.h */,
				78045D6F1AF20F4000B5A169 /* CollectionViewCellLevel.m */,
				78045D701AF20F4000B5A169 /* CollectionViewCellLevel.xib */,
			);
			name = view;
			sourceTree = "<group>";
		};
		78E2608D1B1A946500EB9F3E /* model */ = {
			isa = PBXGroup;
			children = (
			);
			name = model;
			sourceTree = "<group>";
		};
		78E582511B15AB47000BD23C /* mainscene */ = {
			isa = PBXGroup;
			children = (
				7875FEE91B7D60FF009EE11A /* controller */,
				7882DD8C1B2D80AE0049A296 /* view */,
				78E2608D1B1A946500EB9F3E /* model */,
			);
			name = mainscene;
			sourceTree = "<group>";
		};
/* End PBXGroup section */

/* Begin PBXNativeTarget section */
		782B1F781AE35B450051D053 /* chaigangkuai */ = {
			isa = PBXNativeTarget;
			buildConfigurationList = 782B1F9C1AE35B450051D053 /* Build configuration list for PBXNativeTarget "chaigangkuai" */;
			buildPhases = (
				782B1F751AE35B450051D053 /* Sources */,
				782B1F761AE35B450051D053 /* Frameworks */,
				782B1F771AE35B450051D053 /* Resources */,
			);
			buildRules = (
			);
			dependencies = (
			);
			name = chaigangkuai;
			productName = CoreAnimationLearning;
			productReference = 782B1F791AE35B450051D053 /* chaigangkuai.app */;
			productType = "com.apple.product-type.application";
		};
/* End PBXNativeTarget section */

/* Begin PBXProject section */
		782B1F711AE35B450051D053 /* Project object */ = {
			isa = PBXProject;
			attributes = {
				LastUpgradeCheck = 0630;
				ORGANIZATIONNAME = JFChen;
				TargetAttributes = {
					782B1F781AE35B450051D053 = {
						CreatedOnToolsVersion = 6.3;
					};
				};
			};
			buildConfigurationList = 782B1F741AE35B450051D053 /* Build configuration list for PBXProject "chaigangkuai" */;
			compatibilityVersion = "Xcode 9.3";
			developmentRegion = English;
			hasScannedForEncodings = 0;
			knownRegions = (
				English,
				en,
				Base,
			);
			mainGroup = 782B1F701AE35B450051D053;
			productRefGroup = 782B1F7A1AE35B450051D053 /* Products */;
			projectDirPath = "";
			projectRoot = "";
			targets = (
				782B1F781AE35B450051D053 /* chaigangkuai */,
			);
		};
/* End PBXProject section */

/* Begin PBXResourcesBuildPhase section */
		782B1F771AE35B450051D053 /* Resources */ = {
			isa = PBXResourcesBuildPhase;
			buildActionMask = 2147483647;
			files = (
				78D335E72392931F0021DE13 /* Main.storyboard in Resources */,
				78A02A961B6CC84400852F29 /* music_star_2.mp3 in Resources */,
				788437241B6DB6DD00967239 /* music_level.mp3 in Resources */,
				788437221B6DA92300967239 /* music_timeup.mp3 in Resources */,
				78B1C3681B64A418009CB13F /* music_3.mp3 in Resources */,
				78045D721AF20F4000B5A169 /* CollectionViewCellLevel.xib in Resources */,
				78D335E92392933E0021DE13 /* Launch Screen.storyboard in Resources */,
				78B1C3671B64A418009CB13F /* music_2.mp3 in Resources */,
				78A02A921B6CC84400852F29 /* music_firework_shot.mp3 in Resources */,
				78A02A941B6CC84400852F29 /* music_screen_switch.mp3 in Resources */,
				78B1C36F1B64C6FA009CB13F /* music_click.mp3 in Resources */,
				78A02A971B6CC84400852F29 /* music_star_3.mp3 in Resources */,
				78A02A931B6CC84400852F29 /* music_num_add.mp3 in Resources */,
				78B1C36A1B64A418009CB13F /* music_main.mp3 in Resources */,
				78A02A911B6CC84400852F29 /* music_firework_explot.mp3 in Resources */,
				78A02A951B6CC84400852F29 /* music_star_1.mp3 in Resources */,
				78A02A981B6CC84400852F29 /* music_time_up.mp3 in Resources */,
				78A6CC531B6D1C7A004478FA /* music_finish_cheer.mp3 in Resources */,
				78B1C36E1B64C6FA009CB13F /* music_1.mp3 in Resources */,
				78B1C3701B64C6FA009CB13F /* music_error.mp3 in Resources */,
				782B1F8A1AE35B450051D053 /* Images.xcassets in Resources */,
			);
			runOnlyForDeploymentPostprocessing = 0;
		};
/* End PBXResourcesBuildPhase section */

/* Begin PBXSourcesBuildPhase section */
		782B1F751AE35B450051D053 /* Sources */ = {
			isa = PBXSourcesBuildPhase;
			buildActionMask = 2147483647;
			files = (
				784E5DCA1B3CCC69006FB684 /* KYSpringLayerAnimation.m in Sources */,
				780E17621AEE7D52007A4A88 /* SystemInfo.m in Sources */,
				784E5DC71B3CCC69006FB684 /* GooeyCircle.m in Sources */,
				784E5DCC1B3CCC69006FB684 /* RotateRect.m in Sources */,
				7882DD8B1B2D7FFB0049A296 /* DialogView.m in Sources */,
				7860DFC51B383BDE0024D2B5 /* CustomButton.m in Sources */,
				782B1F851AE35B450051D053 /* ViewController.m in Sources */,
				2EDE60D41B7377C5006610F3 /* UIViewProgress.m in Sources */,
				78CC36301AF673AA00033213 /* GameKeyValue.m in Sources */,
				78298F7C1F58148700080111 /* AppDataStorage.m in Sources */,
				783E475A1B5A351C00CE6963 /* GameIntroductionView.m in Sources */,
				784E5DCB1B3CCC69006FB684 /* Line.m in Sources */,
				78C4E0271B2575D00047B834 /* SpriteView2.m in Sources */,
				785A5A6F1B89A1A000BBBB0E /* GameKeychain.m in Sources */,
				78CC36691AF7C16100033213 /* LevelAndUserInfo.m in Sources */,
				784E5DC81B3CCC69006FB684 /* Indicator.m in Sources */,
				78298F7F1F58155A00080111 /* AboutController.m in Sources */,
				781D202C1B9B3D96007CB433 /* GameReachability.m in Sources */,
				78045D6D1AF1D52400B5A169 /* LevelDialogView.m in Sources */,
				782B1F821AE35B450051D053 /* AppDelegate.m in Sources */,
				7844B7091AEA9A05006DE282 /* CollectionViewControllerPlay.m in Sources */,
				782B1F7F1AE35B450051D053 /* main.m in Sources */,
				7860DFC61B383BDE0024D2B5 /* EmitterView.m in Sources */,
				784E5DC91B3CCC69006FB684 /* KYAnimatedPageControl.m in Sources */,
				7844B71F1AEB3119006DE282 /* GameAlgorithm.m in Sources */,
				782066851B710195009F9B6E /* DialogViewEnergy.m in Sources */,
				7882DD8A1B2D7FFB0049A296 /* ActivityIndicator.m in Sources */,
				7835010F1B15C2CE00830DAE /* UIViewFinishPlayAlert.m in Sources */,
				781FA81B1AED17C50048B337 /* SpriteUIView.m in Sources */,
				78E260931B1AEBA600EB9F3E /* GameDataGlobal.m in Sources */,
				78045D711AF20F4000B5A169 /* CollectionViewCellLevel.m in Sources */,
			);
			runOnlyForDeploymentPostprocessing = 0;
		};
/* End PBXSourcesBuildPhase section */

/* Begin XCBuildConfiguration section */
		782B1F9A1AE35B450051D053 /* Debug */ = {
			isa = XCBuildConfiguration;
			buildSettings = {
				ALWAYS_SEARCH_USER_PATHS = NO;
				CLANG_CXX_LANGUAGE_STANDARD = "gnu++0x";
				CLANG_CXX_LIBRARY = "libc++";
				CLANG_ENABLE_MODULES = YES;
				CLANG_ENABLE_OBJC_ARC = YES;
				CLANG_WARN_BOOL_CONVERSION = YES;
				CLANG_WARN_CONSTANT_CONVERSION = YES;
				CLANG_WARN_DIRECT_OBJC_ISA_USAGE = YES_ERROR;
				CLANG_WARN_EMPTY_BODY = YES;
				CLANG_WARN_ENUM_CONVERSION = YES;
				CLANG_WARN_INT_CONVERSION = YES;
				CLANG_WARN_OBJC_ROOT_CLASS = YES_ERROR;
				CLANG_WARN_UNREACHABLE_CODE = YES;
				CLANG_WARN__DUPLICATE_METHOD_MATCH = YES;
				"CODE_SIGN_IDENTITY[sdk=iphoneos*]" = "iPhone Developer";
				COPY_PHASE_STRIP = NO;
				DEBUG_INFORMATION_FORMAT = "dwarf-with-dsym";
				ENABLE_BITCODE = NO;
				ENABLE_STRICT_OBJC_MSGSEND = YES;
				GCC_C_LANGUAGE_STANDARD = gnu99;
				GCC_DYNAMIC_NO_PIC = NO;
				GCC_NO_COMMON_BLOCKS = YES;
				GCC_OPTIMIZATION_LEVEL = 0;
				GCC_PREPROCESSOR_DEFINITIONS = (
					"DEBUG=1",
					"$(inherited)",
				);
				GCC_SYMBOLS_PRIVATE_EXTERN = NO;
				GCC_WARN_64_TO_32_BIT_CONVERSION = YES;
				GCC_WARN_ABOUT_RETURN_TYPE = YES_ERROR;
				GCC_WARN_UNDECLARED_SELECTOR = YES;
				GCC_WARN_UNINITIALIZED_AUTOS = YES_AGGRESSIVE;
				GCC_WARN_UNUSED_FUNCTION = YES;
				GCC_WARN_UNUSED_VARIABLE = YES;
				IPHONEOS_DEPLOYMENT_TARGET = 7.0;
				MTL_ENABLE_DEBUG_INFO = YES;
				ONLY_ACTIVE_ARCH = YES;
				SDKROOT = iphoneos;
				TARGETED_DEVICE_FAMILY = "1,2";
			};
			name = Debug;
		};
		782B1F9B1AE35B450051D053 /* Release */ = {
			isa = XCBuildConfiguration;
			buildSettings = {
				ALWAYS_SEARCH_USER_PATHS = NO;
				CLANG_CXX_LANGUAGE_STANDARD = "gnu++0x";
				CLANG_CXX_LIBRARY = "libc++";
				CLANG_ENABLE_MODULES = YES;
				CLANG_ENABLE_OBJC_ARC = YES;
				CLANG_WARN_BOOL_CONVERSION = YES;
				CLANG_WARN_CONSTANT_CONVERSION = YES;
				CLANG_WARN_DIRECT_OBJC_ISA_USAGE = YES_ERROR;
				CLANG_WARN_EMPTY_BODY = YES;
				CLANG_WARN_ENUM_CONVERSION = YES;
				CLANG_WARN_INT_CONVERSION = YES;
				CLANG_WARN_OBJC_ROOT_CLASS = YES_ERROR;
				CLANG_WARN_UNREACHABLE_CODE = YES;
				CLANG_WARN__DUPLICATE_METHOD_MATCH = YES;
				"CODE_SIGN_IDENTITY[sdk=iphoneos*]" = "iPhone Developer";
				COPY_PHASE_STRIP = NO;
				DEBUG_INFORMATION_FORMAT = "dwarf-with-dsym";
				ENABLE_BITCODE = NO;
				ENABLE_NS_ASSERTIONS = NO;
				ENABLE_STRICT_OBJC_MSGSEND = YES;
				GCC_C_LANGUAGE_STANDARD = gnu99;
				GCC_NO_COMMON_BLOCKS = YES;
				GCC_WARN_64_TO_32_BIT_CONVERSION = YES;
				GCC_WARN_ABOUT_RETURN_TYPE = YES_ERROR;
				GCC_WARN_UNDECLARED_SELECTOR = YES;
				GCC_WARN_UNINITIALIZED_AUTOS = YES_AGGRESSIVE;
				GCC_WARN_UNUSED_FUNCTION = YES;
				GCC_WARN_UNUSED_VARIABLE = YES;
				IPHONEOS_DEPLOYMENT_TARGET = 7.0;
				MTL_ENABLE_DEBUG_INFO = NO;
				SDKROOT = iphoneos;
				TARGETED_DEVICE_FAMILY = "1,2";
				VALIDATE_PRODUCT = YES;
			};
			name = Release;
		};
		782B1F9D1AE35B450051D053 /* Debug */ = {
			isa = XCBuildConfiguration;
			buildSettings = {
				ASSETCATALOG_COMPILER_APPICON_NAME = AppIcon;
				CODE_SIGN_IDENTITY = "iPhone Developer";
				"CODE_SIGN_IDENTITY[sdk=iphoneos*]" = "iPhone Developer";
				CURRENT_PROJECT_VERSION = 3.6;
				DEVELOPMENT_TEAM = RUDNP34A78;
				ENABLE_BITCODE = NO;
				FRAMEWORK_SEARCH_PATHS = (
					"$(inherited)",
					"$(PROJECT_DIR)/CoreAnimationLearning/thirdPart/googleMobileAD",
				);
				INFOPLIST_FILE = CoreAnimationLearning/Info.plist;
				IPHONEOS_DEPLOYMENT_TARGET = 9.0;
				LD_RUNPATH_SEARCH_PATHS = "$(inherited)";
				LIBRARY_SEARCH_PATHS = (
					"$(inherited)",
					"$(PROJECT_DIR)/CoreAnimationLearning/thirdPart/WeChatSDK_1.5",
					"$(PROJECT_DIR)/CoreAnimationLearning/thirdPart/DomobAdSDK",
					"$(PROJECT_DIR)/CoreAnimationLearning/thirdPart/UMAnalytics_Sdk_3.5.10",
					"$(PROJECT_DIR)/CoreAnimationLearning/thirdPart/xiaozhushou",
					"$(PROJECT_DIR)/CoreAnimationLearning/thirdPart/guangdiantong",
				);
				MARKETING_VERSION = 3.4;
				OTHER_LDFLAGS = (
					"-ObjC",
					"-lstdc++",
				);
				PRODUCT_BUNDLE_IDENTIFIER = com.zhuankuai.xiaoxiaole;
				PRODUCT_NAME = chaigangkuai;
				PROVISIONING_PROFILE = "";
				TARGETED_DEVICE_FAMILY = "1,2";
			};
			name = Debug;
		};
		782B1F9E1AE35B450051D053 /* Release */ = {
			isa = XCBuildConfiguration;
			buildSettings = {
				ASSETCATALOG_COMPILER_APPICON_NAME = AppIcon;
				CODE_SIGN_IDENTITY = "iPhone Developer";
				"CODE_SIGN_IDENTITY[sdk=iphoneos*]" = "iPhone Developer";
				CURRENT_PROJECT_VERSION = 3.6;
				DEVELOPMENT_TEAM = RUDNP34A78;
				ENABLE_BITCODE = NO;
				FRAMEWORK_SEARCH_PATHS = (
					"$(inherited)",
					"$(PROJECT_DIR)/CoreAnimationLearning/thirdPart/googleMobileAD",
				);
				INFOPLIST_FILE = CoreAnimationLearning/Info.plist;
				IPHONEOS_DEPLOYMENT_TARGET = 9.0;
				LD_RUNPATH_SEARCH_PATHS = "$(inherited)";
				LIBRARY_SEARCH_PATHS = (
					"$(inherited)",
					"$(PROJECT_DIR)/CoreAnimationLearning/thirdPart/WeChatSDK_1.5",
					"$(PROJECT_DIR)/CoreAnimationLearning/thirdPart/DomobAdSDK",
					"$(PROJECT_DIR)/CoreAnimationLearning/thirdPart/UMAnalytics_Sdk_3.5.10",
					"$(PROJECT_DIR)/CoreAnimationLearning/thirdPart/xiaozhushou",
					"$(PROJECT_DIR)/CoreAnimationLearning/thirdPart/guangdiantong",
				);
				MARKETING_VERSION = 3.4;
				OTHER_LDFLAGS = (
					"-ObjC",
					"-lstdc++",
				);
				PRODUCT_BUNDLE_IDENTIFIER = com.zhuankuai.xiaoxiaole;
				PRODUCT_NAME = chaigangkuai;
				PROVISIONING_PROFILE = "";
				TARGETED_DEVICE_FAMILY = "1,2";
			};
			name = Release;
		};
/* End XCBuildConfiguration section */

/* Begin XCConfigurationList section */
		782B1F741AE35B450051D053 /* Build configuration list for PBXProject "chaigangkuai" */ = {
			isa = XCConfigurationList;
			buildConfigurations = (
				782B1F9A1AE35B450051D053 /* Debug */,
				782B1F9B1AE35B450051D053 /* Release */,
			);
			defaultConfigurationIsVisible = 0;
			defaultConfigurationName = Release;
		};
		782B1F9C1AE35B450051D053 /* Build configuration list for PBXNativeTarget "chaigangkuai" */ = {
			isa = XCConfigurationList;
			buildConfigurations = (
				782B1F9D1AE35B450051D053 /* Debug */,
				782B1F9E1AE35B450051D053 /* Release */,
			);
			defaultConfigurationIsVisible = 0;
			defaultConfigurationName = Release;
		};
/* End XCConfigurationList section */
	};
	rootObject = 782B1F711AE35B450051D053 /* Project object */;
}
